// !$*UTF8*$!
{
	archiveVersion = 1;
	classes = {
	};
	objectVersion = 46;
	objects = {

/* Begin PBXAggregateTarget section */
		90594E0B16B421FB009159D0 /* ikeymagic-universal */ = {
			isa = PBXAggregateTarget;
			buildConfigurationList = 90594E0C16B421FB009159D0 /* Build configuration list for PBXAggregateTarget "ikeymagic-universal" */;
			buildPhases = (
				90594E0F16B42272009159D0 /* ShellScript */,
			);
			dependencies = (
				90594E1116B42276009159D0 /* PBXTargetDependency */,
			);
			name = "ikeymagic-universal";
			productName = "ikeymagic-universal";
		};
/* End PBXAggregateTarget section */

/* Begin PBXBuildFile section */
		90594CF916B4133B009159D0 /* Cocoa.framework in Frameworks */ = {isa = PBXBuildFile; fileRef = 90594CF816B4133B009159D0 /* Cocoa.framework */; };
		90594D2816B413BA009159D0 /* KeyMagicErrorLogger.cpp in Sources */ = {isa = PBXBuildFile; fileRef = B5D2600E13365ABE00BCEC22 /* KeyMagicErrorLogger.cpp */; };
		90594D2916B413BA009159D0 /* LogFileWriter.cpp in Sources */ = {isa = PBXBuildFile; fileRef = B5D2601013365ABE00BCEC22 /* LogFileWriter.cpp */; };
		90594D2A16B413BA009159D0 /* KeyMagicString.cpp in Sources */ = {isa = PBXBuildFile; fileRef = B5C1EB9112FC49AE0061BF73 /* KeyMagicString.cpp */; };
		90594D2B16B413BA009159D0 /* RuleInfo.cpp in Sources */ = {isa = PBXBuildFile; fileRef = B5C1EB9412FC49AE0061BF73 /* RuleInfo.cpp */; };
		90594D2C16B413BA009159D0 /* KeyMagicEngine.cpp in Sources */ = {isa = PBXBuildFile; fileRef = B5C1EB8512FC49A00061BF73 /* KeyMagicEngine.cpp */; };
		90594D2D16B413BA009159D0 /* KeyMagicKeyboard.cpp in Sources */ = {isa = PBXBuildFile; fileRef = B5C1EB8712FC49A00061BF73 /* KeyMagicKeyboard.cpp */; };
		90594D2E16B413BA009159D0 /* KeyMagicLogger.cpp in Sources */ = {isa = PBXBuildFile; fileRef = B5C1EB8912FC49A00061BF73 /* KeyMagicLogger.cpp */; };
		90594D2F16B413BA009159D0 /* KeyCodes.cpp in Sources */ = {isa = PBXBuildFile; fileRef = B5C1EB8112FC498C0061BF73 /* KeyCodes.cpp */; };
		90594D3016B413BA009159D0 /* Util.cpp in Sources */ = {isa = PBXBuildFile; fileRef = B5E05C17131FC68F0050B283 /* Util.cpp */; };
		90594D5716B41572009159D0 /* Foundation.framework in Frameworks */ = {isa = PBXBuildFile; fileRef = 90594D0C16B41358009159D0 /* Foundation.framework */; };
		90594D6216B4159E009159D0 /* KeyMagicErrorLogger.cpp in Sources */ = {isa = PBXBuildFile; fileRef = B5D2600E13365ABE00BCEC22 /* KeyMagicErrorLogger.cpp */; };
		90594D6316B4159E009159D0 /* LogFileWriter.cpp in Sources */ = {isa = PBXBuildFile; fileRef = B5D2601013365ABE00BCEC22 /* LogFileWriter.cpp */; };
		90594D6416B4159E009159D0 /* KeyMagicString.cpp in Sources */ = {isa = PBXBuildFile; fileRef = B5C1EB9112FC49AE0061BF73 /* KeyMagicString.cpp */; };
		90594D6516B4159E009159D0 /* RuleInfo.cpp in Sources */ = {isa = PBXBuildFile; fileRef = B5C1EB9412FC49AE0061BF73 /* RuleInfo.cpp */; };
		90594D6616B4159E009159D0 /* KeyMagicEngine.cpp in Sources */ = {isa = PBXBuildFile; fileRef = B5C1EB8512FC49A00061BF73 /* KeyMagicEngine.cpp */; };
		90594D6716B4159E009159D0 /* KeyMagicKeyboard.cpp in Sources */ = {isa = PBXBuildFile; fileRef = B5C1EB8712FC49A00061BF73 /* KeyMagicKeyboard.cpp */; };
		90594D6816B4159E009159D0 /* KeyMagicLogger.cpp in Sources */ = {isa = PBXBuildFile; fileRef = B5C1EB8912FC49A00061BF73 /* KeyMagicLogger.cpp */; };
		90594D6916B4159E009159D0 /* KeyCodes.cpp in Sources */ = {isa = PBXBuildFile; fileRef = B5C1EB8112FC498C0061BF73 /* KeyCodes.cpp */; };
		90594D6A16B4159E009159D0 /* Util.cpp in Sources */ = {isa = PBXBuildFile; fileRef = B5E05C17131FC68F0050B283 /* Util.cpp */; };
		90594D6C16B415EB009159D0 /* KeyMagicErrorLogger.h in CopyFiles */ = {isa = PBXBuildFile; fileRef = B5D2600F13365ABE00BCEC22 /* KeyMagicErrorLogger.h */; };
		90594D6D16B415EB009159D0 /* LogFileWriter.h in CopyFiles */ = {isa = PBXBuildFile; fileRef = B5D2601113365ABE00BCEC22 /* LogFileWriter.h */; };
		90594D6E16B415EB009159D0 /* KeyMagicString.h in CopyFiles */ = {isa = PBXBuildFile; fileRef = B5C1EB9212FC49AE0061BF73 /* KeyMagicString.h */; };
		90594D6F16B415EB009159D0 /* KeyMagicTypes.h in CopyFiles */ = {isa = PBXBuildFile; fileRef = B5C1EB9312FC49AE0061BF73 /* KeyMagicTypes.h */; };
		90594D7016B415EB009159D0 /* RuleInfo.h in CopyFiles */ = {isa = PBXBuildFile; fileRef = B5C1EB9512FC49AE0061BF73 /* RuleInfo.h */; };
		90594D7116B415EB009159D0 /* KeyMagicEngine.h in CopyFiles */ = {isa = PBXBuildFile; fileRef = B5C1EB8612FC49A00061BF73 /* KeyMagicEngine.h */; };
		90594D7216B415EB009159D0 /* KeyMagicKeyboard.h in CopyFiles */ = {isa = PBXBuildFile; fileRef = B5C1EB8812FC49A00061BF73 /* KeyMagicKeyboard.h */; };
		90594D7316B415EB009159D0 /* KeyMagicLogger.h in CopyFiles */ = {isa = PBXBuildFile; fileRef = B5C1EB8A12FC49A00061BF73 /* KeyMagicLogger.h */; };
		90594D7416B415EB009159D0 /* KeyCodes.h in CopyFiles */ = {isa = PBXBuildFile; fileRef = B5C1EB8212FC498C0061BF73 /* KeyCodes.h */; };
		90594D7516B415EB009159D0 /* Util.h in CopyFiles */ = {isa = PBXBuildFile; fileRef = B5E05C16131FC68F0050B283 /* Util.h */; };
		90594D7616B415EB009159D0 /* keymagic.h in CopyFiles */ = {isa = PBXBuildFile; fileRef = B5761A1F1320E07B0095AADC /* keymagic.h */; };
/* End PBXBuildFile section */

/* Begin PBXContainerItemProxy section */
		90594E1016B42276009159D0 /* PBXContainerItemProxy */ = {
			isa = PBXContainerItemProxy;
			containerPortal = 0867D690FE84028FC02AAC07 /* Project object */;
			proxyType = 1;
			remoteGlobalIDString = 90594D5516B41572009159D0;
			remoteInfo = ikeymagic;
		};
/* End PBXContainerItemProxy section */

/* Begin PBXCopyFilesBuildPhase section */
		90594D5416B41572009159D0 /* CopyFiles */ = {
			isa = PBXCopyFilesBuildPhase;
			buildActionMask = 2147483647;
			dstPath = include/keymagic;
			dstSubfolderSpec = 16;
			files = (
				90594D6C16B415EB009159D0 /* KeyMagicErrorLogger.h in CopyFiles */,
				90594D6D16B415EB009159D0 /* LogFileWriter.h in CopyFiles */,
				90594D6E16B415EB009159D0 /* KeyMagicString.h in CopyFiles */,
				90594D6F16B415EB009159D0 /* KeyMagicTypes.h in CopyFiles */,
				90594D7016B415EB009159D0 /* RuleInfo.h in CopyFiles */,
				90594D7116B415EB009159D0 /* KeyMagicEngine.h in CopyFiles */,
				90594D7216B415EB009159D0 /* KeyMagicKeyboard.h in CopyFiles */,
				90594D7316B415EB009159D0 /* KeyMagicLogger.h in CopyFiles */,
				90594D7416B415EB009159D0 /* KeyCodes.h in CopyFiles */,
				90594D7516B415EB009159D0 /* Util.h in CopyFiles */,
				90594D7616B415EB009159D0 /* keymagic.h in CopyFiles */,
			);
			runOnlyForDeploymentPostprocessing = 0;
		};
/* End PBXCopyFilesBuildPhase section */

/* Begin PBXFileReference section */
		90594CF716B4133B009159D0 /* libkeymagic.a */ = {isa = PBXFileReference; explicitFileType = archive.ar; includeInIndex = 0; path = libkeymagic.a; sourceTree = BUILT_PRODUCTS_DIR; };
		90594CF816B4133B009159D0 /* Cocoa.framework */ = {isa = PBXFileReference; lastKnownFileType = wrapper.framework; name = Cocoa.framework; path = System/Library/Frameworks/Cocoa.framework; sourceTree = SDKROOT; };
		90594CFB16B4133B009159D0 /* AppKit.framework */ = {isa = PBXFileReference; lastKnownFileType = wrapper.framework; name = AppKit.framework; path = System/Library/Frameworks/AppKit.framework; sourceTree = SDKROOT; };
		90594CFC16B4133B009159D0 /* CoreData.framework */ = {isa = PBXFileReference; lastKnownFileType = wrapper.framework; name = CoreData.framework; path = System/Library/Frameworks/CoreData.framework; sourceTree = SDKROOT; };
		90594CFD16B4133B009159D0 /* Foundation.framework */ = {isa = PBXFileReference; lastKnownFileType = wrapper.framework; name = Foundation.framework; path = System/Library/Frameworks/Foundation.framework; sourceTree = SDKROOT; };
		90594D0C16B41358009159D0 /* Foundation.framework */ = {isa = PBXFileReference; lastKnownFileType = wrapper.framework; name = Foundation.framework; path = System/Library/Frameworks/Foundation.framework; sourceTree = SDKROOT; };
		90594D5116B4152C009159D0 /* keymagic_Prefix.pch */ = {isa = PBXFileReference; lastKnownFileType = sourcecode.c.h; path = keymagic_Prefix.pch; sourceTree = "<group>"; };
		90594D5616B41572009159D0 /* libikeymagic.a */ = {isa = PBXFileReference; explicitFileType = archive.ar; includeInIndex = 0; path = libikeymagic.a; sourceTree = BUILT_PRODUCTS_DIR; };
		B507AC7413A66734008F7F78 /* main.cpp */ = {isa = PBXFileReference; fileEncoding = 4; lastKnownFileType = sourcecode.cpp.cpp; path = main.cpp; sourceTree = "<group>"; };
		B5408F4F141609FB00CD7734 /* SenTestingKit.framework */ = {isa = PBXFileReference; lastKnownFileType = wrapper.framework; name = SenTestingKit.framework; path = Library/Frameworks/SenTestingKit.framework; sourceTree = DEVELOPER_DIR; };
		B5761A1F1320E07B0095AADC /* keymagic.h */ = {isa = PBXFileReference; fileEncoding = 4; lastKnownFileType = sourcecode.c.h; path = keymagic.h; sourceTree = "<group>"; };
		B5C1EB8112FC498C0061BF73 /* KeyCodes.cpp */ = {isa = PBXFileReference; fileEncoding = 4; lastKnownFileType = sourcecode.cpp.cpp; path = KeyCodes.cpp; sourceTree = "<group>"; };
		B5C1EB8212FC498C0061BF73 /* KeyCodes.h */ = {isa = PBXFileReference; fileEncoding = 4; lastKnownFileType = sourcecode.c.h; path = KeyCodes.h; sourceTree = "<group>"; };
		B5C1EB8512FC49A00061BF73 /* KeyMagicEngine.cpp */ = {isa = PBXFileReference; fileEncoding = 4; lastKnownFileType = sourcecode.cpp.cpp; path = KeyMagicEngine.cpp; sourceTree = "<group>"; };
		B5C1EB8612FC49A00061BF73 /* KeyMagicEngine.h */ = {isa = PBXFileReference; fileEncoding = 4; lastKnownFileType = sourcecode.c.h; path = KeyMagicEngine.h; sourceTree = "<group>"; };
		B5C1EB8712FC49A00061BF73 /* KeyMagicKeyboard.cpp */ = {isa = PBXFileReference; fileEncoding = 4; lastKnownFileType = sourcecode.cpp.cpp; path = KeyMagicKeyboard.cpp; sourceTree = "<group>"; };
		B5C1EB8812FC49A00061BF73 /* KeyMagicKeyboard.h */ = {isa = PBXFileReference; fileEncoding = 4; lastKnownFileType = sourcecode.c.h; path = KeyMagicKeyboard.h; sourceTree = "<group>"; };
		B5C1EB8912FC49A00061BF73 /* KeyMagicLogger.cpp */ = {isa = PBXFileReference; fileEncoding = 4; lastKnownFileType = sourcecode.cpp.cpp; path = KeyMagicLogger.cpp; sourceTree = "<group>"; };
		B5C1EB8A12FC49A00061BF73 /* KeyMagicLogger.h */ = {isa = PBXFileReference; fileEncoding = 4; lastKnownFileType = sourcecode.c.h; path = KeyMagicLogger.h; sourceTree = "<group>"; };
		B5C1EB9112FC49AE0061BF73 /* KeyMagicString.cpp */ = {isa = PBXFileReference; fileEncoding = 4; lastKnownFileType = sourcecode.cpp.cpp; path = KeyMagicString.cpp; sourceTree = "<group>"; };
		B5C1EB9212FC49AE0061BF73 /* KeyMagicString.h */ = {isa = PBXFileReference; fileEncoding = 4; lastKnownFileType = sourcecode.c.h; path = KeyMagicString.h; sourceTree = "<group>"; };
		B5C1EB9312FC49AE0061BF73 /* KeyMagicTypes.h */ = {isa = PBXFileReference; fileEncoding = 4; lastKnownFileType = sourcecode.c.h; path = KeyMagicTypes.h; sourceTree = "<group>"; };
		B5C1EB9412FC49AE0061BF73 /* RuleInfo.cpp */ = {isa = PBXFileReference; fileEncoding = 4; lastKnownFileType = sourcecode.cpp.cpp; path = RuleInfo.cpp; sourceTree = "<group>"; };
		B5C1EB9512FC49AE0061BF73 /* RuleInfo.h */ = {isa = PBXFileReference; fileEncoding = 4; lastKnownFileType = sourcecode.c.h; path = RuleInfo.h; sourceTree = "<group>"; };
		B5D2600E13365ABE00BCEC22 /* KeyMagicErrorLogger.cpp */ = {isa = PBXFileReference; fileEncoding = 4; lastKnownFileType = sourcecode.cpp.cpp; path = KeyMagicErrorLogger.cpp; sourceTree = "<group>"; };
		B5D2600F13365ABE00BCEC22 /* KeyMagicErrorLogger.h */ = {isa = PBXFileReference; fileEncoding = 4; lastKnownFileType = sourcecode.c.h; path = KeyMagicErrorLogger.h; sourceTree = "<group>"; };
		B5D2601013365ABE00BCEC22 /* LogFileWriter.cpp */ = {isa = PBXFileReference; fileEncoding = 4; lastKnownFileType = sourcecode.cpp.cpp; path = LogFileWriter.cpp; sourceTree = "<group>"; };
		B5D2601113365ABE00BCEC22 /* LogFileWriter.h */ = {isa = PBXFileReference; fileEncoding = 4; lastKnownFileType = sourcecode.c.h; path = LogFileWriter.h; sourceTree = "<group>"; };
		B5E05C16131FC68F0050B283 /* Util.h */ = {isa = PBXFileReference; fileEncoding = 4; lastKnownFileType = sourcecode.c.h; path = Util.h; sourceTree = "<group>"; };
		B5E05C17131FC68F0050B283 /* Util.cpp */ = {isa = PBXFileReference; fileEncoding = 4; lastKnownFileType = sourcecode.cpp.cpp; path = Util.cpp; sourceTree = "<group>"; };
/* End PBXFileReference section */

/* Begin PBXFrameworksBuildPhase section */
		90594CF416B4133B009159D0 /* Frameworks */ = {
			isa = PBXFrameworksBuildPhase;
			buildActionMask = 2147483647;
			files = (
				90594CF916B4133B009159D0 /* Cocoa.framework in Frameworks */,
			);
			runOnlyForDeploymentPostprocessing = 0;
		};
		90594D5316B41572009159D0 /* Frameworks */ = {
			isa = PBXFrameworksBuildPhase;
			buildActionMask = 2147483647;
			files = (
				90594D5716B41572009159D0 /* Foundation.framework in Frameworks */,
			);
			runOnlyForDeploymentPostprocessing = 0;
		};
/* End PBXFrameworksBuildPhase section */

/* Begin PBXGroup section */
		034768DDFF38A45A11DB9C8B /* Products */ = {
			isa = PBXGroup;
			children = (
				90594CF716B4133B009159D0 /* libkeymagic.a */,
				90594D5616B41572009159D0 /* libikeymagic.a */,
			);
			name = Products;
			sourceTree = "<group>";
		};
		0867D691FE84028FC02AAC07 /* keymagic */ = {
			isa = PBXGroup;
			children = (
				5073E0CA09E734BC00EC74B6 /* Configuration Files */,
				08FB77ACFE841707C02AAC07 /* Source */,
				B5408F4E141609FB00CD7734 /* Frameworks */,
				034768DDFF38A45A11DB9C8B /* Products */,
			);
			name = keymagic;
			sourceTree = "<group>";
		};
		08FB77ACFE841707C02AAC07 /* Source */ = {
			isa = PBXGroup;
			children = (
				B5D2600E13365ABE00BCEC22 /* KeyMagicErrorLogger.cpp */,
				B5D2600F13365ABE00BCEC22 /* KeyMagicErrorLogger.h */,
				B5D2601013365ABE00BCEC22 /* LogFileWriter.cpp */,
				B5D2601113365ABE00BCEC22 /* LogFileWriter.h */,
				B5C1EB9112FC49AE0061BF73 /* KeyMagicString.cpp */,
				B5C1EB9212FC49AE0061BF73 /* KeyMagicString.h */,
				B5C1EB9312FC49AE0061BF73 /* KeyMagicTypes.h */,
				B5C1EB9412FC49AE0061BF73 /* RuleInfo.cpp */,
				B5C1EB9512FC49AE0061BF73 /* RuleInfo.h */,
				B5C1EB8512FC49A00061BF73 /* KeyMagicEngine.cpp */,
				B5C1EB8612FC49A00061BF73 /* KeyMagicEngine.h */,
				B5C1EB8712FC49A00061BF73 /* KeyMagicKeyboard.cpp */,
				B5C1EB8812FC49A00061BF73 /* KeyMagicKeyboard.h */,
				B5C1EB8912FC49A00061BF73 /* KeyMagicLogger.cpp */,
				B5C1EB8A12FC49A00061BF73 /* KeyMagicLogger.h */,
				B5C1EB8112FC498C0061BF73 /* KeyCodes.cpp */,
				90594D5116B4152C009159D0 /* keymagic_Prefix.pch */,
				B5C1EB8212FC498C0061BF73 /* KeyCodes.h */,
				B5E05C16131FC68F0050B283 /* Util.h */,
				B5E05C17131FC68F0050B283 /* Util.cpp */,
				B5761A1F1320E07B0095AADC /* keymagic.h */,
				B507AC7413A66734008F7F78 /* main.cpp */,
			);
			name = Source;
			sourceTree = "<group>";
		};
		5073E0CA09E734BC00EC74B6 /* Configuration Files */ = {
			isa = PBXGroup;
			children = (
			);
			name = "Configuration Files";
			sourceTree = "<group>";
		};
		90594CFA16B4133B009159D0 /* Other Frameworks */ = {
			isa = PBXGroup;
			children = (
				90594CFB16B4133B009159D0 /* AppKit.framework */,
				90594CFC16B4133B009159D0 /* CoreData.framework */,
				90594CFD16B4133B009159D0 /* Foundation.framework */,
			);
			name = "Other Frameworks";
			sourceTree = "<group>";
		};
		B5408F4E141609FB00CD7734 /* Frameworks */ = {
			isa = PBXGroup;
			children = (
				B5408F4F141609FB00CD7734 /* SenTestingKit.framework */,
				90594CF816B4133B009159D0 /* Cocoa.framework */,
				90594D0C16B41358009159D0 /* Foundation.framework */,
				90594CFA16B4133B009159D0 /* Other Frameworks */,
			);
			name = Frameworks;
			sourceTree = "<group>";
		};
/* End PBXGroup section */

/* Begin PBXHeadersBuildPhase section */
		90594CF516B4133B009159D0 /* Headers */ = {
			isa = PBXHeadersBuildPhase;
			buildActionMask = 2147483647;
			files = (
			);
			runOnlyForDeploymentPostprocessing = 0;
		};
/* End PBXHeadersBuildPhase section */

/* Begin PBXNativeTarget section */
		90594CF616B4133B009159D0 /* keymagic */ = {
			isa = PBXNativeTarget;
			buildConfigurationList = 90594D0416B4133B009159D0 /* Build configuration list for PBXNativeTarget "keymagic" */;
			buildPhases = (
				90594CF316B4133B009159D0 /* Sources */,
				90594CF416B4133B009159D0 /* Frameworks */,
				90594CF516B4133B009159D0 /* Headers */,
			);
			buildRules = (
			);
			dependencies = (
			);
			name = keymagic;
			productName = keymagic;
			productReference = 90594CF716B4133B009159D0 /* libkeymagic.a */;
			productType = "com.apple.product-type.library.static";
		};
		90594D5516B41572009159D0 /* ikeymagic */ = {
			isa = PBXNativeTarget;
			buildConfigurationList = 90594D5F16B41572009159D0 /* Build configuration list for PBXNativeTarget "ikeymagic" */;
			buildPhases = (
				90594D5216B41572009159D0 /* Sources */,
				90594D5316B41572009159D0 /* Frameworks */,
				90594D5416B41572009159D0 /* CopyFiles */,
			);
			buildRules = (
			);
			dependencies = (
			);
			name = ikeymagic;
			productName = ikeymagic;
			productReference = 90594D5616B41572009159D0 /* libikeymagic.a */;
			productType = "com.apple.product-type.library.static";
		};
/* End PBXNativeTarget section */

/* Begin PBXProject section */
		0867D690FE84028FC02AAC07 /* Project object */ = {
			isa = PBXProject;
			attributes = {
				LastUpgradeCheck = 0450;
			};
			buildConfigurationList = 1DEB916408733D950010E9CD /* Build configuration list for PBXProject "keymagic2" */;
			compatibilityVersion = "Xcode 3.2";
			developmentRegion = English;
			hasScannedForEncodings = 1;
			knownRegions = (
				English,
				Japanese,
				French,
				German,
				en,
			);
			mainGroup = 0867D691FE84028FC02AAC07 /* keymagic */;
			productRefGroup = 034768DDFF38A45A11DB9C8B /* Products */;
			projectDirPath = "";
			projectRoot = "";
			targets = (
				90594CF616B4133B009159D0 /* keymagic */,
				90594D5516B41572009159D0 /* ikeymagic */,
				90594E0B16B421FB009159D0 /* ikeymagic-universal */,
			);
		};
/* End PBXProject section */

/* Begin PBXShellScriptBuildPhase section */
		90594E0F16B42272009159D0 /* ShellScript */ = {
			isa = PBXShellScriptBuildPhase;
			buildActionMask = 2147483647;
			files = (
			);
			inputPaths = (
			);
			outputPaths = (
			);
			runOnlyForDeploymentPostprocessing = 0;
			shellPath = /bin/sh;
			shellScript = "set -e\nset +u\n# Avoid recursively calling this script.\nif [[ $SF_MASTER_SCRIPT_RUNNING ]]\nthen\nexit 0\nfi\nset -u\nexport SF_MASTER_SCRIPT_RUNNING=1\n\nSF_TARGET_NAME=\"ikeymagic\"\nSF_EXECUTABLE_PATH=\"lib${SF_TARGET_NAME}.a\"\n\n# The following conditionals come from\n# https://github.com/kstenerud/iOS-Universal-Framework\n\nif [[ \"$SDK_NAME\" =~ ([A-Za-z]+) ]]\nthen\nSF_SDK_PLATFORM=${BASH_REMATCH[1]}\nelse\necho \"Could not find platform name from SDK_NAME: $SDK_NAME\"\nexit 1\nfi\n\nif [[ \"$SDK_NAME\" =~ ([0-9]+.*$) ]]\nthen\nSF_SDK_VERSION=${BASH_REMATCH[1]}\nelse\necho \"Could not find sdk version from SDK_NAME: $SDK_NAME\"\nexit 1\nfi\n\nif [[ \"$SF_SDK_PLATFORM\" = \"iphoneos\" ]]\nthen\nSF_OTHER_PLATFORM=iphonesimulator\nelse\nSF_OTHER_PLATFORM=iphoneos\nfi\n\nif [[ \"$BUILT_PRODUCTS_DIR\" =~ (.*)$SF_SDK_PLATFORM$ ]]\nthen\nSF_OTHER_BUILT_PRODUCTS_DIR=\"${BASH_REMATCH[1]}${SF_OTHER_PLATFORM}\"\nelse\necho \"Could not find platform name from build products directory: $BUILT_PRODUCTS_DIR\"\nexit 1\nfi\n\n# Build the other platform.\nxcodebuild -project \"${PROJECT_FILE_PATH}\" -target \"${TARGET_NAME}\" -configuration \"${CONFIGURATION}\" -sdk ${SF_OTHER_PLATFORM}${SF_SDK_VERSION} BUILD_DIR=\"${BUILD_DIR}\" OBJROOT=\"${OBJROOT}\" BUILD_ROOT=\"${BUILD_ROOT}\" SYMROOT=\"${SYMROOT}\" $ACTION\n\n# Smash the two static libraries into one fat binary and store it in the .framework\nlipo -create \"${BUILT_PRODUCTS_DIR}/${SF_EXECUTABLE_PATH}\" \"${SF_OTHER_BUILT_PRODUCTS_DIR}/${SF_EXECUTABLE_PATH}\" -output \"${BUILT_PRODUCTS_DIR}/universal_${SF_EXECUTABLE_PATH}\"\n\n# Copy the binary to the other architecture folder to have a complete framework in both.\ncp -a \"${BUILT_PRODUCTS_DIR}/universal_${SF_EXECUTABLE_PATH}\" \"${SF_OTHER_BUILT_PRODUCTS_DIR}/universal_${SF_EXECUTABLE_PATH}\"\n";
		};
/* End PBXShellScriptBuildPhase section */

/* Begin PBXSourcesBuildPhase section */
		90594CF316B4133B009159D0 /* Sources */ = {
			isa = PBXSourcesBuildPhase;
			buildActionMask = 2147483647;
			files = (
				90594D2816B413BA009159D0 /* KeyMagicErrorLogger.cpp in Sources */,
				90594D2916B413BA009159D0 /* LogFileWriter.cpp in Sources */,
				90594D2A16B413BA009159D0 /* KeyMagicString.cpp in Sources */,
				90594D2B16B413BA009159D0 /* RuleInfo.cpp in Sources */,
				90594D2C16B413BA009159D0 /* KeyMagicEngine.cpp in Sources */,
				90594D2D16B413BA009159D0 /* KeyMagicKeyboard.cpp in Sources */,
				90594D2E16B413BA009159D0 /* KeyMagicLogger.cpp in Sources */,
				90594D2F16B413BA009159D0 /* KeyCodes.cpp in Sources */,
				90594D3016B413BA009159D0 /* Util.cpp in Sources */,
			);
			runOnlyForDeploymentPostprocessing = 0;
		};
		90594D5216B41572009159D0 /* Sources */ = {
			isa = PBXSourcesBuildPhase;
			buildActionMask = 2147483647;
			files = (
				90594D6216B4159E009159D0 /* KeyMagicErrorLogger.cpp in Sources */,
				90594D6316B4159E009159D0 /* LogFileWriter.cpp in Sources */,
				90594D6416B4159E009159D0 /* KeyMagicString.cpp in Sources */,
				90594D6516B4159E009159D0 /* RuleInfo.cpp in Sources */,
				90594D6616B4159E009159D0 /* KeyMagicEngine.cpp in Sources */,
				90594D6716B4159E009159D0 /* KeyMagicKeyboard.cpp in Sources */,
				90594D6816B4159E009159D0 /* KeyMagicLogger.cpp in Sources */,
				90594D6916B4159E009159D0 /* KeyCodes.cpp in Sources */,
				90594D6A16B4159E009159D0 /* Util.cpp in Sources */,
			);
			runOnlyForDeploymentPostprocessing = 0;
		};
/* End PBXSourcesBuildPhase section */

/* Begin PBXTargetDependency section */
		90594E1116B42276009159D0 /* PBXTargetDependency */ = {
			isa = PBXTargetDependency;
			target = 90594D5516B41572009159D0 /* ikeymagic */;
			targetProxy = 90594E1016B42276009159D0 /* PBXContainerItemProxy */;
		};
/* End PBXTargetDependency section */

/* Begin XCBuildConfiguration section */
		1DEB916508733D950010E9CD /* Debug */ = {
			isa = XCBuildConfiguration;
			buildSettings = {
				ARCHS = "$(ARCHS_STANDARD_32_64_BIT)";
				GCC_C_LANGUAGE_STANDARD = gnu99;
				GCC_OPTIMIZATION_LEVEL = 0;
				GCC_SYMBOLS_PRIVATE_EXTERN = NO;
				GCC_WARN_ABOUT_RETURN_TYPE = YES;
				GCC_WARN_UNUSED_VARIABLE = YES;
				MACH_O_TYPE = staticlib;
				ONLY_ACTIVE_ARCH = NO;
				SDKROOT = macosx;
			};
			name = Debug;
		};
		1DEB916608733D950010E9CD /* Release */ = {
			isa = XCBuildConfiguration;
			buildSettings = {
				ARCHS = "$(ARCHS_STANDARD_32_64_BIT)";
				GCC_C_LANGUAGE_STANDARD = gnu99;
				GCC_SYMBOLS_PRIVATE_EXTERN = NO;
				GCC_WARN_ABOUT_RETURN_TYPE = YES;
				GCC_WARN_UNUSED_VARIABLE = YES;
				SDKROOT = macosx;
			};
			name = Release;
		};
		90594D0516B4133B009159D0 /* Debug */ = {
			isa = XCBuildConfiguration;
			buildSettings = {
				ALWAYS_SEARCH_USER_PATHS = NO;
				ARCHS = "$(ARCHS_STANDARD_32_64_BIT)";
				CLANG_CXX_LANGUAGE_STANDARD = "gnu++0x";
				CLANG_CXX_LIBRARY = "libstdc++";
				CLANG_ENABLE_OBJC_ARC = YES;
				CLANG_WARN_EMPTY_BODY = YES;
				CLANG_WARN__DUPLICATE_METHOD_MATCH = YES;
				COPY_PHASE_STRIP = NO;
				GCC_DYNAMIC_NO_PIC = NO;
				GCC_ENABLE_OBJC_EXCEPTIONS = YES;
				GCC_PRECOMPILE_PREFIX_HEADER = YES;
				GCC_PREFIX_HEADER = keymagic_Prefix.pch;
				GCC_PREPROCESSOR_DEFINITIONS = (
					"DEBUG=1",
					"$(inherited)",
				);
				GCC_WARN_64_TO_32_BIT_CONVERSION = YES;
				GCC_WARN_UNINITIALIZED_AUTOS = YES;
				MACOSX_DEPLOYMENT_TARGET = 10.8;
				ONLY_ACTIVE_ARCH = NO;
				PRODUCT_NAME = "$(TARGET_NAME)";
			};
			name = Debug;
		};
		90594D0616B4133B009159D0 /* Release */ = {
			isa = XCBuildConfiguration;
			buildSettings = {
				ALWAYS_SEARCH_USER_PATHS = NO;
				ARCHS = "$(ARCHS_STANDARD_32_64_BIT)";
				CLANG_CXX_LANGUAGE_STANDARD = "gnu++0x";
				CLANG_CXX_LIBRARY = "libstdc++";
				CLANG_ENABLE_OBJC_ARC = YES;
				CLANG_WARN_EMPTY_BODY = YES;
				CLANG_WARN__DUPLICATE_METHOD_MATCH = YES;
				COPY_PHASE_STRIP = YES;
				DEBUG_INFORMATION_FORMAT = "dwarf-with-dsym";
				GCC_ENABLE_OBJC_EXCEPTIONS = YES;
				GCC_PRECOMPILE_PREFIX_HEADER = YES;
				GCC_PREFIX_HEADER = keymagic_Prefix.pch;
				GCC_WARN_64_TO_32_BIT_CONVERSION = YES;
				GCC_WARN_UNINITIALIZED_AUTOS = YES;
				MACOSX_DEPLOYMENT_TARGET = 10.8;
				PRODUCT_NAME = "$(TARGET_NAME)";
			};
			name = Release;
		};
		90594D6016B41572009159D0 /* Debug */ = {
			isa = XCBuildConfiguration;
			buildSettings = {
				ALWAYS_SEARCH_USER_PATHS = NO;
				ARCHS = "$(ARCHS_STANDARD_32_BIT)";
				CLANG_CXX_LANGUAGE_STANDARD = "gnu++0x";
				CLANG_CXX_LIBRARY = "libstdc++";
				CLANG_ENABLE_OBJC_ARC = YES;
				CLANG_WARN_EMPTY_BODY = YES;
				CLANG_WARN__DUPLICATE_METHOD_MATCH = YES;
				COPY_PHASE_STRIP = NO;
				DSTROOT = /tmp/ikeymagic.dst;
				GCC_DYNAMIC_NO_PIC = NO;
				GCC_PRECOMPILE_PREFIX_HEADER = YES;
				GCC_PREFIX_HEADER = keymagic_Prefix.pch;
				GCC_PREPROCESSOR_DEFINITIONS = (
					"DEBUG=1",
					"$(inherited)",
				);
				GCC_WARN_UNINITIALIZED_AUTOS = YES;
				IPHONEOS_DEPLOYMENT_TARGET = 4.3;
				ONLY_ACTIVE_ARCH = NO;
				OTHER_LDFLAGS = "-ObjC";
				PRODUCT_NAME = "$(TARGET_NAME)";
				SDKROOT = iphoneos;
				SKIP_INSTALL = YES;
			};
			name = Debug;
		};
		90594D6116B41572009159D0 /* Release */ = {
			isa = XCBuildConfiguration;
			buildSettings = {
				ALWAYS_SEARCH_USER_PATHS = NO;
				ARCHS = "$(ARCHS_STANDARD_32_BIT)";
				CLANG_CXX_LANGUAGE_STANDARD = "gnu++0x";
				CLANG_CXX_LIBRARY = "libstdc++";
				CLANG_ENABLE_OBJC_ARC = YES;
				CLANG_WARN_EMPTY_BODY = YES;
				CLANG_WARN__DUPLICATE_METHOD_MATCH = YES;
				COPY_PHASE_STRIP = YES;
				DSTROOT = /tmp/ikeymagic.dst;
				GCC_PRECOMPILE_PREFIX_HEADER = YES;
				GCC_PREFIX_HEADER = keymagic_Prefix.pch;
				GCC_WARN_UNINITIALIZED_AUTOS = YES;
				IPHONEOS_DEPLOYMENT_TARGET = 4.3;
				OTHER_LDFLAGS = "-ObjC";
				PRODUCT_NAME = "$(TARGET_NAME)";
				SDKROOT = iphoneos;
				SKIP_INSTALL = YES;
				VALIDATE_PRODUCT = YES;
			};
			name = Release;
		};
		90594E0D16B421FB009159D0 /* Debug */ = {
			isa = XCBuildConfiguration;
			buildSettings = {
				ARCHS = "$(ARCHS_STANDARD_32_BIT)";
				IPHONEOS_DEPLOYMENT_TARGET = 4.3;
				PRODUCT_NAME = "$(TARGET_NAME)";
				SDKROOT = iphoneos;
				SUPPORTED_PLATFORMS = "iphonesimulator iphoneos";
			};
			name = Debug;
		};
		90594E0E16B421FB009159D0 /* Release */ = {
			isa = XCBuildConfiguration;
			buildSettings = {
				ARCHS = "$(ARCHS_STANDARD_32_BIT)";
				IPHONEOS_DEPLOYMENT_TARGET = 4.3;
				PRODUCT_NAME = "$(TARGET_NAME)";
				SDKROOT = iphoneos;
				SUPPORTED_PLATFORMS = "iphonesimulator iphoneos";
			};
			name = Release;
		};
/* End XCBuildConfiguration section */

/* Begin XCConfigurationList section */
		1DEB916408733D950010E9CD /* Build configuration list for PBXProject "keymagic2" */ = {
			isa = XCConfigurationList;
			buildConfigurations = (
				1DEB916508733D950010E9CD /* Debug */,
				1DEB916608733D950010E9CD /* Release */,
			);
			defaultConfigurationIsVisible = 0;
			defaultConfigurationName = Release;
		};
		90594D0416B4133B009159D0 /* Build configuration list for PBXNativeTarget "keymagic" */ = {
			isa = XCConfigurationList;
			buildConfigurations = (
				90594D0516B4133B009159D0 /* Debug */,
				90594D0616B4133B009159D0 /* Release */,
			);
			defaultConfigurationIsVisible = 0;
			defaultConfigurationName = Release;
		};
		90594D5F16B41572009159D0 /* Build configuration list for PBXNativeTarget "ikeymagic" */ = {
			isa = XCConfigurationList;
			buildConfigurations = (
				90594D6016B41572009159D0 /* Debug */,
				90594D6116B41572009159D0 /* Release */,
			);
			defaultConfigurationIsVisible = 0;
			defaultConfigurationName = Release;
		};
		90594E0C16B421FB009159D0 /* Build configuration list for PBXAggregateTarget "ikeymagic-universal" */ = {
			isa = XCConfigurationList;
			buildConfigurations = (
				90594E0D16B421FB009159D0 /* Debug */,
				90594E0E16B421FB009159D0 /* Release */,
			);
			defaultConfigurationIsVisible = 0;
		};
/* End XCConfigurationList section */
	};
	rootObject = 0867D690FE84028FC02AAC07 /* Project object */;
}
