<?xml version="1.0" encoding="utf-8"?>
<Project ToolsVersion="4.0" xmlns="http://schemas.microsoft.com/developer/msbuild/2003">
  <ItemGroup>
    <Filter Include="Source Files">
      <UniqueIdentifier>{4FC737F1-C7A5-4376-A066-2A32D752A2FF}</UniqueIdentifier>
      <Extensions>cpp;c;cc;cxx;def;odl;idl;hpj;bat;asm;asmx</Extensions>
    </Filter>
    <Filter Include="Header Files">
      <UniqueIdentifier>{93995380-89BD-4b04-88EB-625FBE52EBFB}</UniqueIdentifier>
      <Extensions>h;hh;hpp;hxx;hm;inl;inc;xsd</Extensions>
    </Filter>
    <Filter Include="Resource Files">
      <UniqueIdentifier>{67DA6AB6-F800-4c08-8B7A-83BB121AAD01}</UniqueIdentifier>
      <Extensions>rc;ico;cur;bmp;dlg;rc2;rct;bin;rgs;gif;jpg;jpeg;jpe;resx;tiff;tif;png;wav;mfcribbon-ms</Extensions>
    </Filter>
    <Filter Include="Source Files\libkeymagic">
      <UniqueIdentifier>{ee345ce8-2629-4762-a813-137fdeee2751}</UniqueIdentifier>
    </Filter>
  </ItemGroup>
  <ItemGroup>
    <Text Include="ReadMe.txt" />
    <Text Include="json.hpp">
      <Filter>Header Files</Filter>
    </Text>
  </ItemGroup>
  <ItemGroup>
    <ClInclude Include="stdafx.h">
      <Filter>Header Files</Filter>
    </ClInclude>
    <ClInclude Include="targetver.h">
      <Filter>Header Files</Filter>
    </ClInclude>
    <ClInclude Include="Resource.h">
      <Filter>Header Files</Filter>
    </ClInclude>
    <ClInclude Include="KeyMagic2.h">
      <Filter>Header Files</Filter>
    </ClInclude>
    <ClInclude Include="..\..\..\cross-platform\libkeymagic\KeyCodes.h">
      <Filter>Source Files\libkeymagic</Filter>
    </ClInclude>
    <ClInclude Include="..\..\..\cross-platform\libkeymagic\keymagic.h">
      <Filter>Source Files\libkeymagic</Filter>
    </ClInclude>
    <ClInclude Include="..\..\..\cross-platform\libkeymagic\KeyMagicEngine.h">
      <Filter>Source Files\libkeymagic</Filter>
    </ClInclude>
    <ClInclude Include="..\..\..\cross-platform\libkeymagic\KeyMagicErrorLogger.h">
      <Filter>Source Files\libkeymagic</Filter>
    </ClInclude>
    <ClInclude Include="..\..\..\cross-platform\libkeymagic\KeyMagicKeyboard.h">
      <Filter>Source Files\libkeymagic</Filter>
    </ClInclude>
    <ClInclude Include="..\..\..\cross-platform\libkeymagic\KeyMagicLogger.h">
      <Filter>Source Files\libkeymagic</Filter>
    </ClInclude>
    <ClInclude Include="..\..\..\cross-platform\libkeymagic\KeyMagicString.h">
      <Filter>Source Files\libkeymagic</Filter>
    </ClInclude>
    <ClInclude Include="..\..\..\cross-platform\libkeymagic\KeyMagicTypes.h">
      <Filter>Source Files\libkeymagic</Filter>
    </ClInclude>
    <ClInclude Include="..\..\..\cross-platform\libkeymagic\LogFileWriter.h">
      <Filter>Source Files\libkeymagic</Filter>
    </ClInclude>
    <ClInclude Include="..\..\..\cross-platform\libkeymagic\Util.h">
      <Filter>Source Files\libkeymagic</Filter>
    </ClInclude>
    <ClInclude Include="..\..\..\cross-platform\libkeymagic\RuleInfo.h">
      <Filter>Source Files\libkeymagic</Filter>
    </ClInclude>
    <ClInclude Include="HookProc.h">
      <Filter>Source Files</Filter>
    </ClInclude>
    <ClInclude Include="KeyboardManager.h">
      <Filter>Header Files</Filter>
    </ClInclude>
    <ClInclude Include="Tasker.h">
      <Filter>Header Files</Filter>
    </ClInclude>
    <ClInclude Include="HotkeyManager.h">
      <Filter>Header Files</Filter>
    </ClInclude>
    <ClInclude Include="ConfigUtils.h">
      <Filter>Header Files</Filter>
    </ClInclude>
    <ClInclude Include="version.h">
      <Filter>Header Files</Filter>
    </ClInclude>
    <ClInclude Include="HudWindow.h">
      <Filter>Header Files</Filter>
    </ClInclude>
    <ClInclude Include="Constants.h">
      <Filter>Header Files</Filter>
    </ClInclude>
    <ClInclude Include="NotifyIcon.h">
      <Filter>Header Files</Filter>
    </ClInclude>
    <ClInclude Include="dpi.h">
      <Filter>Header Files</Filter>
    </ClInclude>
    <ClInclude Include="MainWindow.h">
      <Filter>Header Files</Filter>
    </ClInclude>
    <ClInclude Include="Utils.h">
      <Filter>Header Files</Filter>
    </ClInclude>
    <ClInclude Include="UpdateChecker.h">
      <Filter>Header Files</Filter>
    </ClInclude>
    <ClInclude Include="HotkeysDialog.h">
      <Filter>Header Files</Filter>
    </ClInclude>
    <ClInclude Include="Control.h">
      <Filter>Header Files</Filter>
    </ClInclude>
  </ItemGroup>
  <ItemGroup>
    <ClCompile Include="stdafx.cpp">
      <Filter>Source Files</Filter>
    </ClCompile>
    <ClCompile Include="KeyMagic2.cpp">
      <Filter>Source Files</Filter>
    </ClCompile>
    <ClCompile Include="..\..\..\cross-platform\libkeymagic\KeyCodes.cpp">
      <Filter>Source Files\libkeymagic</Filter>
    </ClCompile>
    <ClCompile Include="..\..\..\cross-platform\libkeymagic\KeyMagicEngine.cpp">
      <Filter>Source Files\libkeymagic</Filter>
    </ClCompile>
    <ClCompile Include="..\..\..\cross-platform\libkeymagic\KeyMagicErrorLogger.cpp">
      <Filter>Source Files\libkeymagic</Filter>
    </ClCompile>
    <ClCompile Include="..\..\..\cross-platform\libkeymagic\KeyMagicKeyboard.cpp">
      <Filter>Source Files\libkeymagic</Filter>
    </ClCompile>
    <ClCompile Include="..\..\..\cross-platform\libkeymagic\KeyMagicLogger.cpp">
      <Filter>Source Files\libkeymagic</Filter>
    </ClCompile>
    <ClCompile Include="..\..\..\cross-platform\libkeymagic\KeyMagicString.cpp">
      <Filter>Source Files\libkeymagic</Filter>
    </ClCompile>
    <ClCompile Include="..\..\..\cross-platform\libkeymagic\KeyMagicTypes.cpp">
      <Filter>Source Files\libkeymagic</Filter>
    </ClCompile>
    <ClCompile Include="..\..\..\cross-platform\libkeymagic\LogFileWriter.cpp">
      <Filter>Source Files\libkeymagic</Filter>
    </ClCompile>
    <ClCompile Include="..\..\..\cross-platform\libkeymagic\Util.cpp">
      <Filter>Source Files\libkeymagic</Filter>
    </ClCompile>
    <ClCompile Include="..\..\..\cross-platform\libkeymagic\RuleInfo.cpp">
      <Filter>Source Files\libkeymagic</Filter>
    </ClCompile>
    <ClCompile Include="HookProc.cpp">
      <Filter>Source Files</Filter>
    </ClCompile>
    <ClCompile Include="KeyboardManger.cpp">
      <Filter>Source Files</Filter>
    </ClCompile>
    <ClCompile Include="Tasker.cpp">
      <Filter>Source Files</Filter>
    </ClCompile>
    <ClCompile Include="HotkeyManager.cpp">
      <Filter>Source Files</Filter>
    </ClCompile>
    <ClCompile Include="ConfigUtils.cpp">
      <Filter>Source Files</Filter>
    </ClCompile>
    <ClCompile Include="HudWindow.cpp">
      <Filter>Source Files</Filter>
    </ClCompile>
    <ClCompile Include="NotifyIcon.cpp">
      <Filter>Source Files</Filter>
    </ClCompile>
    <ClCompile Include="MainWindow.cpp">
      <Filter>Source Files</Filter>
    </ClCompile>
    <ClCompile Include="dpi.cpp">
      <Filter>Source Files</Filter>
    </ClCompile>
  </ItemGroup>
  <ItemGroup>
    <ResourceCompile Include="KeyMagic2.rc">
      <Filter>Resource Files</Filter>
    </ResourceCompile>
  </ItemGroup>
  <ItemGroup>
    <Image Include="KeyMagic2.ico">
      <Filter>Resource Files</Filter>
    </Image>
  </ItemGroup>
</Project>