// !$*UTF8*$!
{
	archiveVersion = 1;
	classes = {
	};
	objectVersion = 46;
	objects = {

/* Begin PBXAggregateTarget section */
		90594E0B16B421FB009159D0 /* ikeymagic-universal */ = {
			isa = PBXAggregateTarget;
			buildConfigurationList = 90594E0C16B421FB009159D0 /* Build configuration list for PBXAggregateTarget "ikeymagic-universal" */;
			buildPhases = (
				90594E0F16B42272009159D0 /* ShellScript */,
			);
			dependencies = (
				90706DFF222D09A1003B56F0 /* PBXTargetDependency */,
			);
			name = "ikeymagic-universal";
			productName = "ikeymagic-universal";
		};
/* End PBXAggregateTarget section */

/* Begin PBXBuildFile section */
		90354032222D079A0083B24C /* KeyMagicEngine.cpp in Sources */ = {isa = PBXBuildFile; fileRef = 90354026222D07990083B24C /* KeyMagicEngine.cpp */; };
		90354033222D079A0083B24C /* KeyMagicEngine.cpp in Sources */ = {isa = PBXBuildFile; fileRef = 90354026222D07990083B24C /* KeyMagicEngine.cpp */; };
		90354034222D079A0083B24C /* KeyMagicEngine.cpp in Sources */ = {isa = PBXBuildFile; fileRef = 90354026222D07990083B24C /* KeyMagicEngine.cpp */; };
		90354035222D079A0083B24C /* KeyMagicLogger.h in Headers */ = {isa = PBXBuildFile; fileRef = 90354027222D07990083B24C /* KeyMagicLogger.h */; };
		90354036222D079A0083B24C /* KeyMagicKeyboard.cpp in Sources */ = {isa = PBXBuildFile; fileRef = 90354028222D07990083B24C /* KeyMagicKeyboard.cpp */; };
		90354037222D079A0083B24C /* KeyMagicKeyboard.cpp in Sources */ = {isa = PBXBuildFile; fileRef = 90354028222D07990083B24C /* KeyMagicKeyboard.cpp */; };
		90354038222D079A0083B24C /* KeyMagicKeyboard.cpp in Sources */ = {isa = PBXBuildFile; fileRef = 90354028222D07990083B24C /* KeyMagicKeyboard.cpp */; };
		90354039222D079A0083B24C /* KeyMagicLogger.cpp in Sources */ = {isa = PBXBuildFile; fileRef = 90354029222D07990083B24C /* KeyMagicLogger.cpp */; };
		9035403A222D079A0083B24C /* KeyMagicLogger.cpp in Sources */ = {isa = PBXBuildFile; fileRef = 90354029222D07990083B24C /* KeyMagicLogger.cpp */; };
		9035403B222D079A0083B24C /* KeyMagicLogger.cpp in Sources */ = {isa = PBXBuildFile; fileRef = 90354029222D07990083B24C /* KeyMagicLogger.cpp */; };
		9035403C222D079A0083B24C /* KeyMagicEngine.h in Headers */ = {isa = PBXBuildFile; fileRef = 9035402A222D07990083B24C /* KeyMagicEngine.h */; };
		9035403D222D079A0083B24C /* KeyMagicTypes.cpp in Sources */ = {isa = PBXBuildFile; fileRef = 9035402B222D07990083B24C /* KeyMagicTypes.cpp */; };
		9035403E222D079A0083B24C /* KeyMagicTypes.cpp in Sources */ = {isa = PBXBuildFile; fileRef = 9035402B222D07990083B24C /* KeyMagicTypes.cpp */; };
		9035403F222D079A0083B24C /* KeyMagicTypes.cpp in Sources */ = {isa = PBXBuildFile; fileRef = 9035402B222D07990083B24C /* KeyMagicTypes.cpp */; };
		90354040222D079A0083B24C /* KeyMagicTypes.h in Headers */ = {isa = PBXBuildFile; fileRef = 9035402C222D07990083B24C /* KeyMagicTypes.h */; };
		90354041222D079A0083B24C /* KeyMagicErrorLogger.cpp in Sources */ = {isa = PBXBuildFile; fileRef = 9035402D222D07990083B24C /* KeyMagicErrorLogger.cpp */; };
		90354042222D079A0083B24C /* KeyMagicErrorLogger.cpp in Sources */ = {isa = PBXBuildFile; fileRef = 9035402D222D07990083B24C /* KeyMagicErrorLogger.cpp */; };
		90354043222D079A0083B24C /* KeyMagicErrorLogger.cpp in Sources */ = {isa = PBXBuildFile; fileRef = 9035402D222D07990083B24C /* KeyMagicErrorLogger.cpp */; };
		90354044222D079A0083B24C /* KeyMagicString.cpp in Sources */ = {isa = PBXBuildFile; fileRef = 9035402E222D07990083B24C /* KeyMagicString.cpp */; };
		90354045222D079A0083B24C /* KeyMagicString.cpp in Sources */ = {isa = PBXBuildFile; fileRef = 9035402E222D07990083B24C /* KeyMagicString.cpp */; };
		90354046222D079A0083B24C /* KeyMagicString.cpp in Sources */ = {isa = PBXBuildFile; fileRef = 9035402E222D07990083B24C /* KeyMagicString.cpp */; };
		90354047222D079A0083B24C /* KeyMagicKeyboard.h in Headers */ = {isa = PBXBuildFile; fileRef = 9035402F222D07990083B24C /* KeyMagicKeyboard.h */; };
		90354048222D079A0083B24C /* KeyMagicErrorLogger.h in Headers */ = {isa = PBXBuildFile; fileRef = 90354030222D079A0083B24C /* KeyMagicErrorLogger.h */; };
		90354049222D079A0083B24C /* KeyMagicString.h in Headers */ = {isa = PBXBuildFile; fileRef = 90354031222D079A0083B24C /* KeyMagicString.h */; };
		90354051222D07E30083B24C /* RuleInfo.cpp in Sources */ = {isa = PBXBuildFile; fileRef = 9035404A222D07E30083B24C /* RuleInfo.cpp */; };
		90354052222D07E30083B24C /* RuleInfo.cpp in Sources */ = {isa = PBXBuildFile; fileRef = 9035404A222D07E30083B24C /* RuleInfo.cpp */; };
		90354053222D07E30083B24C /* RuleInfo.cpp in Sources */ = {isa = PBXBuildFile; fileRef = 9035404A222D07E30083B24C /* RuleInfo.cpp */; };
		90354057222D07E30083B24C /* LogFileWriter.h in Headers */ = {isa = PBXBuildFile; fileRef = 9035404C222D07E30083B24C /* LogFileWriter.h */; };
		90354058222D07E30083B24C /* RuleInfo.h in Headers */ = {isa = PBXBuildFile; fileRef = 9035404D222D07E30083B24C /* RuleInfo.h */; };
		90354059222D07E30083B24C /* Util.cpp in Sources */ = {isa = PBXBuildFile; fileRef = 9035404E222D07E30083B24C /* Util.cpp */; };
		9035405A222D07E30083B24C /* Util.cpp in Sources */ = {isa = PBXBuildFile; fileRef = 9035404E222D07E30083B24C /* Util.cpp */; };
		9035405B222D07E30083B24C /* Util.cpp in Sources */ = {isa = PBXBuildFile; fileRef = 9035404E222D07E30083B24C /* Util.cpp */; };
		9035405C222D07E30083B24C /* Util.h in Headers */ = {isa = PBXBuildFile; fileRef = 9035404F222D07E30083B24C /* Util.h */; };
		9035405D222D07E30083B24C /* LogFileWriter.cpp in Sources */ = {isa = PBXBuildFile; fileRef = 90354050222D07E30083B24C /* LogFileWriter.cpp */; };
		9035405E222D07E30083B24C /* LogFileWriter.cpp in Sources */ = {isa = PBXBuildFile; fileRef = 90354050222D07E30083B24C /* LogFileWriter.cpp */; };
		9035405F222D07E30083B24C /* LogFileWriter.cpp in Sources */ = {isa = PBXBuildFile; fileRef = 90354050222D07E30083B24C /* LogFileWriter.cpp */; };
		90594CF916B4133B009159D0 /* Cocoa.framework in Frameworks */ = {isa = PBXBuildFile; fileRef = 90594CF816B4133B009159D0 /* Cocoa.framework */; };
		90594D5716B41572009159D0 /* Foundation.framework in Frameworks */ = {isa = PBXBuildFile; fileRef = 90594D0C16B41358009159D0 /* Foundation.framework */; };
		90706E04222D0AEB003B56F0 /* KeyCodes.cpp in Sources */ = {isa = PBXBuildFile; fileRef = 90706E02222D0AEA003B56F0 /* KeyCodes.cpp */; };
		90706E05222D0AEB003B56F0 /* KeyCodes.cpp in Sources */ = {isa = PBXBuildFile; fileRef = 90706E02222D0AEA003B56F0 /* KeyCodes.cpp */; };
		90706E06222D0AEB003B56F0 /* KeyCodes.cpp in Sources */ = {isa = PBXBuildFile; fileRef = 90706E02222D0AEA003B56F0 /* KeyCodes.cpp */; };
		90706E07222D0AEB003B56F0 /* KeyCodes.h in Headers */ = {isa = PBXBuildFile; fileRef = 90706E03222D0AEB003B56F0 /* KeyCodes.h */; };
		90706E0A222D0BC7003B56F0 /* main.cpp in Sources */ = {isa = PBXBuildFile; fileRef = 90706E09222D0BC7003B56F0 /* main.cpp */; };
/* End PBXBuildFile section */

/* Begin PBXContainerItemProxy section */
		90706DFE222D09A1003B56F0 /* PBXContainerItemProxy */ = {
			isa = PBXContainerItemProxy;
			containerPortal = 0867D690FE84028FC02AAC07 /* Project object */;
			proxyType = 1;
			remoteGlobalIDString = 90594D5516B41572009159D0;
			remoteInfo = ikeymagic;
		};
/* End PBXContainerItemProxy section */

/* Begin PBXCopyFilesBuildPhase section */
		90301ACA1951DF7600F4FAFD /* CopyFiles */ = {
			isa = PBXCopyFilesBuildPhase;
			buildActionMask = 2147483647;
			dstPath = /usr/share/man/man1/;
			dstSubfolderSpec = 0;
			files = (
			);
			runOnlyForDeploymentPostprocessing = 1;
		};
		90594D5416B41572009159D0 /* CopyFiles */ = {
			isa = PBXCopyFilesBuildPhase;
			buildActionMask = 2147483647;
			dstPath = include/keymagic;
			dstSubfolderSpec = 16;
			files = (
			);
			runOnlyForDeploymentPostprocessing = 0;
		};
/* End PBXCopyFilesBuildPhase section */

/* Begin PBXFileReference section */
		90301ACC1951DF7600F4FAFD /* keymagic_console */ = {isa = PBXFileReference; explicitFileType = "compiled.mach-o.executable"; includeInIndex = 0; path = keymagic_console; sourceTree = BUILT_PRODUCTS_DIR; };
		90354026222D07990083B24C /* KeyMagicEngine.cpp */ = {isa = PBXFileReference; fileEncoding = 4; lastKnownFileType = sourcecode.cpp.cpp; name = KeyMagicEngine.cpp; path = ../KeyMagicEngine.cpp; sourceTree = "<group>"; };
		90354027222D07990083B24C /* KeyMagicLogger.h */ = {isa = PBXFileReference; fileEncoding = 4; lastKnownFileType = sourcecode.c.h; name = KeyMagicLogger.h; path = ../KeyMagicLogger.h; sourceTree = "<group>"; };
		90354028222D07990083B24C /* KeyMagicKeyboard.cpp */ = {isa = PBXFileReference; fileEncoding = 4; lastKnownFileType = sourcecode.cpp.cpp; name = KeyMagicKeyboard.cpp; path = ../KeyMagicKeyboard.cpp; sourceTree = "<group>"; };
		90354029222D07990083B24C /* KeyMagicLogger.cpp */ = {isa = PBXFileReference; fileEncoding = 4; lastKnownFileType = sourcecode.cpp.cpp; name = KeyMagicLogger.cpp; path = ../KeyMagicLogger.cpp; sourceTree = "<group>"; };
		9035402A222D07990083B24C /* KeyMagicEngine.h */ = {isa = PBXFileReference; fileEncoding = 4; lastKnownFileType = sourcecode.c.h; name = KeyMagicEngine.h; path = ../KeyMagicEngine.h; sourceTree = "<group>"; };
		9035402B222D07990083B24C /* KeyMagicTypes.cpp */ = {isa = PBXFileReference; fileEncoding = 4; lastKnownFileType = sourcecode.cpp.cpp; name = KeyMagicTypes.cpp; path = ../KeyMagicTypes.cpp; sourceTree = "<group>"; };
		9035402C222D07990083B24C /* KeyMagicTypes.h */ = {isa = PBXFileReference; fileEncoding = 4; lastKnownFileType = sourcecode.c.h; name = KeyMagicTypes.h; path = ../KeyMagicTypes.h; sourceTree = "<group>"; };
		9035402D222D07990083B24C /* KeyMagicErrorLogger.cpp */ = {isa = PBXFileReference; fileEncoding = 4; lastKnownFileType = sourcecode.cpp.cpp; name = KeyMagicErrorLogger.cpp; path = ../KeyMagicErrorLogger.cpp; sourceTree = "<group>"; };
		9035402E222D07990083B24C /* KeyMagicString.cpp */ = {isa = PBXFileReference; fileEncoding = 4; lastKnownFileType = sourcecode.cpp.cpp; name = KeyMagicString.cpp; path = ../KeyMagicString.cpp; sourceTree = "<group>"; };
		9035402F222D07990083B24C /* KeyMagicKeyboard.h */ = {isa = PBXFileReference; fileEncoding = 4; lastKnownFileType = sourcecode.c.h; name = KeyMagicKeyboard.h; path = ../KeyMagicKeyboard.h; sourceTree = "<group>"; };
		90354030222D079A0083B24C /* KeyMagicErrorLogger.h */ = {isa = PBXFileReference; fileEncoding = 4; lastKnownFileType = sourcecode.c.h; name = KeyMagicErrorLogger.h; path = ../KeyMagicErrorLogger.h; sourceTree = "<group>"; };
		90354031222D079A0083B24C /* KeyMagicString.h */ = {isa = PBXFileReference; fileEncoding = 4; lastKnownFileType = sourcecode.c.h; name = KeyMagicString.h; path = ../KeyMagicString.h; sourceTree = "<group>"; };
		9035404A222D07E30083B24C /* RuleInfo.cpp */ = {isa = PBXFileReference; fileEncoding = 4; lastKnownFileType = sourcecode.cpp.cpp; name = RuleInfo.cpp; path = ../RuleInfo.cpp; sourceTree = "<group>"; };
		9035404C222D07E30083B24C /* LogFileWriter.h */ = {isa = PBXFileReference; fileEncoding = 4; lastKnownFileType = sourcecode.c.h; name = LogFileWriter.h; path = ../LogFileWriter.h; sourceTree = "<group>"; };
		9035404D222D07E30083B24C /* RuleInfo.h */ = {isa = PBXFileReference; fileEncoding = 4; lastKnownFileType = sourcecode.c.h; name = RuleInfo.h; path = ../RuleInfo.h; sourceTree = "<group>"; };
		9035404E222D07E30083B24C /* Util.cpp */ = {isa = PBXFileReference; fileEncoding = 4; lastKnownFileType = sourcecode.cpp.cpp; name = Util.cpp; path = ../Util.cpp; sourceTree = "<group>"; };
		9035404F222D07E30083B24C /* Util.h */ = {isa = PBXFileReference; fileEncoding = 4; lastKnownFileType = sourcecode.c.h; name = Util.h; path = ../Util.h; sourceTree = "<group>"; };
		90354050222D07E30083B24C /* LogFileWriter.cpp */ = {isa = PBXFileReference; fileEncoding = 4; lastKnownFileType = sourcecode.cpp.cpp; name = LogFileWriter.cpp; path = ../LogFileWriter.cpp; sourceTree = "<group>"; };
		90594CF716B4133B009159D0 /* libkeymagic.a */ = {isa = PBXFileReference; explicitFileType = archive.ar; includeInIndex = 0; path = libkeymagic.a; sourceTree = BUILT_PRODUCTS_DIR; };
		90594CF816B4133B009159D0 /* Cocoa.framework */ = {isa = PBXFileReference; lastKnownFileType = wrapper.framework; name = Cocoa.framework; path = System/Library/Frameworks/Cocoa.framework; sourceTree = SDKROOT; };
		90594CFB16B4133B009159D0 /* AppKit.framework */ = {isa = PBXFileReference; lastKnownFileType = wrapper.framework; name = AppKit.framework; path = System/Library/Frameworks/AppKit.framework; sourceTree = SDKROOT; };
		90594CFC16B4133B009159D0 /* CoreData.framework */ = {isa = PBXFileReference; lastKnownFileType = wrapper.framework; name = CoreData.framework; path = System/Library/Frameworks/CoreData.framework; sourceTree = SDKROOT; };
		90594CFD16B4133B009159D0 /* Foundation.framework */ = {isa = PBXFileReference; lastKnownFileType = wrapper.framework; name = Foundation.framework; path = System/Library/Frameworks/Foundation.framework; sourceTree = SDKROOT; };
		90594D0C16B41358009159D0 /* Foundation.framework */ = {isa = PBXFileReference; lastKnownFileType = wrapper.framework; name = Foundation.framework; path = System/Library/Frameworks/Foundation.framework; sourceTree = SDKROOT; };
		90594D5116B4152C009159D0 /* keymagic_Prefix.pch */ = {isa = PBXFileReference; lastKnownFileType = sourcecode.c.h; path = keymagic_Prefix.pch; sourceTree = "<group>"; };
		90594D5616B41572009159D0 /* libikeymagic.a */ = {isa = PBXFileReference; explicitFileType = archive.ar; includeInIndex = 0; path = libikeymagic.a; sourceTree = BUILT_PRODUCTS_DIR; };
		90706E02222D0AEA003B56F0 /* KeyCodes.cpp */ = {isa = PBXFileReference; fileEncoding = 4; lastKnownFileType = sourcecode.cpp.cpp; name = KeyCodes.cpp; path = ../KeyCodes.cpp; sourceTree = "<group>"; };
		90706E03222D0AEB003B56F0 /* KeyCodes.h */ = {isa = PBXFileReference; fileEncoding = 4; lastKnownFileType = sourcecode.c.h; name = KeyCodes.h; path = ../KeyCodes.h; sourceTree = "<group>"; };
		90706E09222D0BC7003B56F0 /* main.cpp */ = {isa = PBXFileReference; fileEncoding = 4; lastKnownFileType = sourcecode.cpp.cpp; name = main.cpp; path = ../main.cpp; sourceTree = "<group>"; };
		B5408F4F141609FB00CD7734 /* SenTestingKit.framework */ = {isa = PBXFileReference; lastKnownFileType = wrapper.framework; name = SenTestingKit.framework; path = Library/Frameworks/SenTestingKit.framework; sourceTree = DEVELOPER_DIR; };
/* End PBXFileReference section */

/* Begin PBXFrameworksBuildPhase section */
		90301AC91951DF7600F4FAFD /* Frameworks */ = {
			isa = PBXFrameworksBuildPhase;
			buildActionMask = 2147483647;
			files = (
			);
			runOnlyForDeploymentPostprocessing = 0;
		};
		90594CF416B4133B009159D0 /* Frameworks */ = {
			isa = PBXFrameworksBuildPhase;
			buildActionMask = 2147483647;
			files = (
				90594CF916B4133B009159D0 /* Cocoa.framework in Frameworks */,
			);
			runOnlyForDeploymentPostprocessing = 0;
		};
		90594D5316B41572009159D0 /* Frameworks */ = {
			isa = PBXFrameworksBuildPhase;
			buildActionMask = 2147483647;
			files = (
				90594D5716B41572009159D0 /* Foundation.framework in Frameworks */,
			);
			runOnlyForDeploymentPostprocessing = 0;
		};
/* End PBXFrameworksBuildPhase section */

/* Begin PBXGroup section */
		034768DDFF38A45A11DB9C8B /* Products */ = {
			isa = PBXGroup;
			children = (
				90594CF716B4133B009159D0 /* libkeymagic.a */,
				90594D5616B41572009159D0 /* libikeymagic.a */,
				90301ACC1951DF7600F4FAFD /* keymagic_console */,
			);
			name = Products;
			sourceTree = "<group>";
		};
		0867D691FE84028FC02AAC07 /* keymagic */ = {
			isa = PBXGroup;
			children = (
				90706E08222D0BB9003B56F0 /* keymagic_console */,
				5073E0CA09E734BC00EC74B6 /* Configuration Files */,
				08FB77ACFE841707C02AAC07 /* Source */,
				B5408F4E141609FB00CD7734 /* Frameworks */,
				034768DDFF38A45A11DB9C8B /* Products */,
			);
			name = keymagic;
			sourceTree = "<group>";
		};
		08FB77ACFE841707C02AAC07 /* Source */ = {
			isa = PBXGroup;
			children = (
				90706E02222D0AEA003B56F0 /* KeyCodes.cpp */,
				90706E03222D0AEB003B56F0 /* KeyCodes.h */,
				90354026222D07990083B24C /* KeyMagicEngine.cpp */,
				9035402A222D07990083B24C /* KeyMagicEngine.h */,
				9035402D222D07990083B24C /* KeyMagicErrorLogger.cpp */,
				90354030222D079A0083B24C /* KeyMagicErrorLogger.h */,
				90354028222D07990083B24C /* KeyMagicKeyboard.cpp */,
				9035402F222D07990083B24C /* KeyMagicKeyboard.h */,
				90354029222D07990083B24C /* KeyMagicLogger.cpp */,
				90354027222D07990083B24C /* KeyMagicLogger.h */,
				9035402E222D07990083B24C /* KeyMagicString.cpp */,
				90354031222D079A0083B24C /* KeyMagicString.h */,
				9035402B222D07990083B24C /* KeyMagicTypes.cpp */,
				9035402C222D07990083B24C /* KeyMagicTypes.h */,
				90354050222D07E30083B24C /* LogFileWriter.cpp */,
				9035404C222D07E30083B24C /* LogFileWriter.h */,
				9035404A222D07E30083B24C /* RuleInfo.cpp */,
				9035404D222D07E30083B24C /* RuleInfo.h */,
				9035404E222D07E30083B24C /* Util.cpp */,
				9035404F222D07E30083B24C /* Util.h */,
				90594D5116B4152C009159D0 /* keymagic_Prefix.pch */,
			);
			name = Source;
			sourceTree = "<group>";
		};
		5073E0CA09E734BC00EC74B6 /* Configuration Files */ = {
			isa = PBXGroup;
			children = (
			);
			name = "Configuration Files";
			sourceTree = "<group>";
		};
		90594CFA16B4133B009159D0 /* Other Frameworks */ = {
			isa = PBXGroup;
			children = (
				90594CFB16B4133B009159D0 /* AppKit.framework */,
				90594CFC16B4133B009159D0 /* CoreData.framework */,
				90594CFD16B4133B009159D0 /* Foundation.framework */,
			);
			name = "Other Frameworks";
			sourceTree = "<group>";
		};
		90706E08222D0BB9003B56F0 /* keymagic_console */ = {
			isa = PBXGroup;
			children = (
				90706E09222D0BC7003B56F0 /* main.cpp */,
			);
			name = keymagic_console;
			sourceTree = "<group>";
		};
		B5408F4E141609FB00CD7734 /* Frameworks */ = {
			isa = PBXGroup;
			children = (
				B5408F4F141609FB00CD7734 /* SenTestingKit.framework */,
				90594CF816B4133B009159D0 /* Cocoa.framework */,
				90594D0C16B41358009159D0 /* Foundation.framework */,
				90594CFA16B4133B009159D0 /* Other Frameworks */,
			);
			name = Frameworks;
			sourceTree = "<group>";
		};
/* End PBXGroup section */

/* Begin PBXHeadersBuildPhase section */
		90594CF516B4133B009159D0 /* Headers */ = {
			isa = PBXHeadersBuildPhase;
			buildActionMask = 2147483647;
			files = (
				90354057222D07E30083B24C /* LogFileWriter.h in Headers */,
				9035403C222D079A0083B24C /* KeyMagicEngine.h in Headers */,
				90354049222D079A0083B24C /* KeyMagicString.h in Headers */,
				90354040222D079A0083B24C /* KeyMagicTypes.h in Headers */,
				90354058222D07E30083B24C /* RuleInfo.h in Headers */,
				90354035222D079A0083B24C /* KeyMagicLogger.h in Headers */,
				90354047222D079A0083B24C /* KeyMagicKeyboard.h in Headers */,
				9035405C222D07E30083B24C /* Util.h in Headers */,
				90354048222D079A0083B24C /* KeyMagicErrorLogger.h in Headers */,
				90706E07222D0AEB003B56F0 /* KeyCodes.h in Headers */,
			);
			runOnlyForDeploymentPostprocessing = 0;
		};
/* End PBXHeadersBuildPhase section */

/* Begin PBXNativeTarget section */
		90301ACB1951DF7600F4FAFD /* keymagic_console */ = {
			isa = PBXNativeTarget;
			buildConfigurationList = 90301AD21951DF7600F4FAFD /* Build configuration list for PBXNativeTarget "keymagic_console" */;
			buildPhases = (
				90301AC81951DF7600F4FAFD /* Sources */,
				90301AC91951DF7600F4FAFD /* Frameworks */,
				90301ACA1951DF7600F4FAFD /* CopyFiles */,
			);
			buildRules = (
			);
			dependencies = (
			);
			name = keymagic_console;
			productName = keymagic_console;
			productReference = 90301ACC1951DF7600F4FAFD /* keymagic_console */;
			productType = "com.apple.product-type.tool";
		};
		90594CF616B4133B009159D0 /* keymagic */ = {
			isa = PBXNativeTarget;
			buildConfigurationList = 90594D0416B4133B009159D0 /* Build configuration list for PBXNativeTarget "keymagic" */;
			buildPhases = (
				90594CF316B4133B009159D0 /* Sources */,
				90594CF416B4133B009159D0 /* Frameworks */,
				90594CF516B4133B009159D0 /* Headers */,
			);
			buildRules = (
			);
			dependencies = (
			);
			name = keymagic;
			productName = keymagic;
			productReference = 90594CF716B4133B009159D0 /* libkeymagic.a */;
			productType = "com.apple.product-type.library.static";
		};
		90594D5516B41572009159D0 /* ikeymagic */ = {
			isa = PBXNativeTarget;
			buildConfigurationList = 90594D5F16B41572009159D0 /* Build configuration list for PBXNativeTarget "ikeymagic" */;
			buildPhases = (
				90594D5216B41572009159D0 /* Sources */,
				90594D5316B41572009159D0 /* Frameworks */,
				90594D5416B41572009159D0 /* CopyFiles */,
			);
			buildRules = (
			);
			dependencies = (
			);
			name = ikeymagic;
			productName = ikeymagic;
			productReference = 90594D5616B41572009159D0 /* libikeymagic.a */;
			productType = "com.apple.product-type.library.static";
		};
/* End PBXNativeTarget section */

/* Begin PBXProject section */
		0867D690FE84028FC02AAC07 /* Project object */ = {
			isa = PBXProject;
			attributes = {
				LastUpgradeCheck = 0700;
				TargetAttributes = {
					90301ACB1951DF7600F4FAFD = {
						CreatedOnToolsVersion = 6.0;
					};
				};
			};
			buildConfigurationList = 1DEB916408733D950010E9CD /* Build configuration list for PBXProject "keymagic" */;
			compatibilityVersion = "Xcode 3.2";
			developmentRegion = English;
			hasScannedForEncodings = 1;
			knownRegions = (
				English,
				Japanese,
				French,
				German,
				en,
			);
			mainGroup = 0867D691FE84028FC02AAC07 /* keymagic */;
			productRefGroup = 034768DDFF38A45A11DB9C8B /* Products */;
			projectDirPath = "";
			projectRoot = "";
			targets = (
				90594CF616B4133B009159D0 /* keymagic */,
				90594D5516B41572009159D0 /* ikeymagic */,
				90594E0B16B421FB009159D0 /* ikeymagic-universal */,
				90301ACB1951DF7600F4FAFD /* keymagic_console */,
			);
		};
/* End PBXProject section */

/* Begin PBXShellScriptBuildPhase section */
		90594E0F16B42272009159D0 /* ShellScript */ = {
			isa = PBXShellScriptBuildPhase;
			buildActionMask = 2147483647;
			files = (
			);
			inputPaths = (
			);
			outputPaths = (
			);
			runOnlyForDeploymentPostprocessing = 0;
			shellPath = /bin/sh;
			shellScript = "set -e\nset +u\n# Avoid recursively calling this script.\nif [[ $SF_MASTER_SCRIPT_RUNNING ]]\nthen\nexit 0\nfi\nset -u\nexport SF_MASTER_SCRIPT_RUNNING=1\n\nSF_TARGET_NAME=\"ikeymagic\"\nSF_EXECUTABLE_PATH=\"lib${SF_TARGET_NAME}.a\"\n\n# The following conditionals come from\n# https://github.com/kstenerud/iOS-Universal-Framework\n\nif [[ \"$SDK_NAME\" =~ ([A-Za-z]+) ]]\nthen\nSF_SDK_PLATFORM=${BASH_REMATCH[1]}\nelse\necho \"Could not find platform name from SDK_NAME: $SDK_NAME\"\nexit 1\nfi\n\nif [[ \"$SDK_NAME\" =~ ([0-9]+.*$) ]]\nthen\nSF_SDK_VERSION=${BASH_REMATCH[1]}\nelse\necho \"Could not find sdk version from SDK_NAME: $SDK_NAME\"\nexit 1\nfi\n\nif [[ \"$SF_SDK_PLATFORM\" = \"iphoneos\" ]]\nthen\nSF_OTHER_PLATFORM=iphonesimulator\nelse\nSF_OTHER_PLATFORM=iphoneos\nfi\n\nif [[ \"$BUILT_PRODUCTS_DIR\" =~ (.*)$SF_SDK_PLATFORM$ ]]\nthen\nSF_OTHER_BUILT_PRODUCTS_DIR=\"${BASH_REMATCH[1]}${SF_OTHER_PLATFORM}\"\nelse\necho \"Could not find platform name from build products directory: $BUILT_PRODUCTS_DIR\"\nexit 1\nfi\n\n# Build the other platform.\nxcodebuild -project \"${PROJECT_FILE_PATH}\" -target \"${TARGET_NAME}\" -configuration \"${CONFIGURATION}\" -sdk ${SF_OTHER_PLATFORM}${SF_SDK_VERSION} BUILD_DIR=\"${BUILD_DIR}\" OBJROOT=\"${OBJROOT}/DependantBuilds\" BUILD_ROOT=\"${BUILD_ROOT}\" SYMROOT=\"${SYMROOT}\" $ACTION\n\n# Smash the two static libraries into one fat binary and store it in the .framework\nlipo -create \"${BUILT_PRODUCTS_DIR}/${SF_EXECUTABLE_PATH}\" \"${SF_OTHER_BUILT_PRODUCTS_DIR}/${SF_EXECUTABLE_PATH}\" -output \"${BUILT_PRODUCTS_DIR}/universal_${SF_EXECUTABLE_PATH}\"\n\n# Copy the binary to the other architecture folder to have a complete framework in both.\ncp -a \"${BUILT_PRODUCTS_DIR}/universal_${SF_EXECUTABLE_PATH}\" \"${SF_OTHER_BUILT_PRODUCTS_DIR}/universal_${SF_EXECUTABLE_PATH}\"\n";
		};
/* End PBXShellScriptBuildPhase section */

/* Begin PBXSourcesBuildPhase section */
		90301AC81951DF7600F4FAFD /* Sources */ = {
			isa = PBXSourcesBuildPhase;
			buildActionMask = 2147483647;
			files = (
				9035403B222D079A0083B24C /* KeyMagicLogger.cpp in Sources */,
				90354053222D07E30083B24C /* RuleInfo.cpp in Sources */,
				90354034222D079A0083B24C /* KeyMagicEngine.cpp in Sources */,
				90354046222D079A0083B24C /* KeyMagicString.cpp in Sources */,
				90706E0A222D0BC7003B56F0 /* main.cpp in Sources */,
				90706E06222D0AEB003B56F0 /* KeyCodes.cpp in Sources */,
				9035403F222D079A0083B24C /* KeyMagicTypes.cpp in Sources */,
				90354038222D079A0083B24C /* KeyMagicKeyboard.cpp in Sources */,
				90354043222D079A0083B24C /* KeyMagicErrorLogger.cpp in Sources */,
				9035405B222D07E30083B24C /* Util.cpp in Sources */,
				9035405F222D07E30083B24C /* LogFileWriter.cpp in Sources */,
			);
			runOnlyForDeploymentPostprocessing = 0;
		};
		90594CF316B4133B009159D0 /* Sources */ = {
			isa = PBXSourcesBuildPhase;
			buildActionMask = 2147483647;
			files = (
				90354059222D07E30083B24C /* Util.cpp in Sources */,
				90354044222D079A0083B24C /* KeyMagicString.cpp in Sources */,
				90354051222D07E30083B24C /* RuleInfo.cpp in Sources */,
				9035405D222D07E30083B24C /* LogFileWriter.cpp in Sources */,
				90354032222D079A0083B24C /* KeyMagicEngine.cpp in Sources */,
				90354036222D079A0083B24C /* KeyMagicKeyboard.cpp in Sources */,
				90706E04222D0AEB003B56F0 /* KeyCodes.cpp in Sources */,
				90354039222D079A0083B24C /* KeyMagicLogger.cpp in Sources */,
				90354041222D079A0083B24C /* KeyMagicErrorLogger.cpp in Sources */,
				9035403D222D079A0083B24C /* KeyMagicTypes.cpp in Sources */,
			);
			runOnlyForDeploymentPostprocessing = 0;
		};
		90594D5216B41572009159D0 /* Sources */ = {
			isa = PBXSourcesBuildPhase;
			buildActionMask = 2147483647;
			files = (
				9035405A222D07E30083B24C /* Util.cpp in Sources */,
				90354045222D079A0083B24C /* KeyMagicString.cpp in Sources */,
				90354052222D07E30083B24C /* RuleInfo.cpp in Sources */,
				9035405E222D07E30083B24C /* LogFileWriter.cpp in Sources */,
				90354033222D079A0083B24C /* KeyMagicEngine.cpp in Sources */,
				90354037222D079A0083B24C /* KeyMagicKeyboard.cpp in Sources */,
				90706E05222D0AEB003B56F0 /* KeyCodes.cpp in Sources */,
				9035403A222D079A0083B24C /* KeyMagicLogger.cpp in Sources */,
				90354042222D079A0083B24C /* KeyMagicErrorLogger.cpp in Sources */,
				9035403E222D079A0083B24C /* KeyMagicTypes.cpp in Sources */,
			);
			runOnlyForDeploymentPostprocessing = 0;
		};
/* End PBXSourcesBuildPhase section */

/* Begin PBXTargetDependency section */
		90706DFF222D09A1003B56F0 /* PBXTargetDependency */ = {
			isa = PBXTargetDependency;
			target = 90594D5516B41572009159D0 /* ikeymagic */;
			targetProxy = 90706DFE222D09A1003B56F0 /* PBXContainerItemProxy */;
		};
/* End PBXTargetDependency section */

/* Begin XCBuildConfiguration section */
		1DEB916508733D950010E9CD /* Debug */ = {
			isa = XCBuildConfiguration;
			buildSettings = {
				CLANG_CXX_LANGUAGE_STANDARD = "gnu++0x";
				CLANG_CXX_LIBRARY = "libc++";
				ENABLE_TESTABILITY = YES;
				GCC_OPTIMIZATION_LEVEL = 0;
				GCC_SYMBOLS_PRIVATE_EXTERN = NO;
				GCC_WARN_ABOUT_RETURN_TYPE = YES;
				GCC_WARN_UNUSED_VARIABLE = YES;
				MACH_O_TYPE = staticlib;
				ONLY_ACTIVE_ARCH = YES;
				OTHER_CFLAGS = "-fembed-bitcode";
				SDKROOT = macosx;
			};
			name = Debug;
		};
		1DEB916608733D950010E9CD /* Release */ = {
			isa = XCBuildConfiguration;
			buildSettings = {
				CLANG_CXX_LANGUAGE_STANDARD = "gnu++0x";
				CLANG_CXX_LIBRARY = "libc++";
				GCC_SYMBOLS_PRIVATE_EXTERN = NO;
				GCC_WARN_ABOUT_RETURN_TYPE = YES;
				GCC_WARN_UNUSED_VARIABLE = YES;
				OTHER_CFLAGS = "-fembed-bitcode";
				SDKROOT = macosx;
			};
			name = Release;
		};
		90301AD01951DF7600F4FAFD /* Debug */ = {
			isa = XCBuildConfiguration;
			buildSettings = {
				ALWAYS_SEARCH_USER_PATHS = NO;
				CLANG_ENABLE_MODULES = YES;
				CLANG_ENABLE_OBJC_ARC = YES;
				CLANG_WARN_BOOL_CONVERSION = YES;
				CLANG_WARN_CONSTANT_CONVERSION = YES;
				CLANG_WARN_DIRECT_OBJC_ISA_USAGE = YES_ERROR;
				CLANG_WARN_EMPTY_BODY = YES;
				CLANG_WARN_ENUM_CONVERSION = YES;
				CLANG_WARN_INT_CONVERSION = YES;
				CLANG_WARN_OBJC_ROOT_CLASS = YES_ERROR;
				CLANG_WARN_UNREACHABLE_CODE = YES;
				CLANG_WARN__DUPLICATE_METHOD_MATCH = YES;
				COPY_PHASE_STRIP = NO;
				ENABLE_STRICT_OBJC_MSGSEND = YES;
				GCC_C_LANGUAGE_STANDARD = gnu99;
				GCC_DYNAMIC_NO_PIC = NO;
				GCC_PREPROCESSOR_DEFINITIONS = (
					"DEBUG=1",
					"$(inherited)",
				);
				GCC_WARN_64_TO_32_BIT_CONVERSION = YES;
				GCC_WARN_ABOUT_RETURN_TYPE = YES_ERROR;
				GCC_WARN_UNDECLARED_SELECTOR = YES;
				GCC_WARN_UNINITIALIZED_AUTOS = YES_AGGRESSIVE;
				GCC_WARN_UNUSED_FUNCTION = YES;
				MACH_O_TYPE = mh_execute;
				MACOSX_DEPLOYMENT_TARGET = 10.9;
				METAL_ENABLE_DEBUG_INFO = YES;
				ONLY_ACTIVE_ARCH = YES;
				PRODUCT_NAME = "$(TARGET_NAME)";
			};
			name = Debug;
		};
		90301AD11951DF7600F4FAFD /* Release */ = {
			isa = XCBuildConfiguration;
			buildSettings = {
				ALWAYS_SEARCH_USER_PATHS = NO;
				CLANG_ENABLE_MODULES = YES;
				CLANG_ENABLE_OBJC_ARC = YES;
				CLANG_WARN_BOOL_CONVERSION = YES;
				CLANG_WARN_CONSTANT_CONVERSION = YES;
				CLANG_WARN_DIRECT_OBJC_ISA_USAGE = YES_ERROR;
				CLANG_WARN_EMPTY_BODY = YES;
				CLANG_WARN_ENUM_CONVERSION = YES;
				CLANG_WARN_INT_CONVERSION = YES;
				CLANG_WARN_OBJC_ROOT_CLASS = YES_ERROR;
				CLANG_WARN_UNREACHABLE_CODE = YES;
				CLANG_WARN__DUPLICATE_METHOD_MATCH = YES;
				COPY_PHASE_STRIP = YES;
				DEBUG_INFORMATION_FORMAT = "dwarf-with-dsym";
				ENABLE_NS_ASSERTIONS = NO;
				ENABLE_STRICT_OBJC_MSGSEND = YES;
				GCC_C_LANGUAGE_STANDARD = gnu99;
				GCC_WARN_64_TO_32_BIT_CONVERSION = YES;
				GCC_WARN_ABOUT_RETURN_TYPE = YES_ERROR;
				GCC_WARN_UNDECLARED_SELECTOR = YES;
				GCC_WARN_UNINITIALIZED_AUTOS = YES_AGGRESSIVE;
				GCC_WARN_UNUSED_FUNCTION = YES;
				MACH_O_TYPE = mh_execute;
				MACOSX_DEPLOYMENT_TARGET = 10.9;
				METAL_ENABLE_DEBUG_INFO = NO;
				PRODUCT_NAME = "$(TARGET_NAME)";
			};
			name = Release;
		};
		90594D0516B4133B009159D0 /* Debug */ = {
			isa = XCBuildConfiguration;
			buildSettings = {
				ALWAYS_SEARCH_USER_PATHS = NO;
				CLANG_ENABLE_OBJC_ARC = YES;
				CLANG_WARN_EMPTY_BODY = YES;
				CLANG_WARN__DUPLICATE_METHOD_MATCH = YES;
				COMBINE_HIDPI_IMAGES = YES;
				COPY_PHASE_STRIP = NO;
				GCC_DYNAMIC_NO_PIC = NO;
				GCC_ENABLE_OBJC_EXCEPTIONS = YES;
				GCC_PRECOMPILE_PREFIX_HEADER = YES;
				GCC_PREFIX_HEADER = keymagic_Prefix.pch;
				GCC_PREPROCESSOR_DEFINITIONS = (
					"DEBUG=1",
					"$(inherited)",
				);
				GCC_WARN_64_TO_32_BIT_CONVERSION = YES;
				GCC_WARN_UNINITIALIZED_AUTOS = YES;
				MACOSX_DEPLOYMENT_TARGET = 10.8;
				ONLY_ACTIVE_ARCH = NO;
				PRODUCT_NAME = "$(TARGET_NAME)";
			};
			name = Debug;
		};
		90594D0616B4133B009159D0 /* Release */ = {
			isa = XCBuildConfiguration;
			buildSettings = {
				ALWAYS_SEARCH_USER_PATHS = NO;
				CLANG_ENABLE_OBJC_ARC = YES;
				CLANG_WARN_EMPTY_BODY = YES;
				CLANG_WARN__DUPLICATE_METHOD_MATCH = YES;
				COMBINE_HIDPI_IMAGES = YES;
				COPY_PHASE_STRIP = YES;
				DEBUG_INFORMATION_FORMAT = "dwarf-with-dsym";
				GCC_ENABLE_OBJC_EXCEPTIONS = YES;
				GCC_PRECOMPILE_PREFIX_HEADER = YES;
				GCC_PREFIX_HEADER = keymagic_Prefix.pch;
				GCC_WARN_64_TO_32_BIT_CONVERSION = YES;
				GCC_WARN_UNINITIALIZED_AUTOS = YES;
				MACOSX_DEPLOYMENT_TARGET = 10.8;
				PRODUCT_NAME = "$(TARGET_NAME)";
			};
			name = Release;
		};
		90594D6016B41572009159D0 /* Debug */ = {
			isa = XCBuildConfiguration;
			buildSettings = {
				ALWAYS_SEARCH_USER_PATHS = NO;
				CLANG_ENABLE_OBJC_ARC = YES;
				CLANG_WARN_EMPTY_BODY = YES;
				CLANG_WARN__DUPLICATE_METHOD_MATCH = YES;
				COPY_PHASE_STRIP = NO;
				DSTROOT = /tmp/ikeymagic.dst;
				GCC_DYNAMIC_NO_PIC = NO;
				GCC_PRECOMPILE_PREFIX_HEADER = YES;
				GCC_PREFIX_HEADER = keymagic_Prefix.pch;
				GCC_PREPROCESSOR_DEFINITIONS = (
					"DEBUG=1",
					"$(inherited)",
				);
				GCC_WARN_UNINITIALIZED_AUTOS = YES;
				IPHONEOS_DEPLOYMENT_TARGET = 8.0;
				ONLY_ACTIVE_ARCH = NO;
				OTHER_LDFLAGS = "-ObjC";
				PRODUCT_NAME = "$(TARGET_NAME)";
				SDKROOT = iphoneos;
				SKIP_INSTALL = YES;
			};
			name = Debug;
		};
		90594D6116B41572009159D0 /* Release */ = {
			isa = XCBuildConfiguration;
			buildSettings = {
				ALWAYS_SEARCH_USER_PATHS = NO;
				CLANG_ENABLE_OBJC_ARC = YES;
				CLANG_WARN_EMPTY_BODY = YES;
				CLANG_WARN__DUPLICATE_METHOD_MATCH = YES;
				COPY_PHASE_STRIP = YES;
				DSTROOT = /tmp/ikeymagic.dst;
				GCC_PRECOMPILE_PREFIX_HEADER = YES;
				GCC_PREFIX_HEADER = keymagic_Prefix.pch;
				GCC_WARN_UNINITIALIZED_AUTOS = YES;
				IPHONEOS_DEPLOYMENT_TARGET = 8.0;
				OTHER_LDFLAGS = "-ObjC";
				PRODUCT_NAME = "$(TARGET_NAME)";
				SDKROOT = iphoneos;
				SKIP_INSTALL = YES;
				VALIDATE_PRODUCT = YES;
			};
			name = Release;
		};
		90594E0D16B421FB009159D0 /* Debug */ = {
			isa = XCBuildConfiguration;
			buildSettings = {
				IPHONEOS_DEPLOYMENT_TARGET = 8.0;
				PRODUCT_NAME = "$(TARGET_NAME)";
				SDKROOT = iphoneos;
				SUPPORTED_PLATFORMS = "iphonesimulator iphoneos";
			};
			name = Debug;
		};
		90594E0E16B421FB009159D0 /* Release */ = {
			isa = XCBuildConfiguration;
			buildSettings = {
				IPHONEOS_DEPLOYMENT_TARGET = 8.0;
				PRODUCT_NAME = "$(TARGET_NAME)";
				SDKROOT = iphoneos;
				SUPPORTED_PLATFORMS = "iphonesimulator iphoneos";
			};
			name = Release;
		};
/* End XCBuildConfiguration section */

/* Begin XCConfigurationList section */
		1DEB916408733D950010E9CD /* Build configuration list for PBXProject "keymagic" */ = {
			isa = XCConfigurationList;
			buildConfigurations = (
				1DEB916508733D950010E9CD /* Debug */,
				1DEB916608733D950010E9CD /* Release */,
			);
			defaultConfigurationIsVisible = 0;
			defaultConfigurationName = Release;
		};
		90301AD21951DF7600F4FAFD /* Build configuration list for PBXNativeTarget "keymagic_console" */ = {
			isa = XCConfigurationList;
			buildConfigurations = (
				90301AD01951DF7600F4FAFD /* Debug */,
				90301AD11951DF7600F4FAFD /* Release */,
			);
			defaultConfigurationIsVisible = 0;
			defaultConfigurationName = Release;
		};
		90594D0416B4133B009159D0 /* Build configuration list for PBXNativeTarget "keymagic" */ = {
			isa = XCConfigurationList;
			buildConfigurations = (
				90594D0516B4133B009159D0 /* Debug */,
				90594D0616B4133B009159D0 /* Release */,
			);
			defaultConfigurationIsVisible = 0;
			defaultConfigurationName = Release;
		};
		90594D5F16B41572009159D0 /* Build configuration list for PBXNativeTarget "ikeymagic" */ = {
			isa = XCConfigurationList;
			buildConfigurations = (
				90594D6016B41572009159D0 /* Debug */,
				90594D6116B41572009159D0 /* Release */,
			);
			defaultConfigurationIsVisible = 0;
			defaultConfigurationName = Release;
		};
		90594E0C16B421FB009159D0 /* Build configuration list for PBXAggregateTarget "ikeymagic-universal" */ = {
			isa = XCConfigurationList;
			buildConfigurations = (
				90594E0D16B421FB009159D0 /* Debug */,
				90594E0E16B421FB009159D0 /* Release */,
			);
			defaultConfigurationIsVisible = 0;
			defaultConfigurationName = Release;
		};
/* End XCConfigurationList section */
	};
	rootObject = 0867D690FE84028FC02AAC07 /* Project object */;
}
