// !$*UTF8*$!
{
	archiveVersion = 1;
	classes = {
	};
	objectVersion = 46;
	objects = {

/* Begin PBXBuildFile section */
		6AA6D20E0EAC655B00DF1C2C /* Cocoa.framework in Frameworks */ = {isa = PBXBuildFile; fileRef = 6AA6D20D0EAC655B00DF1C2C /* Cocoa.framework */; };
		6AA6D2100EAC655B00DF1C2C /* InputMethodKit.framework in Frameworks */ = {isa = PBXBuildFile; fileRef = 6AA6D20F0EAC655B00DF1C2C /* InputMethodKit.framework */; };
		6AAE6B230EAC6AA400E8EBBA /* KeyMagic.icns in Resources */ = {isa = PBXBuildFile; fileRef = 6AAE6B220EAC6AA400E8EBBA /* KeyMagic.icns */; };
		6AAE6B570EAC6BE900E8EBBA /* MainMenu.xib in Resources */ = {isa = PBXBuildFile; fileRef = 6AAE6B550EAC6BE900E8EBBA /* MainMenu.xib */; };
		90412BC6222D13A700D03B91 /* KeyMagicIMEController.mm in Sources */ = {isa = PBXBuildFile; fileRef = 90412BC3222D13A700D03B91 /* KeyMagicIMEController.mm */; };
		90412BC7222D13A700D03B91 /* main.mm in Sources */ = {isa = PBXBuildFile; fileRef = 90412BC5222D13A700D03B91 /* main.mm */; };
		90706E3E222D0ED8003B56F0 /* KeyMagicKeyboard.cpp in Sources */ = {isa = PBXBuildFile; fileRef = 90706E31222D0ED8003B56F0 /* KeyMagicKeyboard.cpp */; };
		90706E3F222D0ED8003B56F0 /* KeyCodes.cpp in Sources */ = {isa = PBXBuildFile; fileRef = 90706E32222D0ED8003B56F0 /* KeyCodes.cpp */; };
		90706E40222D0ED8003B56F0 /* KeyMagicLogger.cpp in Sources */ = {isa = PBXBuildFile; fileRef = 90706E33222D0ED8003B56F0 /* KeyMagicLogger.cpp */; };
		90706E41222D0ED8003B56F0 /* KeyMagicTypes.cpp in Sources */ = {isa = PBXBuildFile; fileRef = 90706E34222D0ED8003B56F0 /* KeyMagicTypes.cpp */; };
		90706E42222D0ED8003B56F0 /* KeyMagicEngine.cpp in Sources */ = {isa = PBXBuildFile; fileRef = 90706E36222D0ED8003B56F0 /* KeyMagicEngine.cpp */; };
		90706E43222D0ED8003B56F0 /* KeyMagicString.cpp in Sources */ = {isa = PBXBuildFile; fileRef = 90706E3A222D0ED8003B56F0 /* KeyMagicString.cpp */; };
		90706E44222D0ED8003B56F0 /* KeyMagicErrorLogger.cpp in Sources */ = {isa = PBXBuildFile; fileRef = 90706E3D222D0ED8003B56F0 /* KeyMagicErrorLogger.cpp */; };
		90706E4B222D0EE0003B56F0 /* LogFileWriter.cpp in Sources */ = {isa = PBXBuildFile; fileRef = 90706E47222D0EE0003B56F0 /* LogFileWriter.cpp */; };
		90706E4C222D0EE0003B56F0 /* RuleInfo.cpp in Sources */ = {isa = PBXBuildFile; fileRef = 90706E48222D0EE0003B56F0 /* RuleInfo.cpp */; };
		90706E4D222D0EE0003B56F0 /* Util.cpp in Sources */ = {isa = PBXBuildFile; fileRef = 90706E4A222D0EE0003B56F0 /* Util.cpp */; };
		90706E50222D0EF5003B56F0 /* Foundation.framework in Frameworks */ = {isa = PBXBuildFile; fileRef = 90706E4F222D0EF5003B56F0 /* Foundation.framework */; };
		90706E52222D0EF8003B56F0 /* AppKit.framework in Frameworks */ = {isa = PBXBuildFile; fileRef = 90706E51222D0EF8003B56F0 /* AppKit.framework */; };
		90DCDF5F23E043DC0027B154 /* MyanSan.km2 in Resources */ = {isa = PBXBuildFile; fileRef = 90DCDF5E23E043DC0027B154 /* MyanSan.km2 */; };
		90DCDF6123E043E60027B154 /* ZawCode.km2 in Resources */ = {isa = PBXBuildFile; fileRef = 90DCDF6023E043E60027B154 /* ZawCode.km2 */; };
		90DCDF6323E043ED0027B154 /* Zawgyi L.km2 in Resources */ = {isa = PBXBuildFile; fileRef = 90DCDF6223E043ED0027B154 /* Zawgyi L.km2 */; };
		90DCDF6523E043F60027B154 /* Pyidaungsu MM.km2 in Resources */ = {isa = PBXBuildFile; fileRef = 90DCDF6423E043F60027B154 /* Pyidaungsu MM.km2 */; };
		90DCDF6823E0448B0027B154 /* KeyboardFactory.mm in Sources */ = {isa = PBXBuildFile; fileRef = 90DCDF6723E0448B0027B154 /* KeyboardFactory.mm */; };
		B510C5B513769F16008798E7 /* KeyMagicUtil.mm in Sources */ = {isa = PBXBuildFile; fileRef = B510C5B313769F16008798E7 /* KeyMagicUtil.mm */; };
		B511BFC412009E270060A548 /* Keyboard.mm in Sources */ = {isa = PBXBuildFile; fileRef = B511BFB612009E270060A548 /* Keyboard.mm */; };
		B511C1BC1200A6CA0060A548 /* Carbon.framework in Frameworks */ = {isa = PBXBuildFile; fileRef = 6A31F7460EAC68880045D7EE /* Carbon.framework */; };
		B51D988212FFA555008E0A2F /* KeyMagicNSString.mm in Sources */ = {isa = PBXBuildFile; fileRef = B51D987D12FFA555008E0A2F /* KeyMagicNSString.mm */; };
		B595DA2513D39931005636D3 /* KeyMagic_black.icns in Resources */ = {isa = PBXBuildFile; fileRef = B595DA2413D39931005636D3 /* KeyMagic_black.icns */; };
/* End PBXBuildFile section */

/* Begin PBXCopyFilesBuildPhase section */
		B51D98CF12FFA797008E0A2F /* CopyFiles */ = {
			isa = PBXCopyFilesBuildPhase;
			buildActionMask = 2147483647;
			dstPath = "";
			dstSubfolderSpec = 10;
			files = (
			);
			runOnlyForDeploymentPostprocessing = 0;
		};
/* End PBXCopyFilesBuildPhase section */

/* Begin PBXFileReference section */
		6A31F7460EAC68880045D7EE /* Carbon.framework */ = {isa = PBXFileReference; lastKnownFileType = wrapper.framework; name = Carbon.framework; path = /System/Library/Frameworks/Carbon.framework; sourceTree = "<absolute>"; };
		6AA6D1EB0EAC640E00DF1C2C /* KeyMagic.app */ = {isa = PBXFileReference; explicitFileType = wrapper.application; includeInIndex = 0; path = KeyMagic.app; sourceTree = BUILT_PRODUCTS_DIR; };
		6AA6D1EE0EAC640E00DF1C2C /* KeyMagic-Info.plist */ = {isa = PBXFileReference; lastKnownFileType = text.plist.xml; path = "KeyMagic-Info.plist"; sourceTree = "<group>"; };
		6AA6D20D0EAC655B00DF1C2C /* Cocoa.framework */ = {isa = PBXFileReference; lastKnownFileType = wrapper.framework; name = Cocoa.framework; path = /System/Library/Frameworks/Cocoa.framework; sourceTree = "<absolute>"; };
		6AA6D20F0EAC655B00DF1C2C /* InputMethodKit.framework */ = {isa = PBXFileReference; lastKnownFileType = wrapper.framework; name = InputMethodKit.framework; path = /System/Library/Frameworks/InputMethodKit.framework; sourceTree = "<absolute>"; };
		6AAE6B220EAC6AA400E8EBBA /* KeyMagic.icns */ = {isa = PBXFileReference; lastKnownFileType = image.icns; path = KeyMagic.icns; sourceTree = "<group>"; };
		6AAE6B550EAC6BE900E8EBBA /* MainMenu.xib */ = {isa = PBXFileReference; lastKnownFileType = file.xib; path = MainMenu.xib; sourceTree = "<group>"; };
		90412BC3222D13A700D03B91 /* KeyMagicIMEController.mm */ = {isa = PBXFileReference; fileEncoding = 4; lastKnownFileType = sourcecode.cpp.objcpp; name = KeyMagicIMEController.mm; path = IMEController/KeyMagicIMEController.mm; sourceTree = "<group>"; };
		90412BC4222D13A700D03B91 /* KeyMagicIMEController.h */ = {isa = PBXFileReference; fileEncoding = 4; lastKnownFileType = sourcecode.c.h; name = KeyMagicIMEController.h; path = IMEController/KeyMagicIMEController.h; sourceTree = "<group>"; };
		90412BC5222D13A700D03B91 /* main.mm */ = {isa = PBXFileReference; fileEncoding = 4; lastKnownFileType = sourcecode.cpp.objcpp; name = main.mm; path = IMEController/main.mm; sourceTree = "<group>"; };
		90706E30222D0ED8003B56F0 /* KeyMagicErrorLogger.h */ = {isa = PBXFileReference; explicitFileType = sourcecode.cpp.h; fileEncoding = 4; name = KeyMagicErrorLogger.h; path = "../../cross-platform/libkeymagic/KeyMagicErrorLogger.h"; sourceTree = "<group>"; };
		90706E31222D0ED8003B56F0 /* KeyMagicKeyboard.cpp */ = {isa = PBXFileReference; explicitFileType = sourcecode.cpp.objcpp; fileEncoding = 4; name = KeyMagicKeyboard.cpp; path = "../../cross-platform/libkeymagic/KeyMagicKeyboard.cpp"; sourceTree = "<group>"; };
		90706E32222D0ED8003B56F0 /* KeyCodes.cpp */ = {isa = PBXFileReference; explicitFileType = sourcecode.cpp.objcpp; fileEncoding = 4; name = KeyCodes.cpp; path = "../../cross-platform/libkeymagic/KeyCodes.cpp"; sourceTree = "<group>"; };
		90706E33222D0ED8003B56F0 /* KeyMagicLogger.cpp */ = {isa = PBXFileReference; explicitFileType = sourcecode.cpp.objcpp; fileEncoding = 4; name = KeyMagicLogger.cpp; path = "../../cross-platform/libkeymagic/KeyMagicLogger.cpp"; sourceTree = "<group>"; };
		90706E34222D0ED8003B56F0 /* KeyMagicTypes.cpp */ = {isa = PBXFileReference; explicitFileType = sourcecode.cpp.objcpp; fileEncoding = 4; name = KeyMagicTypes.cpp; path = "../../cross-platform/libkeymagic/KeyMagicTypes.cpp"; sourceTree = "<group>"; };
		90706E35222D0ED8003B56F0 /* KeyMagicEngine.h */ = {isa = PBXFileReference; explicitFileType = sourcecode.cpp.h; fileEncoding = 4; name = KeyMagicEngine.h; path = "../../cross-platform/libkeymagic/KeyMagicEngine.h"; sourceTree = "<group>"; };
		90706E36222D0ED8003B56F0 /* KeyMagicEngine.cpp */ = {isa = PBXFileReference; explicitFileType = sourcecode.cpp.objcpp; fileEncoding = 4; name = KeyMagicEngine.cpp; path = "../../cross-platform/libkeymagic/KeyMagicEngine.cpp"; sourceTree = "<group>"; };
		90706E37222D0ED8003B56F0 /* KeyMagicKeyboard.h */ = {isa = PBXFileReference; explicitFileType = sourcecode.cpp.h; fileEncoding = 4; name = KeyMagicKeyboard.h; path = "../../cross-platform/libkeymagic/KeyMagicKeyboard.h"; sourceTree = "<group>"; };
		90706E38222D0ED8003B56F0 /* KeyMagicLogger.h */ = {isa = PBXFileReference; explicitFileType = sourcecode.cpp.h; fileEncoding = 4; name = KeyMagicLogger.h; path = "../../cross-platform/libkeymagic/KeyMagicLogger.h"; sourceTree = "<group>"; };
		90706E39222D0ED8003B56F0 /* KeyCodes.h */ = {isa = PBXFileReference; explicitFileType = sourcecode.cpp.h; fileEncoding = 4; name = KeyCodes.h; path = "../../cross-platform/libkeymagic/KeyCodes.h"; sourceTree = "<group>"; };
		90706E3A222D0ED8003B56F0 /* KeyMagicString.cpp */ = {isa = PBXFileReference; explicitFileType = sourcecode.cpp.objcpp; fileEncoding = 4; name = KeyMagicString.cpp; path = "../../cross-platform/libkeymagic/KeyMagicString.cpp"; sourceTree = "<group>"; };
		90706E3B222D0ED8003B56F0 /* KeyMagicString.h */ = {isa = PBXFileReference; explicitFileType = sourcecode.cpp.h; fileEncoding = 4; name = KeyMagicString.h; path = "../../cross-platform/libkeymagic/KeyMagicString.h"; sourceTree = "<group>"; };
		90706E3C222D0ED8003B56F0 /* KeyMagicTypes.h */ = {isa = PBXFileReference; explicitFileType = sourcecode.cpp.h; fileEncoding = 4; name = KeyMagicTypes.h; path = "../../cross-platform/libkeymagic/KeyMagicTypes.h"; sourceTree = "<group>"; };
		90706E3D222D0ED8003B56F0 /* KeyMagicErrorLogger.cpp */ = {isa = PBXFileReference; explicitFileType = sourcecode.cpp.objcpp; fileEncoding = 4; name = KeyMagicErrorLogger.cpp; path = "../../cross-platform/libkeymagic/KeyMagicErrorLogger.cpp"; sourceTree = "<group>"; };
		90706E45222D0EDF003B56F0 /* Util.h */ = {isa = PBXFileReference; explicitFileType = sourcecode.cpp.h; fileEncoding = 4; name = Util.h; path = "../../cross-platform/libkeymagic/Util.h"; sourceTree = "<group>"; };
		90706E46222D0EDF003B56F0 /* LogFileWriter.h */ = {isa = PBXFileReference; explicitFileType = sourcecode.cpp.h; fileEncoding = 4; name = LogFileWriter.h; path = "../../cross-platform/libkeymagic/LogFileWriter.h"; sourceTree = "<group>"; };
		90706E47222D0EE0003B56F0 /* LogFileWriter.cpp */ = {isa = PBXFileReference; explicitFileType = sourcecode.cpp.objcpp; fileEncoding = 4; name = LogFileWriter.cpp; path = "../../cross-platform/libkeymagic/LogFileWriter.cpp"; sourceTree = "<group>"; };
		90706E48222D0EE0003B56F0 /* RuleInfo.cpp */ = {isa = PBXFileReference; explicitFileType = sourcecode.cpp.objcpp; fileEncoding = 4; name = RuleInfo.cpp; path = "../../cross-platform/libkeymagic/RuleInfo.cpp"; sourceTree = "<group>"; };
		90706E49222D0EE0003B56F0 /* RuleInfo.h */ = {isa = PBXFileReference; explicitFileType = sourcecode.cpp.h; fileEncoding = 4; name = RuleInfo.h; path = "../../cross-platform/libkeymagic/RuleInfo.h"; sourceTree = "<group>"; };
		90706E4A222D0EE0003B56F0 /* Util.cpp */ = {isa = PBXFileReference; explicitFileType = sourcecode.cpp.objcpp; fileEncoding = 4; name = Util.cpp; path = "../../cross-platform/libkeymagic/Util.cpp"; sourceTree = "<group>"; };
		90706E4F222D0EF5003B56F0 /* Foundation.framework */ = {isa = PBXFileReference; lastKnownFileType = wrapper.framework; name = Foundation.framework; path = System/Library/Frameworks/Foundation.framework; sourceTree = SDKROOT; };
		90706E51222D0EF8003B56F0 /* AppKit.framework */ = {isa = PBXFileReference; lastKnownFileType = wrapper.framework; name = AppKit.framework; path = System/Library/Frameworks/AppKit.framework; sourceTree = SDKROOT; };
		90706E53222D11CF003B56F0 /* keymagic.h */ = {isa = PBXFileReference; explicitFileType = sourcecode.cpp.h; name = keymagic.h; path = "../../cross-platform/libkeymagic/keymagic.h"; sourceTree = "<group>"; };
		908FD9EE26DAC98000E11DC8 /* KeyMagic.entitlements */ = {isa = PBXFileReference; lastKnownFileType = text.plist.entitlements; path = KeyMagic.entitlements; sourceTree = "<group>"; };
		90DCDF5E23E043DC0027B154 /* MyanSan.km2 */ = {isa = PBXFileReference; lastKnownFileType = file; name = MyanSan.km2; path = "../../../keymagic-keyboards/MyanSan/MyanSan.km2"; sourceTree = "<group>"; };
		90DCDF6023E043E60027B154 /* ZawCode.km2 */ = {isa = PBXFileReference; lastKnownFileType = file; name = ZawCode.km2; path = "../../../keymagic-keyboards/ZawCode/ZawCode.km2"; sourceTree = "<group>"; };
		90DCDF6223E043ED0027B154 /* Zawgyi L.km2 */ = {isa = PBXFileReference; lastKnownFileType = file; name = "Zawgyi L.km2"; path = "../../../keymagic-keyboards/Zawgyi/Zawgyi L.km2"; sourceTree = "<group>"; };
		90DCDF6423E043F60027B154 /* Pyidaungsu MM.km2 */ = {isa = PBXFileReference; lastKnownFileType = file; name = "Pyidaungsu MM.km2"; path = "../../../keymagic-keyboards/Pyidaungsu/Pyidaungsu MM.km2"; sourceTree = "<group>"; };
		90DCDF6623E0448B0027B154 /* KeyboardFactory.h */ = {isa = PBXFileReference; lastKnownFileType = sourcecode.c.h; path = KeyboardFactory.h; sourceTree = "<group>"; };
		90DCDF6723E0448B0027B154 /* KeyboardFactory.mm */ = {isa = PBXFileReference; lastKnownFileType = sourcecode.cpp.objcpp; path = KeyboardFactory.mm; sourceTree = "<group>"; };
		B510C5B213769F16008798E7 /* KeyMagicUtil.h */ = {isa = PBXFileReference; fileEncoding = 4; lastKnownFileType = sourcecode.c.h; name = KeyMagicUtil.h; path = KeyMagic/KeyMagicUtil.h; sourceTree = "<group>"; };
		B510C5B313769F16008798E7 /* KeyMagicUtil.mm */ = {isa = PBXFileReference; fileEncoding = 4; lastKnownFileType = sourcecode.cpp.objcpp; name = KeyMagicUtil.mm; path = KeyMagic/KeyMagicUtil.mm; sourceTree = "<group>"; };
		B511BFB512009E270060A548 /* Keyboard.h */ = {isa = PBXFileReference; fileEncoding = 4; lastKnownFileType = sourcecode.c.h; name = Keyboard.h; path = KeyMagic/Keyboard.h; sourceTree = "<group>"; };
		B511BFB612009E270060A548 /* Keyboard.mm */ = {isa = PBXFileReference; fileEncoding = 4; lastKnownFileType = sourcecode.cpp.objcpp; name = Keyboard.mm; path = KeyMagic/Keyboard.mm; sourceTree = "<group>"; };
		B51D987C12FFA555008E0A2F /* KeyMagicNSString.h */ = {isa = PBXFileReference; fileEncoding = 4; lastKnownFileType = sourcecode.c.h; name = KeyMagicNSString.h; path = KeyMagic/KeyMagicNSString.h; sourceTree = "<group>"; };
		B51D987D12FFA555008E0A2F /* KeyMagicNSString.mm */ = {isa = PBXFileReference; fileEncoding = 4; lastKnownFileType = sourcecode.cpp.objcpp; name = KeyMagicNSString.mm; path = KeyMagic/KeyMagicNSString.mm; sourceTree = "<group>"; };
		B595DA2413D39931005636D3 /* KeyMagic_black.icns */ = {isa = PBXFileReference; lastKnownFileType = image.icns; path = KeyMagic_black.icns; sourceTree = "<group>"; };
/* End PBXFileReference section */

/* Begin PBXFrameworksBuildPhase section */
		6AA6D1E90EAC640E00DF1C2C /* Frameworks */ = {
			isa = PBXFrameworksBuildPhase;
			buildActionMask = 2147483647;
			files = (
				90706E52222D0EF8003B56F0 /* AppKit.framework in Frameworks */,
				90706E50222D0EF5003B56F0 /* Foundation.framework in Frameworks */,
				6AA6D20E0EAC655B00DF1C2C /* Cocoa.framework in Frameworks */,
				6AA6D2100EAC655B00DF1C2C /* InputMethodKit.framework in Frameworks */,
				B511C1BC1200A6CA0060A548 /* Carbon.framework in Frameworks */,
			);
			runOnlyForDeploymentPostprocessing = 0;
		};
/* End PBXFrameworksBuildPhase section */

/* Begin PBXGroup section */
		6AA6D1D40EAC63E100DF1C2C = {
			isa = PBXGroup;
			children = (
				B511BFAC12009E1A0060A548 /* KeyMagic */,
				6AA6D1F20EAC641200DF1C2C /* KeyMagic (IMK-based) */,
				6AA6D1EC0EAC640E00DF1C2C /* Products */,
				6AA6D20D0EAC655B00DF1C2C /* Cocoa.framework */,
				6AA6D20F0EAC655B00DF1C2C /* InputMethodKit.framework */,
				6A31F7460EAC68880045D7EE /* Carbon.framework */,
				90706E4E222D0EF4003B56F0 /* Frameworks */,
			);
			sourceTree = "<group>";
		};
		6AA6D1EC0EAC640E00DF1C2C /* Products */ = {
			isa = PBXGroup;
			children = (
				6AA6D1EB0EAC640E00DF1C2C /* KeyMagic.app */,
			);
			name = Products;
			sourceTree = "<group>";
		};
		6AA6D1F20EAC641200DF1C2C /* KeyMagic (IMK-based) */ = {
			isa = PBXGroup;
			children = (
				908FD9EE26DAC98000E11DC8 /* KeyMagic.entitlements */,
				90DCDF5D23E043C00027B154 /* Keyboards */,
				90412BC4222D13A700D03B91 /* KeyMagicIMEController.h */,
				90412BC3222D13A700D03B91 /* KeyMagicIMEController.mm */,
				90412BC5222D13A700D03B91 /* main.mm */,
				6AAE6B220EAC6AA400E8EBBA /* KeyMagic.icns */,
				B595DA2413D39931005636D3 /* KeyMagic_black.icns */,
				6AA6D1EE0EAC640E00DF1C2C /* KeyMagic-Info.plist */,
				6AAE6B550EAC6BE900E8EBBA /* MainMenu.xib */,
				90DCDF6623E0448B0027B154 /* KeyboardFactory.h */,
				90DCDF6723E0448B0027B154 /* KeyboardFactory.mm */,
			);
			name = "KeyMagic (IMK-based)";
			sourceTree = "<group>";
		};
		90706E2F222D0EC3003B56F0 /* libkeymagic */ = {
			isa = PBXGroup;
			children = (
				90706E53222D11CF003B56F0 /* keymagic.h */,
				90706E32222D0ED8003B56F0 /* KeyCodes.cpp */,
				90706E39222D0ED8003B56F0 /* KeyCodes.h */,
				90706E36222D0ED8003B56F0 /* KeyMagicEngine.cpp */,
				90706E35222D0ED8003B56F0 /* KeyMagicEngine.h */,
				90706E3D222D0ED8003B56F0 /* KeyMagicErrorLogger.cpp */,
				90706E30222D0ED8003B56F0 /* KeyMagicErrorLogger.h */,
				90706E31222D0ED8003B56F0 /* KeyMagicKeyboard.cpp */,
				90706E37222D0ED8003B56F0 /* KeyMagicKeyboard.h */,
				90706E33222D0ED8003B56F0 /* KeyMagicLogger.cpp */,
				90706E38222D0ED8003B56F0 /* KeyMagicLogger.h */,
				90706E3A222D0ED8003B56F0 /* KeyMagicString.cpp */,
				90706E3B222D0ED8003B56F0 /* KeyMagicString.h */,
				90706E34222D0ED8003B56F0 /* KeyMagicTypes.cpp */,
				90706E3C222D0ED8003B56F0 /* KeyMagicTypes.h */,
				90706E47222D0EE0003B56F0 /* LogFileWriter.cpp */,
				90706E46222D0EDF003B56F0 /* LogFileWriter.h */,
				90706E48222D0EE0003B56F0 /* RuleInfo.cpp */,
				90706E49222D0EE0003B56F0 /* RuleInfo.h */,
				90706E4A222D0EE0003B56F0 /* Util.cpp */,
				90706E45222D0EDF003B56F0 /* Util.h */,
			);
			name = libkeymagic;
			sourceTree = "<group>";
		};
		90706E4E222D0EF4003B56F0 /* Frameworks */ = {
			isa = PBXGroup;
			children = (
				90706E51222D0EF8003B56F0 /* AppKit.framework */,
				90706E4F222D0EF5003B56F0 /* Foundation.framework */,
			);
			name = Frameworks;
			sourceTree = "<group>";
		};
		90DCDF5D23E043C00027B154 /* Keyboards */ = {
			isa = PBXGroup;
			children = (
				90DCDF6423E043F60027B154 /* Pyidaungsu MM.km2 */,
				90DCDF5E23E043DC0027B154 /* MyanSan.km2 */,
				90DCDF6023E043E60027B154 /* ZawCode.km2 */,
				90DCDF6223E043ED0027B154 /* Zawgyi L.km2 */,
			);
			name = Keyboards;
			sourceTree = "<group>";
		};
		B511BFAC12009E1A0060A548 /* KeyMagic */ = {
			isa = PBXGroup;
			children = (
				90706E2F222D0EC3003B56F0 /* libkeymagic */,
				B51D987C12FFA555008E0A2F /* KeyMagicNSString.h */,
				B51D987D12FFA555008E0A2F /* KeyMagicNSString.mm */,
				B511BFB512009E270060A548 /* Keyboard.h */,
				B511BFB612009E270060A548 /* Keyboard.mm */,
				B510C5B213769F16008798E7 /* KeyMagicUtil.h */,
				B510C5B313769F16008798E7 /* KeyMagicUtil.mm */,
			);
			name = KeyMagic;
			sourceTree = "<group>";
		};
/* End PBXGroup section */

/* Begin PBXNativeTarget section */
		6AA6D1EA0EAC640E00DF1C2C /* KeyMagic (IMK-based) */ = {
			isa = PBXNativeTarget;
			buildConfigurationList = 6AA6D1F10EAC640F00DF1C2C /* Build configuration list for PBXNativeTarget "KeyMagic (IMK-based)" */;
			buildPhases = (
				6AA6D1E70EAC640E00DF1C2C /* Resources */,
				6AA6D1E80EAC640E00DF1C2C /* Sources */,
				6AA6D1E90EAC640E00DF1C2C /* Frameworks */,
				B51D98CF12FFA797008E0A2F /* CopyFiles */,
				90C779DA222D2114008E0F17 /* Copy to $HOME/Library/Input Methods/ */,
			);
			buildRules = (
			);
			dependencies = (
			);
			name = "KeyMagic (IMK-based)";
			productName = SimpleIME;
			productReference = 6AA6D1EB0EAC640E00DF1C2C /* KeyMagic.app */;
			productType = "com.apple.product-type.application";
		};
/* End PBXNativeTarget section */

/* Begin PBXProject section */
		6AA6D1D60EAC63E100DF1C2C /* Project object */ = {
			isa = PBXProject;
			attributes = {
				LastUpgradeCheck = 1010;
				TargetAttributes = {
					6AA6D1EA0EAC640E00DF1C2C = {
						DevelopmentTeam = 4M4NDB57J9;
					};
				};
			};
			buildConfigurationList = 6AA6D1D90EAC63E100DF1C2C /* Build configuration list for PBXProject "KeyMagic" */;
			compatibilityVersion = "Xcode 3.2";
			developmentRegion = English;
			hasScannedForEncodings = 0;
			knownRegions = (
				English,
				Japanese,
				French,
				German,
			);
			mainGroup = 6AA6D1D40EAC63E100DF1C2C;
			productRefGroup = 6AA6D1EC0EAC640E00DF1C2C /* Products */;
			projectDirPath = "";
			projectRoot = "";
			targets = (
				6AA6D1EA0EAC640E00DF1C2C /* KeyMagic (IMK-based) */,
			);
		};
/* End PBXProject section */

/* Begin PBXResourcesBuildPhase section */
		6AA6D1E70EAC640E00DF1C2C /* Resources */ = {
			isa = PBXResourcesBuildPhase;
			buildActionMask = 2147483647;
			files = (
				6AAE6B230EAC6AA400E8EBBA /* KeyMagic.icns in Resources */,
				90DCDF6523E043F60027B154 /* Pyidaungsu MM.km2 in Resources */,
				90DCDF6323E043ED0027B154 /* Zawgyi L.km2 in Resources */,
				6AAE6B570EAC6BE900E8EBBA /* MainMenu.xib in Resources */,
				90DCDF6123E043E60027B154 /* ZawCode.km2 in Resources */,
				90DCDF5F23E043DC0027B154 /* MyanSan.km2 in Resources */,
				B595DA2513D39931005636D3 /* KeyMagic_black.icns in Resources */,
			);
			runOnlyForDeploymentPostprocessing = 0;
		};
/* End PBXResourcesBuildPhase section */

/* Begin PBXShellScriptBuildPhase section */
		90C779DA222D2114008E0F17 /* Copy to $HOME/Library/Input Methods/ */ = {
			isa = PBXShellScriptBuildPhase;
			buildActionMask = 2147483647;
			files = (
			);
			inputFileListPaths = (
			);
			inputPaths = (
			);
			name = "Copy to $HOME/Library/Input Methods/";
			outputFileListPaths = (
			);
			outputPaths = (
			);
			runOnlyForDeploymentPostprocessing = 0;
			shellPath = /bin/sh;
			shellScript = "cp -fr \"$TARGET_BUILD_DIR/$FULL_PRODUCT_NAME\" \"$HOME/Library/Input Methods/\"\n";
		};
/* End PBXShellScriptBuildPhase section */

/* Begin PBXSourcesBuildPhase section */
		6AA6D1E80EAC640E00DF1C2C /* Sources */ = {
			isa = PBXSourcesBuildPhase;
			buildActionMask = 2147483647;
			files = (
				90706E4B222D0EE0003B56F0 /* LogFileWriter.cpp in Sources */,
				90706E4C222D0EE0003B56F0 /* RuleInfo.cpp in Sources */,
				90706E43222D0ED8003B56F0 /* KeyMagicString.cpp in Sources */,
				B511BFC412009E270060A548 /* Keyboard.mm in Sources */,
				90706E3F222D0ED8003B56F0 /* KeyCodes.cpp in Sources */,
				90DCDF6823E0448B0027B154 /* KeyboardFactory.mm in Sources */,
				B51D988212FFA555008E0A2F /* KeyMagicNSString.mm in Sources */,
				90706E3E222D0ED8003B56F0 /* KeyMagicKeyboard.cpp in Sources */,
				90412BC6222D13A700D03B91 /* KeyMagicIMEController.mm in Sources */,
				90706E40222D0ED8003B56F0 /* KeyMagicLogger.cpp in Sources */,
				90412BC7222D13A700D03B91 /* main.mm in Sources */,
				90706E4D222D0EE0003B56F0 /* Util.cpp in Sources */,
				90706E44222D0ED8003B56F0 /* KeyMagicErrorLogger.cpp in Sources */,
				90706E42222D0ED8003B56F0 /* KeyMagicEngine.cpp in Sources */,
				90706E41222D0ED8003B56F0 /* KeyMagicTypes.cpp in Sources */,
				B510C5B513769F16008798E7 /* KeyMagicUtil.mm in Sources */,
			);
			runOnlyForDeploymentPostprocessing = 0;
		};
/* End PBXSourcesBuildPhase section */

/* Begin XCBuildConfiguration section */
		6AA6D1D70EAC63E100DF1C2C /* Debug */ = {
			isa = XCBuildConfiguration;
			buildSettings = {
				ALWAYS_SEARCH_USER_PATHS = NO;
				CLANG_ANALYZER_LOCALIZABILITY_NONLOCALIZED = YES;
				CLANG_WARN_BLOCK_CAPTURE_AUTORELEASING = YES;
				CLANG_WARN_BOOL_CONVERSION = YES;
				CLANG_WARN_COMMA = YES;
				CLANG_WARN_CONSTANT_CONVERSION = YES;
				CLANG_WARN_DEPRECATED_OBJC_IMPLEMENTATIONS = YES;
				CLANG_WARN_EMPTY_BODY = YES;
				CLANG_WARN_ENUM_CONVERSION = YES;
				CLANG_WARN_INFINITE_RECURSION = YES;
				CLANG_WARN_INT_CONVERSION = YES;
				CLANG_WARN_NON_LITERAL_NULL_CONVERSION = YES;
				CLANG_WARN_OBJC_IMPLICIT_RETAIN_SELF = YES;
				CLANG_WARN_OBJC_LITERAL_CONVERSION = YES;
				CLANG_WARN_RANGE_LOOP_ANALYSIS = YES;
				CLANG_WARN_STRICT_PROTOTYPES = YES;
				CLANG_WARN_SUSPICIOUS_MOVE = YES;
				CLANG_WARN_UNREACHABLE_CODE = YES;
				CLANG_WARN__DUPLICATE_METHOD_MATCH = YES;
				COPY_PHASE_STRIP = NO;
				ENABLE_STRICT_OBJC_MSGSEND = YES;
				ENABLE_TESTABILITY = YES;
				GCC_NO_COMMON_BLOCKS = YES;
				GCC_PREPROCESSOR_DEFINITIONS = "DEBUG=1";
				GCC_WARN_64_TO_32_BIT_CONVERSION = YES;
				GCC_WARN_ABOUT_RETURN_TYPE = YES;
				GCC_WARN_UNDECLARED_SELECTOR = YES;
				GCC_WARN_UNINITIALIZED_AUTOS = YES;
				GCC_WARN_UNUSED_FUNCTION = YES;
				GCC_WARN_UNUSED_VARIABLE = YES;
				MACOSX_DEPLOYMENT_TARGET = 10.7;
				ONLY_ACTIVE_ARCH = YES;
				SDKROOT = macosx;
			};
			name = Debug;
		};
		6AA6D1D80EAC63E100DF1C2C /* Release */ = {
			isa = XCBuildConfiguration;
			buildSettings = {
				ALWAYS_SEARCH_USER_PATHS = NO;
				CLANG_ANALYZER_LOCALIZABILITY_NONLOCALIZED = YES;
				CLANG_WARN_BLOCK_CAPTURE_AUTORELEASING = YES;
				CLANG_WARN_BOOL_CONVERSION = YES;
				CLANG_WARN_COMMA = YES;
				CLANG_WARN_CONSTANT_CONVERSION = YES;
				CLANG_WARN_DEPRECATED_OBJC_IMPLEMENTATIONS = YES;
				CLANG_WARN_EMPTY_BODY = YES;
				CLANG_WARN_ENUM_CONVERSION = YES;
				CLANG_WARN_INFINITE_RECURSION = YES;
				CLANG_WARN_INT_CONVERSION = YES;
				CLANG_WARN_NON_LITERAL_NULL_CONVERSION = YES;
				CLANG_WARN_OBJC_IMPLICIT_RETAIN_SELF = YES;
				CLANG_WARN_OBJC_LITERAL_CONVERSION = YES;
				CLANG_WARN_RANGE_LOOP_ANALYSIS = YES;
				CLANG_WARN_STRICT_PROTOTYPES = YES;
				CLANG_WARN_SUSPICIOUS_MOVE = YES;
				CLANG_WARN_UNREACHABLE_CODE = YES;
				CLANG_WARN__DUPLICATE_METHOD_MATCH = YES;
				CODE_SIGN_INJECT_BASE_ENTITLEMENTS = NO;
				COPY_PHASE_STRIP = YES;
				ENABLE_STRICT_OBJC_MSGSEND = YES;
				GCC_NO_COMMON_BLOCKS = YES;
				GCC_WARN_64_TO_32_BIT_CONVERSION = YES;
				GCC_WARN_ABOUT_RETURN_TYPE = YES;
				GCC_WARN_UNDECLARED_SELECTOR = YES;
				GCC_WARN_UNINITIALIZED_AUTOS = YES;
				GCC_WARN_UNUSED_FUNCTION = YES;
				GCC_WARN_UNUSED_VARIABLE = YES;
				MACOSX_DEPLOYMENT_TARGET = 10.7;
				OTHER_CODE_SIGN_FLAGS = "--timestamp";
				SDKROOT = macosx;
			};
			name = Release;
		};
		6AA6D1EF0EAC640F00DF1C2C /* Debug */ = {
			isa = XCBuildConfiguration;
			buildSettings = {
				CLANG_CXX_LANGUAGE_STANDARD = "c++0x";
				CLANG_CXX_LIBRARY = "libc++";
				CLANG_ENABLE_OBJC_ARC = YES;
				CODE_SIGN_ENTITLEMENTS = KeyMagic.entitlements;
				CODE_SIGN_IDENTITY = "Developer ID Application";
				COMBINE_HIDPI_IMAGES = YES;
				COPY_PHASE_STRIP = NO;
				DEBUG_INFORMATION_FORMAT = "dwarf-with-dsym";
				DEVELOPMENT_TEAM = 4M4NDB57J9;
				ENABLE_HARDENED_RUNTIME = YES;
				GCC_DYNAMIC_NO_PIC = NO;
				GCC_OPTIMIZATION_LEVEL = 0;
				GCC_PRECOMPILE_PREFIX_HEADER = YES;
				GCC_PREFIX_HEADER = "$(SYSTEM_LIBRARY_DIR)/Frameworks/AppKit.framework/Headers/AppKit.h";
				INFOPLIST_FILE = "KeyMagic-Info.plist";
				MACOSX_DEPLOYMENT_TARGET = 10.9;
				PRODUCT_BUNDLE_IDENTIFIER = org.keymagic.inputmethod.KeyMagic;
				PRODUCT_NAME = KeyMagic;
			};
			name = Debug;
		};
		6AA6D1F00EAC640F00DF1C2C /* Release */ = {
			isa = XCBuildConfiguration;
			buildSettings = {
				CLANG_CXX_LANGUAGE_STANDARD = "c++0x";
				CLANG_CXX_LIBRARY = "libc++";
				CLANG_ENABLE_OBJC_ARC = YES;
				CODE_SIGN_ENTITLEMENTS = KeyMagic.entitlements;
				CODE_SIGN_IDENTITY = "Developer ID Application";
				COMBINE_HIDPI_IMAGES = YES;
				COPY_PHASE_STRIP = YES;
				DEBUG_INFORMATION_FORMAT = "dwarf-with-dsym";
				DEVELOPMENT_TEAM = 4M4NDB57J9;
				ENABLE_HARDENED_RUNTIME = YES;
				GCC_DYNAMIC_NO_PIC = YES;
				GCC_PRECOMPILE_PREFIX_HEADER = YES;
				GCC_PREFIX_HEADER = "$(SYSTEM_LIBRARY_DIR)/Frameworks/AppKit.framework/Headers/AppKit.h";
				INFOPLIST_FILE = "KeyMagic-Info.plist";
				MACOSX_DEPLOYMENT_TARGET = 10.9;
				PRODUCT_BUNDLE_IDENTIFIER = org.keymagic.inputmethod.KeyMagic;
				PRODUCT_NAME = KeyMagic;
				STANDARD_C_PLUS_PLUS_LIBRARY_TYPE = dynamic;
				ZERO_LINK = NO;
			};
			name = Release;
		};
/* End XCBuildConfiguration section */

/* Begin XCConfigurationList section */
		6AA6D1D90EAC63E100DF1C2C /* Build configuration list for PBXProject "KeyMagic" */ = {
			isa = XCConfigurationList;
			buildConfigurations = (
				6AA6D1D70EAC63E100DF1C2C /* Debug */,
				6AA6D1D80EAC63E100DF1C2C /* Release */,
			);
			defaultConfigurationIsVisible = 0;
			defaultConfigurationName = Release;
		};
		6AA6D1F10EAC640F00DF1C2C /* Build configuration list for PBXNativeTarget "KeyMagic (IMK-based)" */ = {
			isa = XCConfigurationList;
			buildConfigurations = (
				6AA6D1EF0EAC640F00DF1C2C /* Debug */,
				6AA6D1F00EAC640F00DF1C2C /* Release */,
			);
			defaultConfigurationIsVisible = 0;
			defaultConfigurationName = Release;
		};
/* End XCConfigurationList section */
	};
	rootObject = 6AA6D1D60EAC63E100DF1C2C /* Project object */;
}
