// !$*UTF8*$!
{
	archiveVersion = 1;
	classes = {
	};
	objectVersion = 46;
	objects = {

/* Begin PBXBuildFile section */
		908C0A8616E3AC7300F37979 /* KeyCodes.cpp in Sources */ = {isa = PBXBuildFile; fileRef = 908C0A7616E3AC7300F37979 /* KeyCodes.cpp */; };
		908C0A8716E3AC7300F37979 /* KeyCodes.h in Headers */ = {isa = PBXBuildFile; fileRef = 908C0A7716E3AC7300F37979 /* KeyCodes.h */; };
		908C0A8816E3AC7300F37979 /* keymagic_Prefix.pch in Headers */ = {isa = PBXBuildFile; fileRef = 908C0A7816E3AC7300F37979 /* keymagic_Prefix.pch */; };
		908C0A8916E3AC7300F37979 /* keymagic.h in Headers */ = {isa = PBXBuildFile; fileRef = 908C0A7916E3AC7300F37979 /* keymagic.h */; };
		908C0A8A16E3AC7300F37979 /* KeyMagicEngine.cpp in Sources */ = {isa = PBXBuildFile; fileRef = 908C0A7A16E3AC7300F37979 /* KeyMagicEngine.cpp */; };
		908C0A8B16E3AC7300F37979 /* KeyMagicEngine.h in Headers */ = {isa = PBXBuildFile; fileRef = 908C0A7B16E3AC7300F37979 /* KeyMagicEngine.h */; };
		908C0A8C16E3AC7300F37979 /* KeyMagicErrorLogger.cpp in Sources */ = {isa = PBXBuildFile; fileRef = 908C0A7C16E3AC7300F37979 /* KeyMagicErrorLogger.cpp */; };
		908C0A8D16E3AC7300F37979 /* KeyMagicErrorLogger.h in Headers */ = {isa = PBXBuildFile; fileRef = 908C0A7D16E3AC7300F37979 /* KeyMagicErrorLogger.h */; };
		908C0A8E16E3AC7300F37979 /* KeyMagicKeyboard.cpp in Sources */ = {isa = PBXBuildFile; fileRef = 908C0A7E16E3AC7300F37979 /* KeyMagicKeyboard.cpp */; };
		908C0A8F16E3AC7300F37979 /* KeyMagicKeyboard.h in Headers */ = {isa = PBXBuildFile; fileRef = 908C0A7F16E3AC7300F37979 /* KeyMagicKeyboard.h */; };
		908C0A9016E3AC7300F37979 /* KeyMagicLogger.cpp in Sources */ = {isa = PBXBuildFile; fileRef = 908C0A8016E3AC7300F37979 /* KeyMagicLogger.cpp */; };
		908C0A9116E3AC7300F37979 /* KeyMagicLogger.h in Headers */ = {isa = PBXBuildFile; fileRef = 908C0A8116E3AC7300F37979 /* KeyMagicLogger.h */; };
		908C0A9216E3AC7300F37979 /* KeyMagicString.cpp in Sources */ = {isa = PBXBuildFile; fileRef = 908C0A8216E3AC7300F37979 /* KeyMagicString.cpp */; };
		908C0A9316E3AC7300F37979 /* KeyMagicString.h in Headers */ = {isa = PBXBuildFile; fileRef = 908C0A8316E3AC7300F37979 /* KeyMagicString.h */; };
		908C0A9416E3AC7300F37979 /* KeyMagicTypes.cpp in Sources */ = {isa = PBXBuildFile; fileRef = 908C0A8416E3AC7300F37979 /* KeyMagicTypes.cpp */; };
		908C0A9516E3AC7300F37979 /* KeyMagicTypes.h in Headers */ = {isa = PBXBuildFile; fileRef = 908C0A8516E3AC7300F37979 /* KeyMagicTypes.h */; };
		908C0A9C16E3AC9E00F37979 /* LogFileWriter.cpp in Sources */ = {isa = PBXBuildFile; fileRef = 908C0A9616E3AC9E00F37979 /* LogFileWriter.cpp */; };
		908C0A9D16E3AC9E00F37979 /* LogFileWriter.h in Headers */ = {isa = PBXBuildFile; fileRef = 908C0A9716E3AC9E00F37979 /* LogFileWriter.h */; };
		908C0A9E16E3AC9E00F37979 /* RuleInfo.cpp in Sources */ = {isa = PBXBuildFile; fileRef = 908C0A9816E3AC9E00F37979 /* RuleInfo.cpp */; };
		908C0A9F16E3AC9E00F37979 /* RuleInfo.h in Headers */ = {isa = PBXBuildFile; fileRef = 908C0A9916E3AC9E00F37979 /* RuleInfo.h */; };
		908C0AA016E3AC9E00F37979 /* Util.cpp in Sources */ = {isa = PBXBuildFile; fileRef = 908C0A9A16E3AC9E00F37979 /* Util.cpp */; };
		908C0AA116E3AC9E00F37979 /* Util.h in Headers */ = {isa = PBXBuildFile; fileRef = 908C0A9B16E3AC9E00F37979 /* Util.h */; };
/* End PBXBuildFile section */

/* Begin PBXFileReference section */
		908C0A6616E3AC3800F37979 /* libKeyMagic.dylib */ = {isa = PBXFileReference; explicitFileType = "compiled.mach-o.dylib"; includeInIndex = 0; path = libKeyMagic.dylib; sourceTree = BUILT_PRODUCTS_DIR; };
		908C0A6A16E3AC3800F37979 /* libKeyMagic-Prefix.pch */ = {isa = PBXFileReference; lastKnownFileType = sourcecode.c.h; path = "libKeyMagic-Prefix.pch"; sourceTree = "<group>"; };
		908C0A6B16E3AC3800F37979 /* libKeyMagicProj.xcconfig */ = {isa = PBXFileReference; lastKnownFileType = text.xcconfig; path = libKeyMagicProj.xcconfig; sourceTree = "<group>"; };
		908C0A6C16E3AC3800F37979 /* libKeyMagicTarget.xcconfig */ = {isa = PBXFileReference; lastKnownFileType = text.xcconfig; path = libKeyMagicTarget.xcconfig; sourceTree = "<group>"; };
		908C0A7616E3AC7300F37979 /* KeyCodes.cpp */ = {isa = PBXFileReference; fileEncoding = 4; lastKnownFileType = sourcecode.cpp.cpp; path = KeyCodes.cpp; sourceTree = "<group>"; };
		908C0A7716E3AC7300F37979 /* KeyCodes.h */ = {isa = PBXFileReference; fileEncoding = 4; lastKnownFileType = sourcecode.c.h; path = KeyCodes.h; sourceTree = "<group>"; };
		908C0A7816E3AC7300F37979 /* keymagic_Prefix.pch */ = {isa = PBXFileReference; fileEncoding = 4; lastKnownFileType = sourcecode.c.h; path = keymagic_Prefix.pch; sourceTree = "<group>"; };
		908C0A7916E3AC7300F37979 /* keymagic.h */ = {isa = PBXFileReference; fileEncoding = 4; lastKnownFileType = sourcecode.c.h; path = keymagic.h; sourceTree = "<group>"; };
		908C0A7A16E3AC7300F37979 /* KeyMagicEngine.cpp */ = {isa = PBXFileReference; fileEncoding = 4; lastKnownFileType = sourcecode.cpp.cpp; path = KeyMagicEngine.cpp; sourceTree = "<group>"; };
		908C0A7B16E3AC7300F37979 /* KeyMagicEngine.h */ = {isa = PBXFileReference; fileEncoding = 4; lastKnownFileType = sourcecode.c.h; path = KeyMagicEngine.h; sourceTree = "<group>"; };
		908C0A7C16E3AC7300F37979 /* KeyMagicErrorLogger.cpp */ = {isa = PBXFileReference; fileEncoding = 4; lastKnownFileType = sourcecode.cpp.cpp; path = KeyMagicErrorLogger.cpp; sourceTree = "<group>"; };
		908C0A7D16E3AC7300F37979 /* KeyMagicErrorLogger.h */ = {isa = PBXFileReference; fileEncoding = 4; lastKnownFileType = sourcecode.c.h; path = KeyMagicErrorLogger.h; sourceTree = "<group>"; };
		908C0A7E16E3AC7300F37979 /* KeyMagicKeyboard.cpp */ = {isa = PBXFileReference; fileEncoding = 4; lastKnownFileType = sourcecode.cpp.cpp; path = KeyMagicKeyboard.cpp; sourceTree = "<group>"; };
		908C0A7F16E3AC7300F37979 /* KeyMagicKeyboard.h */ = {isa = PBXFileReference; fileEncoding = 4; lastKnownFileType = sourcecode.c.h; path = KeyMagicKeyboard.h; sourceTree = "<group>"; };
		908C0A8016E3AC7300F37979 /* KeyMagicLogger.cpp */ = {isa = PBXFileReference; fileEncoding = 4; lastKnownFileType = sourcecode.cpp.cpp; path = KeyMagicLogger.cpp; sourceTree = "<group>"; };
		908C0A8116E3AC7300F37979 /* KeyMagicLogger.h */ = {isa = PBXFileReference; fileEncoding = 4; lastKnownFileType = sourcecode.c.h; path = KeyMagicLogger.h; sourceTree = "<group>"; };
		908C0A8216E3AC7300F37979 /* KeyMagicString.cpp */ = {isa = PBXFileReference; fileEncoding = 4; lastKnownFileType = sourcecode.cpp.cpp; path = KeyMagicString.cpp; sourceTree = "<group>"; };
		908C0A8316E3AC7300F37979 /* KeyMagicString.h */ = {isa = PBXFileReference; fileEncoding = 4; lastKnownFileType = sourcecode.c.h; path = KeyMagicString.h; sourceTree = "<group>"; };
		908C0A8416E3AC7300F37979 /* KeyMagicTypes.cpp */ = {isa = PBXFileReference; fileEncoding = 4; lastKnownFileType = sourcecode.cpp.cpp; path = KeyMagicTypes.cpp; sourceTree = "<group>"; };
		908C0A8516E3AC7300F37979 /* KeyMagicTypes.h */ = {isa = PBXFileReference; fileEncoding = 4; lastKnownFileType = sourcecode.c.h; path = KeyMagicTypes.h; sourceTree = "<group>"; };
		908C0A9616E3AC9E00F37979 /* LogFileWriter.cpp */ = {isa = PBXFileReference; fileEncoding = 4; lastKnownFileType = sourcecode.cpp.cpp; path = LogFileWriter.cpp; sourceTree = "<group>"; };
		908C0A9716E3AC9E00F37979 /* LogFileWriter.h */ = {isa = PBXFileReference; fileEncoding = 4; lastKnownFileType = sourcecode.c.h; path = LogFileWriter.h; sourceTree = "<group>"; };
		908C0A9816E3AC9E00F37979 /* RuleInfo.cpp */ = {isa = PBXFileReference; fileEncoding = 4; lastKnownFileType = sourcecode.cpp.cpp; path = RuleInfo.cpp; sourceTree = "<group>"; };
		908C0A9916E3AC9E00F37979 /* RuleInfo.h */ = {isa = PBXFileReference; fileEncoding = 4; lastKnownFileType = sourcecode.c.h; path = RuleInfo.h; sourceTree = "<group>"; };
		908C0A9A16E3AC9E00F37979 /* Util.cpp */ = {isa = PBXFileReference; fileEncoding = 4; lastKnownFileType = sourcecode.cpp.cpp; path = Util.cpp; sourceTree = "<group>"; };
		908C0A9B16E3AC9E00F37979 /* Util.h */ = {isa = PBXFileReference; fileEncoding = 4; lastKnownFileType = sourcecode.c.h; path = Util.h; sourceTree = "<group>"; };
/* End PBXFileReference section */

/* Begin PBXFrameworksBuildPhase section */
		908C0A6316E3AC3800F37979 /* Frameworks */ = {
			isa = PBXFrameworksBuildPhase;
			buildActionMask = 2147483647;
			files = (
			);
			runOnlyForDeploymentPostprocessing = 0;
		};
/* End PBXFrameworksBuildPhase section */

/* Begin PBXGroup section */
		908C0A5D16E3AC3800F37979 = {
			isa = PBXGroup;
			children = (
				908C0A6816E3AC3800F37979 /* libKeyMagic */,
				908C0A6716E3AC3800F37979 /* Products */,
			);
			sourceTree = "<group>";
		};
		908C0A6716E3AC3800F37979 /* Products */ = {
			isa = PBXGroup;
			children = (
				908C0A6616E3AC3800F37979 /* libKeyMagic.dylib */,
			);
			name = Products;
			sourceTree = "<group>";
		};
		908C0A6816E3AC3800F37979 /* libKeyMagic */ = {
			isa = PBXGroup;
			children = (
				908C0A7916E3AC7300F37979 /* keymagic.h */,
				908C0A7616E3AC7300F37979 /* KeyCodes.cpp */,
				908C0A7716E3AC7300F37979 /* KeyCodes.h */,
				908C0A7816E3AC7300F37979 /* keymagic_Prefix.pch */,
				908C0A7A16E3AC7300F37979 /* KeyMagicEngine.cpp */,
				908C0A7B16E3AC7300F37979 /* KeyMagicEngine.h */,
				908C0A7C16E3AC7300F37979 /* KeyMagicErrorLogger.cpp */,
				908C0A7D16E3AC7300F37979 /* KeyMagicErrorLogger.h */,
				908C0A7E16E3AC7300F37979 /* KeyMagicKeyboard.cpp */,
				908C0A7F16E3AC7300F37979 /* KeyMagicKeyboard.h */,
				908C0A8016E3AC7300F37979 /* KeyMagicLogger.cpp */,
				908C0A8116E3AC7300F37979 /* KeyMagicLogger.h */,
				908C0A8216E3AC7300F37979 /* KeyMagicString.cpp */,
				908C0A8316E3AC7300F37979 /* KeyMagicString.h */,
				908C0A8416E3AC7300F37979 /* KeyMagicTypes.cpp */,
				908C0A8516E3AC7300F37979 /* KeyMagicTypes.h */,
				908C0A9616E3AC9E00F37979 /* LogFileWriter.cpp */,
				908C0A9716E3AC9E00F37979 /* LogFileWriter.h */,
				908C0A9816E3AC9E00F37979 /* RuleInfo.cpp */,
				908C0A9916E3AC9E00F37979 /* RuleInfo.h */,
				908C0A9A16E3AC9E00F37979 /* Util.cpp */,
				908C0A9B16E3AC9E00F37979 /* Util.h */,
				908C0A6B16E3AC3800F37979 /* libKeyMagicProj.xcconfig */,
				908C0A6C16E3AC3800F37979 /* libKeyMagicTarget.xcconfig */,
				908C0A6916E3AC3800F37979 /* Supporting Files */,
			);
			path = libKeyMagic;
			sourceTree = "<group>";
		};
		908C0A6916E3AC3800F37979 /* Supporting Files */ = {
			isa = PBXGroup;
			children = (
				908C0A6A16E3AC3800F37979 /* libKeyMagic-Prefix.pch */,
			);
			name = "Supporting Files";
			sourceTree = "<group>";
		};
/* End PBXGroup section */

/* Begin PBXHeadersBuildPhase section */
		908C0A6416E3AC3800F37979 /* Headers */ = {
			isa = PBXHeadersBuildPhase;
			buildActionMask = 2147483647;
			files = (
				908C0A8716E3AC7300F37979 /* KeyCodes.h in Headers */,
				908C0A8816E3AC7300F37979 /* keymagic_Prefix.pch in Headers */,
				908C0A8916E3AC7300F37979 /* keymagic.h in Headers */,
				908C0A8B16E3AC7300F37979 /* KeyMagicEngine.h in Headers */,
				908C0A8D16E3AC7300F37979 /* KeyMagicErrorLogger.h in Headers */,
				908C0A8F16E3AC7300F37979 /* KeyMagicKeyboard.h in Headers */,
				908C0A9116E3AC7300F37979 /* KeyMagicLogger.h in Headers */,
				908C0A9316E3AC7300F37979 /* KeyMagicString.h in Headers */,
				908C0A9516E3AC7300F37979 /* KeyMagicTypes.h in Headers */,
				908C0A9D16E3AC9E00F37979 /* LogFileWriter.h in Headers */,
				908C0A9F16E3AC9E00F37979 /* RuleInfo.h in Headers */,
				908C0AA116E3AC9E00F37979 /* Util.h in Headers */,
			);
			runOnlyForDeploymentPostprocessing = 0;
		};
/* End PBXHeadersBuildPhase section */

/* Begin PBXNativeTarget section */
		908C0A6516E3AC3800F37979 /* libKeyMagic */ = {
			isa = PBXNativeTarget;
			buildConfigurationList = 908C0A7316E3AC3800F37979 /* Build configuration list for PBXNativeTarget "libKeyMagic" */;
			buildPhases = (
				908C0A6216E3AC3800F37979 /* Sources */,
				908C0A6316E3AC3800F37979 /* Frameworks */,
				908C0A6416E3AC3800F37979 /* Headers */,
			);
			buildRules = (
			);
			dependencies = (
			);
			name = libKeyMagic;
			productName = libKeyMagic;
			productReference = 908C0A6616E3AC3800F37979 /* libKeyMagic.dylib */;
			productType = "com.apple.product-type.library.dynamic";
		};
/* End PBXNativeTarget section */

/* Begin PBXProject section */
		908C0A5E16E3AC3800F37979 /* Project object */ = {
			isa = PBXProject;
			attributes = {
				LastUpgradeCheck = 0460;
				ORGANIZATIONNAME = KeyMagic;
			};
			buildConfigurationList = 908C0A6116E3AC3800F37979 /* Build configuration list for PBXProject "libKeyMagic" */;
			compatibilityVersion = "Xcode 3.2";
			developmentRegion = English;
			hasScannedForEncodings = 0;
			knownRegions = (
				en,
			);
			mainGroup = 908C0A5D16E3AC3800F37979;
			productRefGroup = 908C0A6716E3AC3800F37979 /* Products */;
			projectDirPath = "";
			projectRoot = "";
			targets = (
				908C0A6516E3AC3800F37979 /* libKeyMagic */,
			);
		};
/* End PBXProject section */

/* Begin PBXSourcesBuildPhase section */
		908C0A6216E3AC3800F37979 /* Sources */ = {
			isa = PBXSourcesBuildPhase;
			buildActionMask = 2147483647;
			files = (
				908C0A8616E3AC7300F37979 /* KeyCodes.cpp in Sources */,
				908C0A8A16E3AC7300F37979 /* KeyMagicEngine.cpp in Sources */,
				908C0A8C16E3AC7300F37979 /* KeyMagicErrorLogger.cpp in Sources */,
				908C0A8E16E3AC7300F37979 /* KeyMagicKeyboard.cpp in Sources */,
				908C0A9016E3AC7300F37979 /* KeyMagicLogger.cpp in Sources */,
				908C0A9216E3AC7300F37979 /* KeyMagicString.cpp in Sources */,
				908C0A9416E3AC7300F37979 /* KeyMagicTypes.cpp in Sources */,
				908C0A9C16E3AC9E00F37979 /* LogFileWriter.cpp in Sources */,
				908C0A9E16E3AC9E00F37979 /* RuleInfo.cpp in Sources */,
				908C0AA016E3AC9E00F37979 /* Util.cpp in Sources */,
			);
			runOnlyForDeploymentPostprocessing = 0;
		};
/* End PBXSourcesBuildPhase section */

/* Begin XCBuildConfiguration section */
		908C0A7116E3AC3800F37979 /* Debug */ = {
			isa = XCBuildConfiguration;
			buildSettings = {
				ALWAYS_SEARCH_USER_PATHS = NO;
				ARCHS = "$(ARCHS_STANDARD_64_BIT)";
				CLANG_CXX_LANGUAGE_STANDARD = "gnu++0x";
				CLANG_CXX_LIBRARY = "libc++";
				CLANG_ENABLE_OBJC_ARC = YES;
				CLANG_WARN_CONSTANT_CONVERSION = YES;
				CLANG_WARN_EMPTY_BODY = YES;
				CLANG_WARN_ENUM_CONVERSION = YES;
				CLANG_WARN_INT_CONVERSION = YES;
				CLANG_WARN__DUPLICATE_METHOD_MATCH = YES;
				COPY_PHASE_STRIP = NO;
				GCC_C_LANGUAGE_STANDARD = gnu99;
				GCC_DYNAMIC_NO_PIC = NO;
				GCC_ENABLE_OBJC_EXCEPTIONS = YES;
				GCC_OPTIMIZATION_LEVEL = 0;
				GCC_PREPROCESSOR_DEFINITIONS = (
					"DEBUG=1",
					"$(inherited)",
				);
				GCC_SYMBOLS_PRIVATE_EXTERN = NO;
				GCC_WARN_64_TO_32_BIT_CONVERSION = YES;
				GCC_WARN_ABOUT_RETURN_TYPE = YES;
				GCC_WARN_UNINITIALIZED_AUTOS = YES;
				GCC_WARN_UNUSED_VARIABLE = YES;
				MACOSX_DEPLOYMENT_TARGET = 10.8;
				ONLY_ACTIVE_ARCH = YES;
				SDKROOT = macosx;
			};
			name = Debug;
		};
		908C0A7216E3AC3800F37979 /* Release */ = {
			isa = XCBuildConfiguration;
			buildSettings = {
				ALWAYS_SEARCH_USER_PATHS = NO;
				ARCHS = "$(ARCHS_STANDARD_64_BIT)";
				CLANG_CXX_LANGUAGE_STANDARD = "gnu++0x";
				CLANG_CXX_LIBRARY = "libc++";
				CLANG_ENABLE_OBJC_ARC = YES;
				CLANG_WARN_CONSTANT_CONVERSION = YES;
				CLANG_WARN_EMPTY_BODY = YES;
				CLANG_WARN_ENUM_CONVERSION = YES;
				CLANG_WARN_INT_CONVERSION = YES;
				CLANG_WARN__DUPLICATE_METHOD_MATCH = YES;
				COPY_PHASE_STRIP = YES;
				DEBUG_INFORMATION_FORMAT = "dwarf-with-dsym";
				GCC_C_LANGUAGE_STANDARD = gnu99;
				GCC_ENABLE_OBJC_EXCEPTIONS = YES;
				GCC_WARN_64_TO_32_BIT_CONVERSION = YES;
				GCC_WARN_ABOUT_RETURN_TYPE = YES;
				GCC_WARN_UNINITIALIZED_AUTOS = YES;
				GCC_WARN_UNUSED_VARIABLE = YES;
				MACOSX_DEPLOYMENT_TARGET = 10.8;
				SDKROOT = macosx;
			};
			name = Release;
		};
		908C0A7416E3AC3800F37979 /* Debug */ = {
			isa = XCBuildConfiguration;
			buildSettings = {
				ARCHS = "$(ARCHS_STANDARD_32_64_BIT)";
				PRODUCT_NAME = "$(TARGET_NAME)";
				SDKROOT = macosx;
			};
			name = Debug;
		};
		908C0A7516E3AC3800F37979 /* Release */ = {
			isa = XCBuildConfiguration;
			buildSettings = {
				ARCHS = "$(ARCHS_STANDARD_32_64_BIT)";
				PRODUCT_NAME = "$(TARGET_NAME)";
				SDKROOT = macosx;
			};
			name = Release;
		};
/* End XCBuildConfiguration section */

/* Begin XCConfigurationList section */
		908C0A6116E3AC3800F37979 /* Build configuration list for PBXProject "libKeyMagic" */ = {
			isa = XCConfigurationList;
			buildConfigurations = (
				908C0A7116E3AC3800F37979 /* Debug */,
				908C0A7216E3AC3800F37979 /* Release */,
			);
			defaultConfigurationIsVisible = 0;
			defaultConfigurationName = Release;
		};
		908C0A7316E3AC3800F37979 /* Build configuration list for PBXNativeTarget "libKeyMagic" */ = {
			isa = XCConfigurationList;
			buildConfigurations = (
				908C0A7416E3AC3800F37979 /* Debug */,
				908C0A7516E3AC3800F37979 /* Release */,
			);
			defaultConfigurationIsVisible = 0;
		};
/* End XCConfigurationList section */
	};
	rootObject = 908C0A5E16E3AC3800F37979 /* Project object */;
}
