
Microsoft Visual Studio Solution File, Format Version 10.00
# Visual Studio 2008
Project("{FAE04EC0-301F-11D3-BF4B-00C04F79EFBC}") = "KeyMagic.NET", "KeyMagic.NET\KeyMagic.NET.csproj", "{F255ECFD-CF76-420A-9954-3EBF72D4416A}"
	ProjectSection(ProjectDependencies) = postProject
		{AC3A8A67-F082-4D3C-8E48-52364F96EDD1} = {AC3A8A67-F082-4D3C-8E48-52364F96EDD1}
		{66B31AF7-7DB2-494A-8F94-D845E0BBAE0C} = {66B31AF7-7DB2-494A-8F94-D845E0BBAE0C}
	EndProjectSection
EndProject
Project("{8BC9CEB8-8B4A-11D0-8D11-00A0C91BC942}") = "InputProcessor", "InputProcessor\InputProcessor.vcproj", "{66B31AF7-7DB2-494A-8F94-D845E0BBAE0C}"
EndProject
Project("{8BC9CEB8-8B4A-11D0-8D11-00A0C91BC942}") = "HookInput", "HookInput\HookInput.vcproj", "{AC3A8A67-F082-4D3C-8E48-52364F96EDD1}"
	ProjectSection(ProjectDependencies) = postProject
		{66B31AF7-7DB2-494A-8F94-D845E0BBAE0C} = {66B31AF7-7DB2-494A-8F94-D845E0BBAE0C}
	EndProjectSection
EndProject
Global
	GlobalSection(SolutionConfigurationPlatforms) = preSolution
		Debug|Any CPU = Debug|Any CPU
		Debug|Mixed Platforms = Debug|Mixed Platforms
		Debug|Win32 = Debug|Win32
		Debug|x64 = Debug|x64
		Release|Any CPU = Release|Any CPU
		Release|Mixed Platforms = Release|Mixed Platforms
		Release|Win32 = Release|Win32
		Release|x64 = Release|x64
	EndGlobalSection
	GlobalSection(ProjectConfigurationPlatforms) = postSolution
		{F255ECFD-CF76-420A-9954-3EBF72D4416A}.Debug|Any CPU.ActiveCfg = Debug|Any CPU
		{F255ECFD-CF76-420A-9954-3EBF72D4416A}.Debug|Any CPU.Build.0 = Debug|Any CPU
		{F255ECFD-CF76-420A-9954-3EBF72D4416A}.Debug|Mixed Platforms.ActiveCfg = Debug|x86
		{F255ECFD-CF76-420A-9954-3EBF72D4416A}.Debug|Mixed Platforms.Build.0 = Debug|x86
		{F255ECFD-CF76-420A-9954-3EBF72D4416A}.Debug|Win32.ActiveCfg = Debug|x86
		{F255ECFD-CF76-420A-9954-3EBF72D4416A}.Debug|Win32.Build.0 = Debug|x86
		{F255ECFD-CF76-420A-9954-3EBF72D4416A}.Debug|x64.ActiveCfg = Debug|Any CPU
		{F255ECFD-CF76-420A-9954-3EBF72D4416A}.Release|Any CPU.ActiveCfg = Release|Any CPU
		{F255ECFD-CF76-420A-9954-3EBF72D4416A}.Release|Any CPU.Build.0 = Release|Any CPU
		{F255ECFD-CF76-420A-9954-3EBF72D4416A}.Release|Mixed Platforms.ActiveCfg = Release|x86
		{F255ECFD-CF76-420A-9954-3EBF72D4416A}.Release|Mixed Platforms.Build.0 = Release|x86
		{F255ECFD-CF76-420A-9954-3EBF72D4416A}.Release|Win32.ActiveCfg = Release|x86
		{F255ECFD-CF76-420A-9954-3EBF72D4416A}.Release|Win32.Build.0 = Release|x86
		{F255ECFD-CF76-420A-9954-3EBF72D4416A}.Release|x64.ActiveCfg = Release|Any CPU
		{66B31AF7-7DB2-494A-8F94-D845E0BBAE0C}.Debug|Any CPU.ActiveCfg = Debug|x64
		{66B31AF7-7DB2-494A-8F94-D845E0BBAE0C}.Debug|Mixed Platforms.ActiveCfg = Debug|x64
		{66B31AF7-7DB2-494A-8F94-D845E0BBAE0C}.Debug|Mixed Platforms.Build.0 = Debug|x64
		{66B31AF7-7DB2-494A-8F94-D845E0BBAE0C}.Debug|Win32.ActiveCfg = Debug|Win32
		{66B31AF7-7DB2-494A-8F94-D845E0BBAE0C}.Debug|Win32.Build.0 = Debug|Win32
		{66B31AF7-7DB2-494A-8F94-D845E0BBAE0C}.Debug|x64.ActiveCfg = Debug|x64
		{66B31AF7-7DB2-494A-8F94-D845E0BBAE0C}.Debug|x64.Build.0 = Debug|x64
		{66B31AF7-7DB2-494A-8F94-D845E0BBAE0C}.Release|Any CPU.ActiveCfg = Release|x64
		{66B31AF7-7DB2-494A-8F94-D845E0BBAE0C}.Release|Mixed Platforms.ActiveCfg = Release|x64
		{66B31AF7-7DB2-494A-8F94-D845E0BBAE0C}.Release|Mixed Platforms.Build.0 = Release|x64
		{66B31AF7-7DB2-494A-8F94-D845E0BBAE0C}.Release|Win32.ActiveCfg = Release|Win32
		{66B31AF7-7DB2-494A-8F94-D845E0BBAE0C}.Release|Win32.Build.0 = Release|Win32
		{66B31AF7-7DB2-494A-8F94-D845E0BBAE0C}.Release|x64.ActiveCfg = Release|x64
		{66B31AF7-7DB2-494A-8F94-D845E0BBAE0C}.Release|x64.Build.0 = Release|x64
		{AC3A8A67-F082-4D3C-8E48-52364F96EDD1}.Debug|Any CPU.ActiveCfg = Debug|x64
		{AC3A8A67-F082-4D3C-8E48-52364F96EDD1}.Debug|Mixed Platforms.ActiveCfg = Debug|x64
		{AC3A8A67-F082-4D3C-8E48-52364F96EDD1}.Debug|Mixed Platforms.Build.0 = Debug|x64
		{AC3A8A67-F082-4D3C-8E48-52364F96EDD1}.Debug|Win32.ActiveCfg = Debug|Win32
		{AC3A8A67-F082-4D3C-8E48-52364F96EDD1}.Debug|Win32.Build.0 = Debug|Win32
		{AC3A8A67-F082-4D3C-8E48-52364F96EDD1}.Debug|x64.ActiveCfg = Debug|x64
		{AC3A8A67-F082-4D3C-8E48-52364F96EDD1}.Debug|x64.Build.0 = Debug|x64
		{AC3A8A67-F082-4D3C-8E48-52364F96EDD1}.Release|Any CPU.ActiveCfg = Release|x64
		{AC3A8A67-F082-4D3C-8E48-52364F96EDD1}.Release|Mixed Platforms.ActiveCfg = Release|x64
		{AC3A8A67-F082-4D3C-8E48-52364F96EDD1}.Release|Mixed Platforms.Build.0 = Release|x64
		{AC3A8A67-F082-4D3C-8E48-52364F96EDD1}.Release|Win32.ActiveCfg = Release|Win32
		{AC3A8A67-F082-4D3C-8E48-52364F96EDD1}.Release|Win32.Build.0 = Release|Win32
		{AC3A8A67-F082-4D3C-8E48-52364F96EDD1}.Release|x64.ActiveCfg = Release|x64
		{AC3A8A67-F082-4D3C-8E48-52364F96EDD1}.Release|x64.Build.0 = Release|x64
	EndGlobalSection
	GlobalSection(SolutionProperties) = preSolution
		HideSolutionNode = FALSE
	EndGlobalSection
EndGlobal
