// !$*UTF8*$!
{
	archiveVersion = 1;
	classes = {
	};
	objectVersion = 45;
	objects = {

/* Begin PBXBuildFile section */
		8DD76F6A0486A84900D96B5E /* parser.1 in CopyFiles */ = {isa = PBXBuildFile; fileRef = C6859E8B029090EE04C91782 /* parser.1 */; };
		B57F2E831333FB0D00EF1C8E /* ConvertUTF.cpp in Sources */ = {isa = PBXBuildFile; fileRef = B57F2E7E1333FB0D00EF1C8E /* ConvertUTF.cpp */; };
		B57F2E841333FB0D00EF1C8E /* keymagic-driver.cpp in Sources */ = {isa = PBXBuildFile; fileRef = B57F2E801333FB0D00EF1C8E /* keymagic-driver.cpp */; };
		B57F2E851333FB0D00EF1C8E /* Main.cpp in Sources */ = {isa = PBXBuildFile; fileRef = B57F2E821333FB0D00EF1C8E /* Main.cpp */; };
		B57F2E9D1333FC3400EF1C8E /* keymagic-parser.tab.cpp in Sources */ = {isa = PBXBuildFile; fileRef = B57F2E9B1333FC3400EF1C8E /* keymagic-parser.tab.cpp */; };
		B57F2EA61333FC4C00EF1C8E /* lex.yy.cpp in Sources */ = {isa = PBXBuildFile; fileRef = B57F2EA21333FC4C00EF1C8E /* lex.yy.cpp */; };
/* End PBXBuildFile section */

/* Begin PBXCopyFilesBuildPhase section */
		8DD76F690486A84900D96B5E /* CopyFiles */ = {
			isa = PBXCopyFilesBuildPhase;
			buildActionMask = 8;
			dstPath = /usr/share/man/man1/;
			dstSubfolderSpec = 0;
			files = (
				8DD76F6A0486A84900D96B5E /* parser.1 in CopyFiles */,
			);
			runOnlyForDeploymentPostprocessing = 1;
		};
/* End PBXCopyFilesBuildPhase section */

/* Begin PBXFileReference section */
		8DD76F6C0486A84900D96B5E /* parser */ = {isa = PBXFileReference; explicitFileType = "compiled.mach-o.executable"; includeInIndex = 0; path = parser; sourceTree = BUILT_PRODUCTS_DIR; };
		B57F2E7E1333FB0D00EF1C8E /* ConvertUTF.cpp */ = {isa = PBXFileReference; fileEncoding = 4; lastKnownFileType = sourcecode.cpp.cpp; path = ConvertUTF.cpp; sourceTree = "<group>"; };
		B57F2E7F1333FB0D00EF1C8E /* ConvertUTF.h */ = {isa = PBXFileReference; fileEncoding = 4; lastKnownFileType = sourcecode.c.h; path = ConvertUTF.h; sourceTree = "<group>"; };
		B57F2E801333FB0D00EF1C8E /* keymagic-driver.cpp */ = {isa = PBXFileReference; fileEncoding = 4; lastKnownFileType = sourcecode.cpp.cpp; path = "keymagic-driver.cpp"; sourceTree = "<group>"; };
		B57F2E811333FB0D00EF1C8E /* keymagic-driver.hpp */ = {isa = PBXFileReference; fileEncoding = 4; lastKnownFileType = sourcecode.cpp.h; path = "keymagic-driver.hpp"; sourceTree = "<group>"; };
		B57F2E821333FB0D00EF1C8E /* Main.cpp */ = {isa = PBXFileReference; fileEncoding = 4; lastKnownFileType = sourcecode.cpp.cpp; path = Main.cpp; sourceTree = "<group>"; };
		B57F2E9B1333FC3400EF1C8E /* keymagic-parser.tab.cpp */ = {isa = PBXFileReference; fileEncoding = 4; lastKnownFileType = sourcecode.cpp.cpp; path = "keymagic-parser.tab.cpp"; sourceTree = "<group>"; };
		B57F2E9C1333FC3400EF1C8E /* keymagic-parser.tab.hpp */ = {isa = PBXFileReference; fileEncoding = 4; lastKnownFileType = sourcecode.cpp.h; path = "keymagic-parser.tab.hpp"; sourceTree = "<group>"; };
		B57F2EA21333FC4C00EF1C8E /* lex.yy.cpp */ = {isa = PBXFileReference; fileEncoding = 4; lastKnownFileType = sourcecode.cpp.cpp; path = lex.yy.cpp; sourceTree = "<group>"; };
		B57F2EA31333FC4C00EF1C8E /* location.hh */ = {isa = PBXFileReference; fileEncoding = 4; lastKnownFileType = sourcecode.cpp.h; path = location.hh; sourceTree = "<group>"; };
		B57F2EA41333FC4C00EF1C8E /* position.hh */ = {isa = PBXFileReference; fileEncoding = 4; lastKnownFileType = sourcecode.cpp.h; path = position.hh; sourceTree = "<group>"; };
		B57F2EA51333FC4C00EF1C8E /* stack.hh */ = {isa = PBXFileReference; fileEncoding = 4; lastKnownFileType = sourcecode.cpp.h; path = stack.hh; sourceTree = "<group>"; };
		B57F2EE21333FF4E00EF1C8E /* keymagic-parser.ypp */ = {isa = PBXFileReference; explicitFileType = sourcecode.yacc; fileEncoding = 4; path = "keymagic-parser.ypp"; sourceTree = "<group>"; };
		B57F2EE31333FF4E00EF1C8E /* keymagic-scanner.lpp */ = {isa = PBXFileReference; fileEncoding = 4; lastKnownFileType = sourcecode.lex; path = "keymagic-scanner.lpp"; sourceTree = "<group>"; };
		C6859E8B029090EE04C91782 /* parser.1 */ = {isa = PBXFileReference; lastKnownFileType = text.man; path = parser.1; sourceTree = "<group>"; };
/* End PBXFileReference section */

/* Begin PBXFrameworksBuildPhase section */
		8DD76F660486A84900D96B5E /* Frameworks */ = {
			isa = PBXFrameworksBuildPhase;
			buildActionMask = 2147483647;
			files = (
			);
			runOnlyForDeploymentPostprocessing = 0;
		};
/* End PBXFrameworksBuildPhase section */

/* Begin PBXGroup section */
		08FB7794FE84155DC02AAC07 /* parser */ = {
			isa = PBXGroup;
			children = (
				B57F2EE21333FF4E00EF1C8E /* keymagic-parser.ypp */,
				B57F2EE31333FF4E00EF1C8E /* keymagic-scanner.lpp */,
				08FB7795FE84155DC02AAC07 /* Source */,
				C6859E8C029090F304C91782 /* Documentation */,
				1AB674ADFE9D54B511CA2CBB /* Products */,
			);
			name = parser;
			sourceTree = "<group>";
		};
		08FB7795FE84155DC02AAC07 /* Source */ = {
			isa = PBXGroup;
			children = (
				B57F2EAA1333FC7E00EF1C8E /* flexbison */,
				B57F2E7E1333FB0D00EF1C8E /* ConvertUTF.cpp */,
				B57F2E7F1333FB0D00EF1C8E /* ConvertUTF.h */,
				B57F2E801333FB0D00EF1C8E /* keymagic-driver.cpp */,
				B57F2E811333FB0D00EF1C8E /* keymagic-driver.hpp */,
				B57F2E821333FB0D00EF1C8E /* Main.cpp */,
			);
			name = Source;
			sourceTree = "<group>";
		};
		1AB674ADFE9D54B511CA2CBB /* Products */ = {
			isa = PBXGroup;
			children = (
				8DD76F6C0486A84900D96B5E /* parser */,
			);
			name = Products;
			sourceTree = "<group>";
		};
		B57F2EAA1333FC7E00EF1C8E /* flexbison */ = {
			isa = PBXGroup;
			children = (
				B57F2E9B1333FC3400EF1C8E /* keymagic-parser.tab.cpp */,
				B57F2E9C1333FC3400EF1C8E /* keymagic-parser.tab.hpp */,
				B57F2EA21333FC4C00EF1C8E /* lex.yy.cpp */,
				B57F2EA31333FC4C00EF1C8E /* location.hh */,
				B57F2EA41333FC4C00EF1C8E /* position.hh */,
				B57F2EA51333FC4C00EF1C8E /* stack.hh */,
			);
			name = flexbison;
			sourceTree = "<group>";
		};
		C6859E8C029090F304C91782 /* Documentation */ = {
			isa = PBXGroup;
			children = (
				C6859E8B029090EE04C91782 /* parser.1 */,
			);
			name = Documentation;
			sourceTree = "<group>";
		};
/* End PBXGroup section */

/* Begin PBXNativeTarget section */
		8DD76F620486A84900D96B5E /* parser */ = {
			isa = PBXNativeTarget;
			buildConfigurationList = 1DEB923108733DC60010E9CD /* Build configuration list for PBXNativeTarget "parser" */;
			buildPhases = (
				8DD76F640486A84900D96B5E /* Sources */,
				8DD76F660486A84900D96B5E /* Frameworks */,
				8DD76F690486A84900D96B5E /* CopyFiles */,
			);
			buildRules = (
			);
			dependencies = (
			);
			name = parser;
			productInstallPath = "$(HOME)/bin";
			productName = parser;
			productReference = 8DD76F6C0486A84900D96B5E /* parser */;
			productType = "com.apple.product-type.tool";
		};
/* End PBXNativeTarget section */

/* Begin PBXProject section */
		08FB7793FE84155DC02AAC07 /* Project object */ = {
			isa = PBXProject;
			buildConfigurationList = 1DEB923508733DC60010E9CD /* Build configuration list for PBXProject "parser" */;
			compatibilityVersion = "Xcode 3.1";
			developmentRegion = English;
			hasScannedForEncodings = 1;
			knownRegions = (
				English,
				Japanese,
				French,
				German,
			);
			mainGroup = 08FB7794FE84155DC02AAC07 /* parser */;
			projectDirPath = "";
			projectRoot = "";
			targets = (
				8DD76F620486A84900D96B5E /* parser */,
			);
		};
/* End PBXProject section */

/* Begin PBXSourcesBuildPhase section */
		8DD76F640486A84900D96B5E /* Sources */ = {
			isa = PBXSourcesBuildPhase;
			buildActionMask = 2147483647;
			files = (
				B57F2E831333FB0D00EF1C8E /* ConvertUTF.cpp in Sources */,
				B57F2E841333FB0D00EF1C8E /* keymagic-driver.cpp in Sources */,
				B57F2E851333FB0D00EF1C8E /* Main.cpp in Sources */,
				B57F2E9D1333FC3400EF1C8E /* keymagic-parser.tab.cpp in Sources */,
				B57F2EA61333FC4C00EF1C8E /* lex.yy.cpp in Sources */,
			);
			runOnlyForDeploymentPostprocessing = 0;
		};
/* End PBXSourcesBuildPhase section */

/* Begin XCBuildConfiguration section */
		1DEB923208733DC60010E9CD /* Debug */ = {
			isa = XCBuildConfiguration;
			buildSettings = {
				ALWAYS_SEARCH_USER_PATHS = NO;
				COPY_PHASE_STRIP = NO;
				GCC_DYNAMIC_NO_PIC = NO;
				GCC_ENABLE_FIX_AND_CONTINUE = YES;
				GCC_MODEL_TUNING = G5;
				GCC_OPTIMIZATION_LEVEL = 0;
				INSTALL_PATH = /usr/local/bin;
				PRODUCT_NAME = parser;
			};
			name = Debug;
		};
		1DEB923308733DC60010E9CD /* Release */ = {
			isa = XCBuildConfiguration;
			buildSettings = {
				ALWAYS_SEARCH_USER_PATHS = NO;
				DEBUG_INFORMATION_FORMAT = "dwarf-with-dsym";
				GCC_MODEL_TUNING = G5;
				HEADER_SEARCH_PATHS = "";
				INSTALL_PATH = /usr/local/bin;
				PRODUCT_NAME = parser;
			};
			name = Release;
		};
		1DEB923608733DC60010E9CD /* Debug */ = {
			isa = XCBuildConfiguration;
			buildSettings = {
				ARCHS = "$(ARCHS_STANDARD_32_64_BIT)";
				GCC_C_LANGUAGE_STANDARD = gnu99;
				GCC_OPTIMIZATION_LEVEL = 0;
				GCC_WARN_ABOUT_RETURN_TYPE = YES;
				GCC_WARN_UNUSED_VARIABLE = YES;
				ONLY_ACTIVE_ARCH = YES;
				PREBINDING = NO;
				SDKROOT = macosx10.6;
			};
			name = Debug;
		};
		1DEB923708733DC60010E9CD /* Release */ = {
			isa = XCBuildConfiguration;
			buildSettings = {
				ARCHS = "$(ARCHS_STANDARD_32_64_BIT)";
				GCC_C_LANGUAGE_STANDARD = gnu99;
				GCC_WARN_ABOUT_RETURN_TYPE = YES;
				GCC_WARN_UNUSED_VARIABLE = YES;
				PREBINDING = NO;
				SDKROOT = macosx10.6;
			};
			name = Release;
		};
/* End XCBuildConfiguration section */

/* Begin XCConfigurationList section */
		1DEB923108733DC60010E9CD /* Build configuration list for PBXNativeTarget "parser" */ = {
			isa = XCConfigurationList;
			buildConfigurations = (
				1DEB923208733DC60010E9CD /* Debug */,
				1DEB923308733DC60010E9CD /* Release */,
			);
			defaultConfigurationIsVisible = 0;
			defaultConfigurationName = Release;
		};
		1DEB923508733DC60010E9CD /* Build configuration list for PBXProject "parser" */ = {
			isa = XCConfigurationList;
			buildConfigurations = (
				1DEB923608733DC60010E9CD /* Debug */,
				1DEB923708733DC60010E9CD /* Release */,
			);
			defaultConfigurationIsVisible = 0;
			defaultConfigurationName = Release;
		};
/* End XCConfigurationList section */
	};
	rootObject = 08FB7793FE84155DC02AAC07 /* Project object */;
}
