// !$*UTF8*$!
{
	archiveVersion = 1;
	classes = {
	};
	objectVersion = 45;
	objects = {

/* Begin PBXBuildFile section */
		1DDD58160DA1D0A300B32029 /* MainMenu.xib in Resources */ = {isa = PBXBuildFile; fileRef = 1DDD58140DA1D0A300B32029 /* MainMenu.xib */; };
		256AC3DA0F4B6AC300CF3369 /* KeyMagicAppDelegate.m in Sources */ = {isa = PBXBuildFile; fileRef = 256AC3D90F4B6AC300CF3369 /* KeyMagicAppDelegate.m */; };
		8D11072B0486CEB800E47090 /* InfoPlist.strings in Resources */ = {isa = PBXBuildFile; fileRef = 089C165CFE840E0CC02AAC07 /* InfoPlist.strings */; };
		8D11072D0486CEB800E47090 /* main.m in Sources */ = {isa = PBXBuildFile; fileRef = 29B97316FDCFA39411CA2CEA /* main.m */; settings = {ATTRIBUTES = (); }; };
		8D11072F0486CEB800E47090 /* Cocoa.framework in Frameworks */ = {isa = PBXBuildFile; fileRef = 1058C7A1FEA54F0111CA2CBB /* Cocoa.framework */; };
		B51C26E0117DB6F600B5AD7D /* charClass.m in Sources */ = {isa = PBXBuildFile; fileRef = B51C26D1117DB6F600B5AD7D /* charClass.m */; };
		B51C26E1117DB6F600B5AD7D /* EventHandler.m in Sources */ = {isa = PBXBuildFile; fileRef = B51C26D3117DB6F600B5AD7D /* EventHandler.m */; };
		B51C26E2117DB6F600B5AD7D /* inputProcessor.m in Sources */ = {isa = PBXBuildFile; fileRef = B51C26D5117DB6F600B5AD7D /* inputProcessor.m */; };
		B51C26E3117DB6F600B5AD7D /* internalEditor.m in Sources */ = {isa = PBXBuildFile; fileRef = B51C26D7117DB6F600B5AD7D /* internalEditor.m */; };
		B51C26E4117DB6F600B5AD7D /* layoutFileReader.m in Sources */ = {isa = PBXBuildFile; fileRef = B51C26D9117DB6F600B5AD7D /* layoutFileReader.m */; };
		B51C26E5117DB6F600B5AD7D /* misc.m in Sources */ = {isa = PBXBuildFile; fileRef = B51C26DB117DB6F600B5AD7D /* misc.m */; };
		B51C26E6117DB6F600B5AD7D /* preDefined.m in Sources */ = {isa = PBXBuildFile; fileRef = B51C26DD117DB6F600B5AD7D /* preDefined.m */; };
		B51C26E7117DB6F600B5AD7D /* ruleInfoRHS.m in Sources */ = {isa = PBXBuildFile; fileRef = B51C26DF117DB6F600B5AD7D /* ruleInfoRHS.m */; };
		B51C26FE117DB76300B5AD7D /* RegexKitLite.m in Sources */ = {isa = PBXBuildFile; fileRef = B51C26FD117DB76300B5AD7D /* RegexKitLite.m */; };
		B51C270B117DB7F200B5AD7D /* libicucore.dylib in Frameworks */ = {isa = PBXBuildFile; fileRef = B51C270A117DB7F200B5AD7D /* libicucore.dylib */; };
		B51C2720117DB87600B5AD7D /* Carbon.framework in Frameworks */ = {isa = PBXBuildFile; fileRef = B51C271F117DB87600B5AD7D /* Carbon.framework */; };
		B51C273A117DB8D000B5AD7D /* Ayar-Zawgyi.km2 in Resources */ = {isa = PBXBuildFile; fileRef = B51C2735117DB8D000B5AD7D /* Ayar-Zawgyi.km2 */; };
		B51C273B117DB8D000B5AD7D /* Ayar.km2 in Resources */ = {isa = PBXBuildFile; fileRef = B51C2736117DB8D000B5AD7D /* Ayar.km2 */; };
		B51C273C117DB8D000B5AD7D /* Myanmar3.km2 in Resources */ = {isa = PBXBuildFile; fileRef = B51C2737117DB8D000B5AD7D /* Myanmar3.km2 */; };
		B51C273D117DB8D000B5AD7D /* myWin.km2 in Resources */ = {isa = PBXBuildFile; fileRef = B51C2738117DB8D000B5AD7D /* myWin.km2 */; };
		B51C273E117DB8D000B5AD7D /* Parabaik.km2 in Resources */ = {isa = PBXBuildFile; fileRef = B51C2739117DB8D000B5AD7D /* Parabaik.km2 */; };
		B5A27A251186946F0060BDA8 /* KeyboardMenu.m in Sources */ = {isa = PBXBuildFile; fileRef = B5A27A241186946F0060BDA8 /* KeyboardMenu.m */; };
		B5A27A521186D4150060BDA8 /* icon.icns in Resources */ = {isa = PBXBuildFile; fileRef = B5A27A511186D4150060BDA8 /* icon.icns */; };
		B5E084D7117F69DB008453EF /* tray.png in Resources */ = {isa = PBXBuildFile; fileRef = B5E084D6117F69DB008453EF /* tray.png */; };
		B5ED5895118F3D6200A5AB6A /* ZGL.km2 in Resources */ = {isa = PBXBuildFile; fileRef = B5ED5894118F3D6200A5AB6A /* ZGL.km2 */; };
/* End PBXBuildFile section */

/* Begin PBXFileReference section */
		089C165DFE840E0CC02AAC07 /* English */ = {isa = PBXFileReference; fileEncoding = 4; lastKnownFileType = text.plist.strings; name = English; path = English.lproj/InfoPlist.strings; sourceTree = "<group>"; };
		1058C7A1FEA54F0111CA2CBB /* Cocoa.framework */ = {isa = PBXFileReference; lastKnownFileType = wrapper.framework; name = Cocoa.framework; path = /System/Library/Frameworks/Cocoa.framework; sourceTree = "<absolute>"; };
		13E42FB307B3F0F600E4EEF1 /* CoreData.framework */ = {isa = PBXFileReference; lastKnownFileType = wrapper.framework; name = CoreData.framework; path = /System/Library/Frameworks/CoreData.framework; sourceTree = "<absolute>"; };
		1DDD58150DA1D0A300B32029 /* English */ = {isa = PBXFileReference; lastKnownFileType = file.xib; name = English; path = English.lproj/MainMenu.xib; sourceTree = "<group>"; };
		256AC3D80F4B6AC300CF3369 /* KeyMagicAppDelegate.h */ = {isa = PBXFileReference; fileEncoding = 4; lastKnownFileType = sourcecode.c.h; path = KeyMagicAppDelegate.h; sourceTree = "<group>"; };
		256AC3D90F4B6AC300CF3369 /* KeyMagicAppDelegate.m */ = {isa = PBXFileReference; fileEncoding = 4; lastKnownFileType = sourcecode.c.objc; path = KeyMagicAppDelegate.m; sourceTree = "<group>"; };
		256AC3F00F4B6AF500CF3369 /* KeyMagic_Prefix.pch */ = {isa = PBXFileReference; fileEncoding = 4; lastKnownFileType = sourcecode.c.h; path = KeyMagic_Prefix.pch; sourceTree = "<group>"; };
		29B97316FDCFA39411CA2CEA /* main.m */ = {isa = PBXFileReference; fileEncoding = 4; lastKnownFileType = sourcecode.c.objc; path = main.m; sourceTree = "<group>"; };
		29B97324FDCFA39411CA2CEA /* AppKit.framework */ = {isa = PBXFileReference; lastKnownFileType = wrapper.framework; name = AppKit.framework; path = /System/Library/Frameworks/AppKit.framework; sourceTree = "<absolute>"; };
		29B97325FDCFA39411CA2CEA /* Foundation.framework */ = {isa = PBXFileReference; lastKnownFileType = wrapper.framework; name = Foundation.framework; path = /System/Library/Frameworks/Foundation.framework; sourceTree = "<absolute>"; };
		8D1107310486CEB800E47090 /* KeyMagic-Info.plist */ = {isa = PBXFileReference; fileEncoding = 4; lastKnownFileType = text.plist.xml; path = "KeyMagic-Info.plist"; sourceTree = "<group>"; };
		8D1107320486CEB800E47090 /* KeyMagic.app */ = {isa = PBXFileReference; explicitFileType = wrapper.application; includeInIndex = 0; path = KeyMagic.app; sourceTree = BUILT_PRODUCTS_DIR; };
		B51C26D0117DB6F600B5AD7D /* charClass.h */ = {isa = PBXFileReference; fileEncoding = 4; lastKnownFileType = sourcecode.c.h; path = charClass.h; sourceTree = "<group>"; };
		B51C26D1117DB6F600B5AD7D /* charClass.m */ = {isa = PBXFileReference; fileEncoding = 4; lastKnownFileType = sourcecode.c.objc; path = charClass.m; sourceTree = "<group>"; };
		B51C26D2117DB6F600B5AD7D /* EventHandler.h */ = {isa = PBXFileReference; fileEncoding = 4; lastKnownFileType = sourcecode.c.h; path = EventHandler.h; sourceTree = "<group>"; };
		B51C26D3117DB6F600B5AD7D /* EventHandler.m */ = {isa = PBXFileReference; fileEncoding = 4; lastKnownFileType = sourcecode.c.objc; path = EventHandler.m; sourceTree = "<group>"; };
		B51C26D4117DB6F600B5AD7D /* inputProcessor.h */ = {isa = PBXFileReference; fileEncoding = 4; lastKnownFileType = sourcecode.c.h; path = inputProcessor.h; sourceTree = "<group>"; };
		B51C26D5117DB6F600B5AD7D /* inputProcessor.m */ = {isa = PBXFileReference; fileEncoding = 4; lastKnownFileType = sourcecode.c.objc; path = inputProcessor.m; sourceTree = "<group>"; };
		B51C26D6117DB6F600B5AD7D /* internalEditor.h */ = {isa = PBXFileReference; fileEncoding = 4; lastKnownFileType = sourcecode.c.h; path = internalEditor.h; sourceTree = "<group>"; };
		B51C26D7117DB6F600B5AD7D /* internalEditor.m */ = {isa = PBXFileReference; fileEncoding = 4; lastKnownFileType = sourcecode.c.objc; path = internalEditor.m; sourceTree = "<group>"; };
		B51C26D8117DB6F600B5AD7D /* layoutFileReader.h */ = {isa = PBXFileReference; fileEncoding = 4; lastKnownFileType = sourcecode.c.h; path = layoutFileReader.h; sourceTree = "<group>"; };
		B51C26D9117DB6F600B5AD7D /* layoutFileReader.m */ = {isa = PBXFileReference; fileEncoding = 4; lastKnownFileType = sourcecode.c.objc; path = layoutFileReader.m; sourceTree = "<group>"; };
		B51C26DA117DB6F600B5AD7D /* misc.h */ = {isa = PBXFileReference; fileEncoding = 4; lastKnownFileType = sourcecode.c.h; path = misc.h; sourceTree = "<group>"; };
		B51C26DB117DB6F600B5AD7D /* misc.m */ = {isa = PBXFileReference; fileEncoding = 4; lastKnownFileType = sourcecode.c.objc; path = misc.m; sourceTree = "<group>"; };
		B51C26DC117DB6F600B5AD7D /* preDefined.h */ = {isa = PBXFileReference; fileEncoding = 4; lastKnownFileType = sourcecode.c.h; path = preDefined.h; sourceTree = "<group>"; };
		B51C26DD117DB6F600B5AD7D /* preDefined.m */ = {isa = PBXFileReference; fileEncoding = 4; lastKnownFileType = sourcecode.c.objc; path = preDefined.m; sourceTree = "<group>"; };
		B51C26DE117DB6F600B5AD7D /* ruleInfoRHS.h */ = {isa = PBXFileReference; fileEncoding = 4; lastKnownFileType = sourcecode.c.h; path = ruleInfoRHS.h; sourceTree = "<group>"; };
		B51C26DF117DB6F600B5AD7D /* ruleInfoRHS.m */ = {isa = PBXFileReference; fileEncoding = 4; lastKnownFileType = sourcecode.c.objc; path = ruleInfoRHS.m; sourceTree = "<group>"; };
		B51C26FC117DB76300B5AD7D /* RegexKitLite.h */ = {isa = PBXFileReference; fileEncoding = 4; lastKnownFileType = sourcecode.c.h; path = RegexKitLite.h; sourceTree = "<group>"; };
		B51C26FD117DB76300B5AD7D /* RegexKitLite.m */ = {isa = PBXFileReference; fileEncoding = 4; lastKnownFileType = sourcecode.c.objc; path = RegexKitLite.m; sourceTree = "<group>"; };
		B51C270A117DB7F200B5AD7D /* libicucore.dylib */ = {isa = PBXFileReference; lastKnownFileType = "compiled.mach-o.dylib"; name = libicucore.dylib; path = usr/lib/libicucore.dylib; sourceTree = SDKROOT; };
		B51C271F117DB87600B5AD7D /* Carbon.framework */ = {isa = PBXFileReference; lastKnownFileType = wrapper.framework; name = Carbon.framework; path = System/Library/Frameworks/Carbon.framework; sourceTree = SDKROOT; };
		B51C2735117DB8D000B5AD7D /* Ayar-Zawgyi.km2 */ = {isa = PBXFileReference; lastKnownFileType = file; path = "Ayar-Zawgyi.km2"; sourceTree = "<group>"; };
		B51C2736117DB8D000B5AD7D /* Ayar.km2 */ = {isa = PBXFileReference; lastKnownFileType = file; path = Ayar.km2; sourceTree = "<group>"; };
		B51C2737117DB8D000B5AD7D /* Myanmar3.km2 */ = {isa = PBXFileReference; lastKnownFileType = file; path = Myanmar3.km2; sourceTree = "<group>"; };
		B51C2738117DB8D000B5AD7D /* myWin.km2 */ = {isa = PBXFileReference; lastKnownFileType = file; path = myWin.km2; sourceTree = "<group>"; };
		B51C2739117DB8D000B5AD7D /* Parabaik.km2 */ = {isa = PBXFileReference; lastKnownFileType = file; path = Parabaik.km2; sourceTree = "<group>"; };
		B5A27A231186946F0060BDA8 /* KeyboardMenu.h */ = {isa = PBXFileReference; fileEncoding = 4; lastKnownFileType = sourcecode.c.h; path = KeyboardMenu.h; sourceTree = "<group>"; };
		B5A27A241186946F0060BDA8 /* KeyboardMenu.m */ = {isa = PBXFileReference; fileEncoding = 4; lastKnownFileType = sourcecode.c.objc; path = KeyboardMenu.m; sourceTree = "<group>"; };
		B5A27A511186D4150060BDA8 /* icon.icns */ = {isa = PBXFileReference; lastKnownFileType = image.icns; path = icon.icns; sourceTree = "<group>"; };
		B5E084D6117F69DB008453EF /* tray.png */ = {isa = PBXFileReference; lastKnownFileType = image.png; path = tray.png; sourceTree = "<group>"; };
		B5ED5894118F3D6200A5AB6A /* ZGL.km2 */ = {isa = PBXFileReference; lastKnownFileType = file; path = ZGL.km2; sourceTree = "<group>"; };
/* End PBXFileReference section */

/* Begin PBXFrameworksBuildPhase section */
		8D11072E0486CEB800E47090 /* Frameworks */ = {
			isa = PBXFrameworksBuildPhase;
			buildActionMask = 2147483647;
			files = (
				8D11072F0486CEB800E47090 /* Cocoa.framework in Frameworks */,
				B51C270B117DB7F200B5AD7D /* libicucore.dylib in Frameworks */,
				B51C2720117DB87600B5AD7D /* Carbon.framework in Frameworks */,
			);
			runOnlyForDeploymentPostprocessing = 0;
		};
/* End PBXFrameworksBuildPhase section */

/* Begin PBXGroup section */
		080E96DDFE201D6D7F000001 /* Classes */ = {
			isa = PBXGroup;
			children = (
				B51C26FC117DB76300B5AD7D /* RegexKitLite.h */,
				B51C26FD117DB76300B5AD7D /* RegexKitLite.m */,
				B51C26D0117DB6F600B5AD7D /* charClass.h */,
				B51C26D1117DB6F600B5AD7D /* charClass.m */,
				B51C26D2117DB6F600B5AD7D /* EventHandler.h */,
				B51C26D3117DB6F600B5AD7D /* EventHandler.m */,
				B51C26D4117DB6F600B5AD7D /* inputProcessor.h */,
				B51C26D5117DB6F600B5AD7D /* inputProcessor.m */,
				B51C26D6117DB6F600B5AD7D /* internalEditor.h */,
				B51C26D7117DB6F600B5AD7D /* internalEditor.m */,
				B51C26D8117DB6F600B5AD7D /* layoutFileReader.h */,
				B51C26D9117DB6F600B5AD7D /* layoutFileReader.m */,
				B51C26DA117DB6F600B5AD7D /* misc.h */,
				B51C26DB117DB6F600B5AD7D /* misc.m */,
				B51C26DC117DB6F600B5AD7D /* preDefined.h */,
				B51C26DD117DB6F600B5AD7D /* preDefined.m */,
				B51C26DE117DB6F600B5AD7D /* ruleInfoRHS.h */,
				B51C26DF117DB6F600B5AD7D /* ruleInfoRHS.m */,
				256AC3D80F4B6AC300CF3369 /* KeyMagicAppDelegate.h */,
				256AC3D90F4B6AC300CF3369 /* KeyMagicAppDelegate.m */,
				B5A27A231186946F0060BDA8 /* KeyboardMenu.h */,
				B5A27A241186946F0060BDA8 /* KeyboardMenu.m */,
			);
			name = Classes;
			sourceTree = "<group>";
		};
		1058C7A0FEA54F0111CA2CBB /* Linked Frameworks */ = {
			isa = PBXGroup;
			children = (
				1058C7A1FEA54F0111CA2CBB /* Cocoa.framework */,
				B51C271F117DB87600B5AD7D /* Carbon.framework */,
			);
			name = "Linked Frameworks";
			sourceTree = "<group>";
		};
		1058C7A2FEA54F0111CA2CBB /* Other Frameworks */ = {
			isa = PBXGroup;
			children = (
				29B97324FDCFA39411CA2CEA /* AppKit.framework */,
				13E42FB307B3F0F600E4EEF1 /* CoreData.framework */,
				29B97325FDCFA39411CA2CEA /* Foundation.framework */,
			);
			name = "Other Frameworks";
			sourceTree = "<group>";
		};
		19C28FACFE9D520D11CA2CBB /* Products */ = {
			isa = PBXGroup;
			children = (
				8D1107320486CEB800E47090 /* KeyMagic.app */,
			);
			name = Products;
			sourceTree = "<group>";
		};
		29B97314FDCFA39411CA2CEA /* KeyMagic */ = {
			isa = PBXGroup;
			children = (
				080E96DDFE201D6D7F000001 /* Classes */,
				29B97315FDCFA39411CA2CEA /* Other Sources */,
				29B97317FDCFA39411CA2CEA /* Resources */,
				29B97323FDCFA39411CA2CEA /* Frameworks */,
				19C28FACFE9D520D11CA2CBB /* Products */,
			);
			name = KeyMagic;
			sourceTree = "<group>";
		};
		29B97315FDCFA39411CA2CEA /* Other Sources */ = {
			isa = PBXGroup;
			children = (
				256AC3F00F4B6AF500CF3369 /* KeyMagic_Prefix.pch */,
				29B97316FDCFA39411CA2CEA /* main.m */,
			);
			name = "Other Sources";
			sourceTree = "<group>";
		};
		29B97317FDCFA39411CA2CEA /* Resources */ = {
			isa = PBXGroup;
			children = (
				B5ED5894118F3D6200A5AB6A /* ZGL.km2 */,
				B5A27A511186D4150060BDA8 /* icon.icns */,
				B5E084D6117F69DB008453EF /* tray.png */,
				B51C2735117DB8D000B5AD7D /* Ayar-Zawgyi.km2 */,
				B51C2736117DB8D000B5AD7D /* Ayar.km2 */,
				B51C2737117DB8D000B5AD7D /* Myanmar3.km2 */,
				B51C2738117DB8D000B5AD7D /* myWin.km2 */,
				B51C2739117DB8D000B5AD7D /* Parabaik.km2 */,
				8D1107310486CEB800E47090 /* KeyMagic-Info.plist */,
				089C165CFE840E0CC02AAC07 /* InfoPlist.strings */,
				1DDD58140DA1D0A300B32029 /* MainMenu.xib */,
			);
			name = Resources;
			sourceTree = "<group>";
		};
		29B97323FDCFA39411CA2CEA /* Frameworks */ = {
			isa = PBXGroup;
			children = (
				1058C7A0FEA54F0111CA2CBB /* Linked Frameworks */,
				1058C7A2FEA54F0111CA2CBB /* Other Frameworks */,
				B51C270A117DB7F200B5AD7D /* libicucore.dylib */,
			);
			name = Frameworks;
			sourceTree = "<group>";
		};
/* End PBXGroup section */

/* Begin PBXNativeTarget section */
		8D1107260486CEB800E47090 /* KeyMagic */ = {
			isa = PBXNativeTarget;
			buildConfigurationList = C01FCF4A08A954540054247B /* Build configuration list for PBXNativeTarget "KeyMagic" */;
			buildPhases = (
				8D1107290486CEB800E47090 /* Resources */,
				8D11072C0486CEB800E47090 /* Sources */,
				8D11072E0486CEB800E47090 /* Frameworks */,
			);
			buildRules = (
			);
			dependencies = (
			);
			name = KeyMagic;
			productInstallPath = "$(HOME)/Applications";
			productName = KeyMagic;
			productReference = 8D1107320486CEB800E47090 /* KeyMagic.app */;
			productType = "com.apple.product-type.application";
		};
/* End PBXNativeTarget section */

/* Begin PBXProject section */
		29B97313FDCFA39411CA2CEA /* Project object */ = {
			isa = PBXProject;
			buildConfigurationList = C01FCF4E08A954540054247B /* Build configuration list for PBXProject "KeyMagic" */;
			compatibilityVersion = "Xcode 3.1";
			developmentRegion = English;
			hasScannedForEncodings = 1;
			knownRegions = (
				English,
				Japanese,
				French,
				German,
			);
			mainGroup = 29B97314FDCFA39411CA2CEA /* KeyMagic */;
			projectDirPath = "";
			projectRoot = "";
			targets = (
				8D1107260486CEB800E47090 /* KeyMagic */,
			);
		};
/* End PBXProject section */

/* Begin PBXResourcesBuildPhase section */
		8D1107290486CEB800E47090 /* Resources */ = {
			isa = PBXResourcesBuildPhase;
			buildActionMask = 2147483647;
			files = (
				8D11072B0486CEB800E47090 /* InfoPlist.strings in Resources */,
				1DDD58160DA1D0A300B32029 /* MainMenu.xib in Resources */,
				B51C273A117DB8D000B5AD7D /* Ayar-Zawgyi.km2 in Resources */,
				B51C273B117DB8D000B5AD7D /* Ayar.km2 in Resources */,
				B51C273C117DB8D000B5AD7D /* Myanmar3.km2 in Resources */,
				B51C273D117DB8D000B5AD7D /* myWin.km2 in Resources */,
				B51C273E117DB8D000B5AD7D /* Parabaik.km2 in Resources */,
				B5E084D7117F69DB008453EF /* tray.png in Resources */,
				B5A27A521186D4150060BDA8 /* icon.icns in Resources */,
				B5ED5895118F3D6200A5AB6A /* ZGL.km2 in Resources */,
			);
			runOnlyForDeploymentPostprocessing = 0;
		};
/* End PBXResourcesBuildPhase section */

/* Begin PBXSourcesBuildPhase section */
		8D11072C0486CEB800E47090 /* Sources */ = {
			isa = PBXSourcesBuildPhase;
			buildActionMask = 2147483647;
			files = (
				8D11072D0486CEB800E47090 /* main.m in Sources */,
				256AC3DA0F4B6AC300CF3369 /* KeyMagicAppDelegate.m in Sources */,
				B51C26E0117DB6F600B5AD7D /* charClass.m in Sources */,
				B51C26E1117DB6F600B5AD7D /* EventHandler.m in Sources */,
				B51C26E2117DB6F600B5AD7D /* inputProcessor.m in Sources */,
				B51C26E3117DB6F600B5AD7D /* internalEditor.m in Sources */,
				B51C26E4117DB6F600B5AD7D /* layoutFileReader.m in Sources */,
				B51C26E5117DB6F600B5AD7D /* misc.m in Sources */,
				B51C26E6117DB6F600B5AD7D /* preDefined.m in Sources */,
				B51C26E7117DB6F600B5AD7D /* ruleInfoRHS.m in Sources */,
				B51C26FE117DB76300B5AD7D /* RegexKitLite.m in Sources */,
				B5A27A251186946F0060BDA8 /* KeyboardMenu.m in Sources */,
			);
			runOnlyForDeploymentPostprocessing = 0;
		};
/* End PBXSourcesBuildPhase section */

/* Begin PBXVariantGroup section */
		089C165CFE840E0CC02AAC07 /* InfoPlist.strings */ = {
			isa = PBXVariantGroup;
			children = (
				089C165DFE840E0CC02AAC07 /* English */,
			);
			name = InfoPlist.strings;
			sourceTree = "<group>";
		};
		1DDD58140DA1D0A300B32029 /* MainMenu.xib */ = {
			isa = PBXVariantGroup;
			children = (
				1DDD58150DA1D0A300B32029 /* English */,
			);
			name = MainMenu.xib;
			sourceTree = "<group>";
		};
/* End PBXVariantGroup section */

/* Begin XCBuildConfiguration section */
		C01FCF4B08A954540054247B /* Debug */ = {
			isa = XCBuildConfiguration;
			buildSettings = {
				ALWAYS_SEARCH_USER_PATHS = NO;
				COPY_PHASE_STRIP = NO;
				GCC_DYNAMIC_NO_PIC = NO;
				GCC_ENABLE_FIX_AND_CONTINUE = YES;
				GCC_MODEL_TUNING = G5;
				GCC_OPTIMIZATION_LEVEL = 0;
				GCC_PRECOMPILE_PREFIX_HEADER = YES;
				GCC_PREFIX_HEADER = KeyMagic_Prefix.pch;
				INFOPLIST_FILE = "KeyMagic-Info.plist";
				INSTALL_PATH = "$(HOME)/Applications";
				PRODUCT_NAME = KeyMagic;
			};
			name = Debug;
		};
		C01FCF4C08A954540054247B /* Release */ = {
			isa = XCBuildConfiguration;
			buildSettings = {
				ALWAYS_SEARCH_USER_PATHS = NO;
				DEBUG_INFORMATION_FORMAT = "dwarf-with-dsym";
				GCC_MODEL_TUNING = G5;
				GCC_PRECOMPILE_PREFIX_HEADER = YES;
				GCC_PREFIX_HEADER = KeyMagic_Prefix.pch;
				INFOPLIST_FILE = "KeyMagic-Info.plist";
				INSTALL_PATH = "$(HOME)/Applications";
				PRODUCT_NAME = KeyMagic;
				SDKROOT = macosx10.4;
			};
			name = Release;
		};
		C01FCF4F08A954540054247B /* Debug */ = {
			isa = XCBuildConfiguration;
			buildSettings = {
				ARCHS = "$(ARCHS_STANDARD_32_64_BIT)";
				GCC_C_LANGUAGE_STANDARD = gnu99;
				GCC_ENABLE_OBJC_GC = required;
				GCC_OPTIMIZATION_LEVEL = 0;
				GCC_VERSION = "";
				GCC_WARN_ABOUT_RETURN_TYPE = YES;
				GCC_WARN_UNUSED_VARIABLE = YES;
				ONLY_ACTIVE_ARCH = YES;
				PREBINDING = NO;
				SDKROOT = macosx10.6;
			};
			name = Debug;
		};
		C01FCF5008A954540054247B /* Release */ = {
			isa = XCBuildConfiguration;
			buildSettings = {
				ARCHS = "$(ARCHS_STANDARD_32_64_BIT)";
				GCC_C_LANGUAGE_STANDARD = gnu99;
				GCC_ENABLE_OBJC_GC = required;
				GCC_WARN_ABOUT_RETURN_TYPE = YES;
				GCC_WARN_UNUSED_VARIABLE = YES;
				MACOSX_DEPLOYMENT_TARGET = 10.5;
				PREBINDING = NO;
				SDKROOT = macosx10.6;
			};
			name = Release;
		};
/* End XCBuildConfiguration section */

/* Begin XCConfigurationList section */
		C01FCF4A08A954540054247B /* Build configuration list for PBXNativeTarget "KeyMagic" */ = {
			isa = XCConfigurationList;
			buildConfigurations = (
				C01FCF4B08A954540054247B /* Debug */,
				C01FCF4C08A954540054247B /* Release */,
			);
			defaultConfigurationIsVisible = 0;
			defaultConfigurationName = Release;
		};
		C01FCF4E08A954540054247B /* Build configuration list for PBXProject "KeyMagic" */ = {
			isa = XCConfigurationList;
			buildConfigurations = (
				C01FCF4F08A954540054247B /* Debug */,
				C01FCF5008A954540054247B /* Release */,
			);
			defaultConfigurationIsVisible = 0;
			defaultConfigurationName = Release;
		};
/* End XCConfigurationList section */
	};
	rootObject = 29B97313FDCFA39411CA2CEA /* Project object */;
}
